{
  "version": 4,
  "terraform_version": "1.12.2",
  "serial": 156,
  "lineage": "427f9000-cccf-c251-c081-c1f78a4499d0",
  "outputs": {
    "api_base_url": {
      "value": "https://ym5yoxra2e.execute-api.us-east-1.amazonaws.com/prod",
      "type": "string"
    }
  },
  "resources": [
    {
      "mode": "data",
      "type": "archive_file",
      "name": "lambda_zips",
      "provider": "provider[\"registry.terraform.io/hashicorp/archive\"]",
      "instances": [
        {
          "index_key": "add_availability",
          "schema_version": 0,
          "attributes": {
            "exclude_symlink_directories": null,
            "excludes": null,
            "id": "3d9e22ce02f3bd17ccd74c0c50ea980752167aaa",
            "output_base64sha256": "jSG9ENrQLcpxJqaDP2/slzlH/SBpoonNWuFKovp2K4w=",
            "output_base64sha512": "Pe63wy2zLtgQ4IyfH94FvPjjzGlNC0kg4UdrSAsqYosYbTuLWh/+ATgMC66YRPK3oS7XA7s2FDmQFoTpCObteQ==",
            "output_file_mode": null,
            "output_md5": "057c7ac22c97d5fcd907d19c2bd16aeb",
            "output_path": "./add_availability.zip",
            "output_sha": "3d9e22ce02f3bd17ccd74c0c50ea980752167aaa",
            "output_sha256": "8d21bd10dad02dca7126a6833f6fec973947fd2069a289cd5ae14aa2fa762b8c",
            "output_sha512": "3deeb7c32db32ed810e08c9f1fde05bcf8e3cc694d0b4920e1476b480b2a628b186d3b8b5a1ffe01380c0bae9844f2b7a12ed703bb361439901684e908e6ed79",
            "output_size": 1182,
            "source": [],
            "source_content": null,
            "source_content_filename": null,
            "source_dir": null,
            "source_file": "../lambda-functions/add_availability.py",
            "type": "zip"
          },
          "sensitive_attributes": [],
          "identity_schema_version": 0
        },
        {
          "index_key": "book_slot",
          "schema_version": 0,
          "attributes": {
            "exclude_symlink_directories": null,
            "excludes": null,
            "id": "0e90d02dc0970fa34008af9caae4665767f412ac",
            "output_base64sha256": "mo7ZSs43O8qZHfDeSEN9MMa4OrBq7/hytUoESwjvPf8=",
            "output_base64sha512": "I4qQi+2QRpLz1T+F/Lf6ZgZe05Jr+wQshpiklE6eL/piYbU3JiwN9jhcg7Hb0X7J012PNmamTwW+BC27Vzu2zw==",
            "output_file_mode": null,
            "output_md5": "5c6abb1de5d44415bcb061709a2ff307",
            "output_path": "./book_slot.zip",
            "output_sha": "0e90d02dc0970fa34008af9caae4665767f412ac",
            "output_sha256": "9a8ed94ace373bca991df0de48437d30c6b83ab06aeff872b54a044b08ef3dff",
            "output_sha512": "238a908bed904692f3d53f85fcb7fa66065ed3926bfb042c8698a4944e9e2ffa6261b537262c0df6385c83b1dbd17ec9d35d8f3666a64f05be042dbb573bb6cf",
            "output_size": 1553,
            "source": [],
            "source_content": null,
            "source_content_filename": null,
            "source_dir": null,
            "source_file": "../lambda-functions/book_slot.py",
            "type": "zip"
          },
          "sensitive_attributes": [],
          "identity_schema_version": 0
        },
        {
          "index_key": "cancel_booking",
          "schema_version": 0,
          "attributes": {
            "exclude_symlink_directories": null,
            "excludes": null,
            "id": "03d0ff2ee34c0dab91b5a6c9f461df4a08fcde83",
            "output_base64sha256": "RoCu2F1Zy7SDfU3lP5sagcA98Wd3qXPwQYAnEs2a8KA=",
            "output_base64sha512": "LSSINkFWGXreBG5nz/eANBEDI/YNcrecVO7UBwxl2hpoir1gxSN4PAPcUMGdPP9l82DNoB0wn24dAPtHobrUww==",
            "output_file_mode": null,
            "output_md5": "572e95dc14a54e05cbb34b9ca6889249",
            "output_path": "./cancel_booking.zip",
            "output_sha": "03d0ff2ee34c0dab91b5a6c9f461df4a08fcde83",
            "output_sha256": "4680aed85d59cbb4837d4de53f9b1a81c03df16777a973f041802712cd9af0a0",
            "output_sha512": "2d2488364156197ade046e67cff78034110323f60d72b79c54eed4070c65da1a688abd60c523783c03dc50c19d3cff65f360cda01d309f6e1d00fb47a1bad4c3",
            "output_size": 1157,
            "source": [],
            "source_content": null,
            "source_content_filename": null,
            "source_dir": null,
            "source_file": "../lambda-functions/cancel_booking.py",
            "type": "zip"
          },
          "sensitive_attributes": [],
          "identity_schema_version": 0
        },
        {
          "index_key": "get_availability",
          "schema_version": 0,
          "attributes": {
            "exclude_symlink_directories": null,
            "excludes": null,
            "id": "ac069a02708e3e6e0c3872514a16833627275d6d",
            "output_base64sha256": "jmDYZIH3eW2EZ00fSOkhLCroph6hH+zlNI/IJ3v4KsI=",
            "output_base64sha512": "xTMgfWxVIt8RGSExZDZPfpQgkMidDXWlWt/a9TJXYRLOkCOo4jGz2TOpqUlnmXqtt3ObUuPEvCeO46MaeIYLMQ==",
            "output_file_mode": null,
            "output_md5": "c0b75becf2a3e4a67af9a0ebe4d4efa6",
            "output_path": "./get_availability.zip",
            "output_sha": "ac069a02708e3e6e0c3872514a16833627275d6d",
            "output_sha256": "8e60d86481f7796d84674d1f48e9212c2ae8a61ea11fece5348fc8277bf82ac2",
            "output_sha512": "c533207d6c5522df1119213164364f7e942090c89d0d75a55adfdaf532576112ce9023a8e231b3d933a9a94967997aadb7739b52e3c4bc278ee3a31a78860b31",
            "output_size": 1211,
            "source": [],
            "source_content": null,
            "source_content_filename": null,
            "source_dir": null,
            "source_file": "../lambda-functions/get_availability.py",
            "type": "zip"
          },
          "sensitive_attributes": [],
          "identity_schema_version": 0
        },
        {
          "index_key": "get_bookings",
          "schema_version": 0,
          "attributes": {
            "exclude_symlink_directories": null,
            "excludes": null,
            "id": "77a7fb2bc32f757bedd579803a6748840c6293f2",
            "output_base64sha256": "uYHOGMY0I33w2Pcq5oYyeEMJ3R/RnRIkNAZvTyP7SN8=",
            "output_base64sha512": "B1LAZZ2LrByXsIICcYHQbfnPC27xcCEpzygkOSuB1wF0+r+HRYHmFbshAOs6rFfY8Ya+rHmHuQ3pJWjl9T931g==",
            "output_file_mode": null,
            "output_md5": "5cf720fce851770f5e6cee363a55706f",
            "output_path": "./get_bookings.zip",
            "output_sha": "77a7fb2bc32f757bedd579803a6748840c6293f2",
            "output_sha256": "b981ce18c634237df0d8f72ae68632784309dd1fd19d122434066f4f23fb48df",
            "output_sha512": "0752c0659d8bac1c97b082027181d06df9cf0b6ef1702129cf2824392b81d70174fabf874581e615bb2100eb3aac57d8f186beac7987b90de92568e5f53f77d6",
            "output_size": 1393,
            "source": [],
            "source_content": null,
            "source_content_filename": null,
            "source_dir": null,
            "source_file": "../lambda-functions/get_bookings.py",
            "type": "zip"
          },
          "sensitive_attributes": [],
          "identity_schema_version": 0
        },
        {
          "index_key": "update_availability",
          "schema_version": 0,
          "attributes": {
            "exclude_symlink_directories": null,
            "excludes": null,
            "id": "062c98869703c5afa9e32e2e792d6ef6072cedeb",
            "output_base64sha256": "k6VrJGHuA9IXWxJp8Mreg6pPTMKiUezOkyV2KvRQaWo=",
            "output_base64sha512": "YE1VuUDo6MQUgSoH6+oNcvRBcsrvhaDAPGlXzjt2dt7uN3KSpYF4Ubfb2fEnoF0hxrPuWleX0uLoBXxC4JU58Q==",
            "output_file_mode": null,
            "output_md5": "a1c6f32aab79dc7d289a60d8b9702be9",
            "output_path": "./update_availability.zip",
            "output_sha": "062c98869703c5afa9e32e2e792d6ef6072cedeb",
            "output_sha256": "93a56b2461ee03d2175b1269f0cade83aa4f4cc2a251ecce9325762af450696a",
            "output_sha512": "604d55b940e8e8c414812a07ebea0d72f44172caef85a0c03c6957ce3b7676deee377292a5817851b7dbd9f127a05d21c6b3ee5a5797d2e2e8057c42e09539f1",
            "output_size": 1246,
            "source": [],
            "source_content": null,
            "source_content_filename": null,
            "source_dir": null,
            "source_file": "../lambda-functions/update_availability.py",
            "type": "zip"
          },
          "sensitive_attributes": [],
          "identity_schema_version": 0
        }
      ]
    },
    {
      "mode": "managed",
      "type": "aws_api_gateway_deployment",
      "name": "dalscooter_deploy",
      "provider": "provider[\"registry.terraform.io/hashicorp/aws\"]",
      "instances": [
        {
          "schema_version": 0,
          "attributes": {
            "created_date": "2025-07-20T05:11:51Z",
            "description": "",
            "id": "ju9dyq",
            "region": "us-east-1",
            "rest_api_id": "ym5yoxra2e",
            "triggers": {
              "redeploy_hash": "2025-07-20T05:11:50Z"
            },
            "variables": null
          },
          "sensitive_attributes": [],
          "identity_schema_version": 0,
          "private": "bnVsbA==",
          "dependencies": [
            "aws_api_gateway_integration.lambda_integrations",
            "aws_api_gateway_method.lambda_methods",
            "aws_api_gateway_resource.booking_resource",
            "aws_api_gateway_resource.lambda_endpoints",
            "aws_api_gateway_rest_api.dalscooter_api",
            "aws_iam_role.lambda_role",
            "aws_lambda_function.lambda",
            "data.archive_file.lambda_zips"
          ]
        }
      ]
    },
    {
      "mode": "managed",
      "type": "aws_api_gateway_integration",
      "name": "lambda_integrations",
      "provider": "provider[\"registry.terraform.io/hashicorp/aws\"]",
      "instances": [
        {
          "index_key": "add_availability",
          "schema_version": 0,
          "attributes": {
            "cache_key_parameters": [],
            "cache_namespace": "ijpfl6",
            "connection_id": "",
            "connection_type": "INTERNET",
            "content_handling": "",
            "credentials": "",
            "http_method": "POST",
            "id": "agi-ym5yoxra2e-ijpfl6-POST",
            "integration_http_method": "POST",
            "passthrough_behavior": "WHEN_NO_MATCH",
            "region": "us-east-1",
            "request_parameters": {},
            "request_templates": {},
            "resource_id": "ijpfl6",
            "rest_api_id": "ym5yoxra2e",
            "timeout_milliseconds": 29000,
            "tls_config": [],
            "type": "AWS_PROXY",
            "uri": "arn:aws:apigateway:us-east-1:lambda:path/2015-03-31/functions/arn:aws:lambda:us-east-1:370161336954:function:add_availability/invocations"
          },
          "sensitive_attributes": [],
          "identity_schema_version": 0,
          "private": "bnVsbA==",
          "dependencies": [
            "aws_api_gateway_method.lambda_methods",
            "aws_api_gateway_resource.booking_resource",
            "aws_api_gateway_resource.lambda_endpoints",
            "aws_api_gateway_rest_api.dalscooter_api",
            "aws_iam_role.lambda_role",
            "aws_lambda_function.lambda",
            "data.archive_file.lambda_zips"
          ]
        },
        {
          "index_key": "book_slot",
          "schema_version": 0,
          "attributes": {
            "cache_key_parameters": [],
            "cache_namespace": "g3rce3",
            "connection_id": "",
            "connection_type": "INTERNET",
            "content_handling": "",
            "credentials": "",
            "http_method": "POST",
            "id": "agi-ym5yoxra2e-g3rce3-POST",
            "integration_http_method": "POST",
            "passthrough_behavior": "WHEN_NO_MATCH",
            "region": "us-east-1",
            "request_parameters": {},
            "request_templates": {},
            "resource_id": "g3rce3",
            "rest_api_id": "ym5yoxra2e",
            "timeout_milliseconds": 29000,
            "tls_config": [],
            "type": "AWS_PROXY",
            "uri": "arn:aws:apigateway:us-east-1:lambda:path/2015-03-31/functions/arn:aws:lambda:us-east-1:370161336954:function:book_slot/invocations"
          },
          "sensitive_attributes": [],
          "identity_schema_version": 0,
          "private": "bnVsbA==",
          "dependencies": [
            "aws_api_gateway_method.lambda_methods",
            "aws_api_gateway_resource.booking_resource",
            "aws_api_gateway_resource.lambda_endpoints",
            "aws_api_gateway_rest_api.dalscooter_api",
            "aws_iam_role.lambda_role",
            "aws_lambda_function.lambda",
            "data.archive_file.lambda_zips"
          ]
        },
        {
          "index_key": "cancel_booking",
          "schema_version": 0,
          "attributes": {
            "cache_key_parameters": [],
            "cache_namespace": "p2o9sh",
            "connection_id": "",
            "connection_type": "INTERNET",
            "content_handling": "",
            "credentials": "",
            "http_method": "POST",
            "id": "agi-ym5yoxra2e-p2o9sh-POST",
            "integration_http_method": "POST",
            "passthrough_behavior": "WHEN_NO_MATCH",
            "region": "us-east-1",
            "request_parameters": {},
            "request_templates": {},
            "resource_id": "p2o9sh",
            "rest_api_id": "ym5yoxra2e",
            "timeout_milliseconds": 29000,
            "tls_config": [],
            "type": "AWS_PROXY",
            "uri": "arn:aws:apigateway:us-east-1:lambda:path/2015-03-31/functions/arn:aws:lambda:us-east-1:370161336954:function:cancel_booking/invocations"
          },
          "sensitive_attributes": [],
          "identity_schema_version": 0,
          "private": "bnVsbA==",
          "dependencies": [
            "aws_api_gateway_method.lambda_methods",
            "aws_api_gateway_resource.booking_resource",
            "aws_api_gateway_resource.lambda_endpoints",
            "aws_api_gateway_rest_api.dalscooter_api",
            "aws_iam_role.lambda_role",
            "aws_lambda_function.lambda",
            "data.archive_file.lambda_zips"
          ]
        },
        {
          "index_key": "get_availability",
          "schema_version": 0,
          "attributes": {
            "cache_key_parameters": [],
            "cache_namespace": "r7l7rc",
            "connection_id": "",
            "connection_type": "INTERNET",
            "content_handling": "",
            "credentials": "",
            "http_method": "POST",
            "id": "agi-ym5yoxra2e-r7l7rc-POST",
            "integration_http_method": "POST",
            "passthrough_behavior": "WHEN_NO_MATCH",
            "region": "us-east-1",
            "request_parameters": {},
            "request_templates": {},
            "resource_id": "r7l7rc",
            "rest_api_id": "ym5yoxra2e",
            "timeout_milliseconds": 29000,
            "tls_config": [],
            "type": "AWS_PROXY",
            "uri": "arn:aws:apigateway:us-east-1:lambda:path/2015-03-31/functions/arn:aws:lambda:us-east-1:370161336954:function:get_availability/invocations"
          },
          "sensitive_attributes": [],
          "identity_schema_version": 0,
          "private": "bnVsbA==",
          "dependencies": [
            "aws_api_gateway_method.lambda_methods",
            "aws_api_gateway_resource.booking_resource",
            "aws_api_gateway_resource.lambda_endpoints",
            "aws_api_gateway_rest_api.dalscooter_api",
            "aws_iam_role.lambda_role",
            "aws_lambda_function.lambda",
            "data.archive_file.lambda_zips"
          ]
        },
        {
          "index_key": "get_bookings",
          "schema_version": 0,
          "attributes": {
            "cache_key_parameters": [],
            "cache_namespace": "3rczuj",
            "connection_id": "",
            "connection_type": "INTERNET",
            "content_handling": "",
            "credentials": "",
            "http_method": "GET",
            "id": "agi-ym5yoxra2e-3rczuj-GET",
            "integration_http_method": "POST",
            "passthrough_behavior": "WHEN_NO_MATCH",
            "region": "us-east-1",
            "request_parameters": {},
            "request_templates": {},
            "resource_id": "3rczuj",
            "rest_api_id": "ym5yoxra2e",
            "timeout_milliseconds": 29000,
            "tls_config": [],
            "type": "AWS_PROXY",
            "uri": "arn:aws:apigateway:us-east-1:lambda:path/2015-03-31/functions/arn:aws:lambda:us-east-1:370161336954:function:get_bookings/invocations"
          },
          "sensitive_attributes": [],
          "identity_schema_version": 0,
          "private": "bnVsbA==",
          "dependencies": [
            "aws_api_gateway_method.lambda_methods",
            "aws_api_gateway_resource.booking_resource",
            "aws_api_gateway_resource.lambda_endpoints",
            "aws_api_gateway_rest_api.dalscooter_api",
            "aws_iam_role.lambda_role",
            "aws_lambda_function.lambda",
            "data.archive_file.lambda_zips"
          ]
        },
        {
          "index_key": "update_availability",
          "schema_version": 0,
          "attributes": {
            "cache_key_parameters": [],
            "cache_namespace": "3ubvzt",
            "connection_id": "",
            "connection_type": "INTERNET",
            "content_handling": "",
            "credentials": "",
            "http_method": "POST",
            "id": "agi-ym5yoxra2e-3ubvzt-POST",
            "integration_http_method": "POST",
            "passthrough_behavior": "WHEN_NO_MATCH",
            "region": "us-east-1",
            "request_parameters": {},
            "request_templates": {},
            "resource_id": "3ubvzt",
            "rest_api_id": "ym5yoxra2e",
            "timeout_milliseconds": 29000,
            "tls_config": [],
            "type": "AWS_PROXY",
            "uri": "arn:aws:apigateway:us-east-1:lambda:path/2015-03-31/functions/arn:aws:lambda:us-east-1:370161336954:function:update_availability/invocations"
          },
          "sensitive_attributes": [],
          "identity_schema_version": 0,
          "private": "bnVsbA==",
          "dependencies": [
            "aws_api_gateway_method.lambda_methods",
            "aws_api_gateway_resource.booking_resource",
            "aws_api_gateway_resource.lambda_endpoints",
            "aws_api_gateway_rest_api.dalscooter_api",
            "aws_iam_role.lambda_role",
            "aws_lambda_function.lambda",
            "data.archive_file.lambda_zips"
          ]
        }
      ]
    },
    {
      "mode": "managed",
      "type": "aws_api_gateway_method",
      "name": "lambda_methods",
      "provider": "provider[\"registry.terraform.io/hashicorp/aws\"]",
      "instances": [
        {
          "index_key": "add_availability",
          "schema_version": 0,
          "attributes": {
            "api_key_required": false,
            "authorization": "NONE",
            "authorization_scopes": [],
            "authorizer_id": "",
            "http_method": "POST",
            "id": "agm-ym5yoxra2e-ijpfl6-POST",
            "operation_name": "",
            "region": "us-east-1",
            "request_models": {},
            "request_parameters": {},
            "request_validator_id": "",
            "resource_id": "ijpfl6",
            "rest_api_id": "ym5yoxra2e"
          },
          "sensitive_attributes": [],
          "identity_schema_version": 0,
          "private": "bnVsbA==",
          "dependencies": [
            "aws_api_gateway_resource.booking_resource",
            "aws_api_gateway_resource.lambda_endpoints",
            "aws_api_gateway_rest_api.dalscooter_api"
          ]
        },
        {
          "index_key": "book_slot",
          "schema_version": 0,
          "attributes": {
            "api_key_required": false,
            "authorization": "NONE",
            "authorization_scopes": [],
            "authorizer_id": "",
            "http_method": "POST",
            "id": "agm-ym5yoxra2e-g3rce3-POST",
            "operation_name": "",
            "region": "us-east-1",
            "request_models": {},
            "request_parameters": {},
            "request_validator_id": "",
            "resource_id": "g3rce3",
            "rest_api_id": "ym5yoxra2e"
          },
          "sensitive_attributes": [],
          "identity_schema_version": 0,
          "private": "bnVsbA==",
          "dependencies": [
            "aws_api_gateway_resource.booking_resource",
            "aws_api_gateway_resource.lambda_endpoints",
            "aws_api_gateway_rest_api.dalscooter_api"
          ]
        },
        {
          "index_key": "cancel_booking",
          "schema_version": 0,
          "attributes": {
            "api_key_required": false,
            "authorization": "NONE",
            "authorization_scopes": [],
            "authorizer_id": "",
            "http_method": "POST",
            "id": "agm-ym5yoxra2e-p2o9sh-POST",
            "operation_name": "",
            "region": "us-east-1",
            "request_models": {},
            "request_parameters": {},
            "request_validator_id": "",
            "resource_id": "p2o9sh",
            "rest_api_id": "ym5yoxra2e"
          },
          "sensitive_attributes": [],
          "identity_schema_version": 0,
          "private": "bnVsbA==",
          "dependencies": [
            "aws_api_gateway_resource.booking_resource",
            "aws_api_gateway_resource.lambda_endpoints",
            "aws_api_gateway_rest_api.dalscooter_api"
          ]
        },
        {
          "index_key": "get_availability",
          "schema_version": 0,
          "attributes": {
            "api_key_required": false,
            "authorization": "NONE",
            "authorization_scopes": [],
            "authorizer_id": "",
            "http_method": "POST",
            "id": "agm-ym5yoxra2e-r7l7rc-POST",
            "operation_name": "",
            "region": "us-east-1",
            "request_models": {},
            "request_parameters": {},
            "request_validator_id": "",
            "resource_id": "r7l7rc",
            "rest_api_id": "ym5yoxra2e"
          },
          "sensitive_attributes": [],
          "identity_schema_version": 0,
          "private": "bnVsbA==",
          "dependencies": [
            "aws_api_gateway_resource.booking_resource",
            "aws_api_gateway_resource.lambda_endpoints",
            "aws_api_gateway_rest_api.dalscooter_api"
          ]
        },
        {
          "index_key": "get_bookings",
          "schema_version": 0,
          "attributes": {
            "api_key_required": false,
            "authorization": "NONE",
            "authorization_scopes": [],
            "authorizer_id": "",
            "http_method": "GET",
            "id": "agm-ym5yoxra2e-3rczuj-GET",
            "operation_name": "",
            "region": "us-east-1",
            "request_models": {},
            "request_parameters": {},
            "request_validator_id": "",
            "resource_id": "3rczuj",
            "rest_api_id": "ym5yoxra2e"
          },
          "sensitive_attributes": [],
          "identity_schema_version": 0,
          "private": "bnVsbA==",
          "dependencies": [
            "aws_api_gateway_resource.booking_resource",
            "aws_api_gateway_resource.lambda_endpoints",
            "aws_api_gateway_rest_api.dalscooter_api"
          ]
        },
        {
          "index_key": "update_availability",
          "schema_version": 0,
          "attributes": {
            "api_key_required": false,
            "authorization": "NONE",
            "authorization_scopes": [],
            "authorizer_id": "",
            "http_method": "POST",
            "id": "agm-ym5yoxra2e-3ubvzt-POST",
            "operation_name": "",
            "region": "us-east-1",
            "request_models": {},
            "request_parameters": {},
            "request_validator_id": "",
            "resource_id": "3ubvzt",
            "rest_api_id": "ym5yoxra2e"
          },
          "sensitive_attributes": [],
          "identity_schema_version": 0,
          "private": "bnVsbA==",
          "dependencies": [
            "aws_api_gateway_resource.booking_resource",
            "aws_api_gateway_resource.lambda_endpoints",
            "aws_api_gateway_rest_api.dalscooter_api"
          ]
        }
      ]
    },
    {
      "mode": "managed",
      "type": "aws_api_gateway_resource",
      "name": "booking_resource",
      "provider": "provider[\"registry.terraform.io/hashicorp/aws\"]",
      "instances": [
        {
          "schema_version": 0,
          "attributes": {
            "id": "qc730v",
            "parent_id": "eb847f3h25",
            "path": "/booking",
            "path_part": "booking",
            "region": "us-east-1",
            "rest_api_id": "ym5yoxra2e"
          },
          "sensitive_attributes": [],
          "identity_schema_version": 0,
          "private": "bnVsbA==",
          "dependencies": [
            "aws_api_gateway_rest_api.dalscooter_api"
          ]
        }
      ]
    },
    {
      "mode": "managed",
      "type": "aws_api_gateway_resource",
      "name": "lambda_endpoints",
      "provider": "provider[\"registry.terraform.io/hashicorp/aws\"]",
      "instances": [
        {
          "index_key": "add_availability",
          "schema_version": 0,
          "attributes": {
            "id": "ijpfl6",
            "parent_id": "qc730v",
            "path": "/booking/add",
            "path_part": "add",
            "region": "us-east-1",
            "rest_api_id": "ym5yoxra2e"
          },
          "sensitive_attributes": [],
          "identity_schema_version": 0,
          "private": "bnVsbA==",
          "dependencies": [
            "aws_api_gateway_resource.booking_resource",
            "aws_api_gateway_rest_api.dalscooter_api"
          ]
        },
        {
          "index_key": "book_slot",
          "schema_version": 0,
          "attributes": {
            "id": "g3rce3",
            "parent_id": "qc730v",
            "path": "/booking/bookSlot",
            "path_part": "bookSlot",
            "region": "us-east-1",
            "rest_api_id": "ym5yoxra2e"
          },
          "sensitive_attributes": [],
          "identity_schema_version": 0,
          "private": "bnVsbA==",
          "dependencies": [
            "aws_api_gateway_resource.booking_resource",
            "aws_api_gateway_rest_api.dalscooter_api"
          ]
        },
        {
          "index_key": "cancel_booking",
          "schema_version": 0,
          "attributes": {
            "id": "p2o9sh",
            "parent_id": "qc730v",
            "path": "/booking/cancel",
            "path_part": "cancel",
            "region": "us-east-1",
            "rest_api_id": "ym5yoxra2e"
          },
          "sensitive_attributes": [],
          "identity_schema_version": 0,
          "private": "bnVsbA==",
          "dependencies": [
            "aws_api_gateway_resource.booking_resource",
            "aws_api_gateway_rest_api.dalscooter_api"
          ]
        },
        {
          "index_key": "get_availability",
          "schema_version": 0,
          "attributes": {
            "id": "r7l7rc",
            "parent_id": "qc730v",
            "path": "/booking/get",
            "path_part": "get",
            "region": "us-east-1",
            "rest_api_id": "ym5yoxra2e"
          },
          "sensitive_attributes": [],
          "identity_schema_version": 0,
          "private": "bnVsbA==",
          "dependencies": [
            "aws_api_gateway_resource.booking_resource",
            "aws_api_gateway_rest_api.dalscooter_api"
          ]
        },
        {
          "index_key": "get_bookings",
          "schema_version": 0,
          "attributes": {
            "id": "3rczuj",
            "parent_id": "qc730v",
            "path": "/booking/bookings",
            "path_part": "bookings",
            "region": "us-east-1",
            "rest_api_id": "ym5yoxra2e"
          },
          "sensitive_attributes": [],
          "identity_schema_version": 0,
          "private": "bnVsbA==",
          "dependencies": [
            "aws_api_gateway_resource.booking_resource",
            "aws_api_gateway_rest_api.dalscooter_api"
          ]
        },
        {
          "index_key": "update_availability",
          "schema_version": 0,
          "attributes": {
            "id": "3ubvzt",
            "parent_id": "qc730v",
            "path": "/booking/update",
            "path_part": "update",
            "region": "us-east-1",
            "rest_api_id": "ym5yoxra2e"
          },
          "sensitive_attributes": [],
          "identity_schema_version": 0,
          "private": "bnVsbA==",
          "dependencies": [
            "aws_api_gateway_resource.booking_resource",
            "aws_api_gateway_rest_api.dalscooter_api"
          ]
        }
      ]
    },
    {
      "mode": "managed",
      "type": "aws_api_gateway_rest_api",
      "name": "dalscooter_api",
      "provider": "provider[\"registry.terraform.io/hashicorp/aws\"]",
      "instances": [
        {
          "schema_version": 0,
          "attributes": {
            "api_key_source": "HEADER",
            "arn": "arn:aws:apigateway:us-east-1::/restapis/ym5yoxra2e",
            "binary_media_types": [],
            "body": null,
            "created_date": "2025-07-20T01:31:14Z",
            "description": "API Gateway for scooter availability and booking",
            "disable_execute_api_endpoint": false,
            "endpoint_configuration": [
              {
                "ip_address_type": "ipv4",
                "types": [
                  "EDGE"
                ],
                "vpc_endpoint_ids": []
              }
            ],
            "execution_arn": "arn:aws:execute-api:us-east-1:370161336954:ym5yoxra2e",
            "fail_on_warnings": null,
            "id": "ym5yoxra2e",
            "minimum_compression_size": "",
            "name": "DALScooterBookingAPI",
            "parameters": null,
            "policy": "",
            "put_rest_api_mode": null,
            "region": "us-east-1",
            "root_resource_id": "eb847f3h25",
            "tags": {},
            "tags_all": {}
          },
          "sensitive_attributes": [],
          "identity_schema_version": 0,
          "private": "bnVsbA==",
          "create_before_destroy": true
        }
      ]
    },
    {
      "mode": "managed",
      "type": "aws_api_gateway_stage",
      "name": "prod",
      "provider": "provider[\"registry.terraform.io/hashicorp/aws\"]",
      "instances": [
        {
          "schema_version": 0,
          "attributes": {
            "access_log_settings": [],
            "arn": "arn:aws:apigateway:us-east-1::/restapis/ym5yoxra2e/stages/prod",
            "cache_cluster_enabled": false,
            "cache_cluster_size": "",
            "canary_settings": [],
            "client_certificate_id": "",
            "deployment_id": "ju9dyq",
            "description": "",
            "documentation_version": "",
            "execution_arn": "arn:aws:execute-api:us-east-1:370161336954:ym5yoxra2e/prod",
            "id": "ags-ym5yoxra2e-prod",
            "invoke_url": "https://ym5yoxra2e.execute-api.us-east-1.amazonaws.com/prod",
            "region": "us-east-1",
            "rest_api_id": "ym5yoxra2e",
            "stage_name": "prod",
            "tags": null,
            "tags_all": {},
            "variables": null,
            "web_acl_arn": "",
            "xray_tracing_enabled": false
          },
          "sensitive_attributes": [],
          "identity_schema_version": 0,
          "private": "bnVsbA==",
          "dependencies": [
            "aws_api_gateway_deployment.dalscooter_deploy",
            "aws_api_gateway_integration.lambda_integrations",
            "aws_api_gateway_method.lambda_methods",
            "aws_api_gateway_resource.booking_resource",
            "aws_api_gateway_resource.lambda_endpoints",
            "aws_api_gateway_rest_api.dalscooter_api",
            "aws_iam_role.lambda_role",
            "aws_lambda_function.lambda",
            "data.archive_file.lambda_zips"
          ]
        }
      ]
    },
    {
      "mode": "managed",
      "type": "aws_dynamodb_table",
      "name": "availability",
      "provider": "provider[\"registry.terraform.io/hashicorp/aws\"]",
      "instances": [
        {
          "schema_version": 1,
          "attributes": {
            "arn": "arn:aws:dynamodb:us-east-1:370161336954:table/Availability",
            "attribute": [
              {
                "name": "date",
                "type": "S"
              },
              {
                "name": "scooterId",
                "type": "S"
              }
            ],
            "billing_mode": "PAY_PER_REQUEST",
            "deletion_protection_enabled": false,
            "global_secondary_index": [],
            "hash_key": "scooterId",
            "id": "Availability",
            "import_table": [],
            "local_secondary_index": [],
            "name": "Availability",
            "on_demand_throughput": [],
            "point_in_time_recovery": [
              {
                "enabled": false,
                "recovery_period_in_days": 0
              }
            ],
            "range_key": "date",
            "read_capacity": 0,
            "region": "us-east-1",
            "replica": [],
            "restore_date_time": null,
            "restore_source_name": null,
            "restore_source_table_arn": null,
            "restore_to_latest_time": null,
            "server_side_encryption": [],
            "stream_arn": "",
            "stream_enabled": false,
            "stream_label": "",
            "stream_view_type": "",
            "table_class": "STANDARD",
            "tags": {},
            "tags_all": {},
            "timeouts": null,
            "ttl": [
              {
                "attribute_name": "",
                "enabled": false
              }
            ],
            "write_capacity": 0
          },
          "sensitive_attributes": [],
          "identity_schema_version": 0,
          "private": "eyJlMmJmYjczMC1lY2FhLTExZTYtOGY4OC0zNDM2M2JjN2M0YzAiOnsiY3JlYXRlIjoxODAwMDAwMDAwMDAwLCJkZWxldGUiOjYwMDAwMDAwMDAwMCwidXBkYXRlIjozNjAwMDAwMDAwMDAwfSwic2NoZW1hX3ZlcnNpb24iOiIxIn0="
        }
      ]
    },
    {
      "mode": "managed",
      "type": "aws_dynamodb_table",
      "name": "bookings",
      "provider": "provider[\"registry.terraform.io/hashicorp/aws\"]",
      "instances": [
        {
          "schema_version": 1,
          "attributes": {
            "arn": "arn:aws:dynamodb:us-east-1:370161336954:table/Bookings",
            "attribute": [
              {
                "name": "bookingReference",
                "type": "S"
              }
            ],
            "billing_mode": "PAY_PER_REQUEST",
            "deletion_protection_enabled": false,
            "global_secondary_index": [],
            "hash_key": "bookingReference",
            "id": "Bookings",
            "import_table": [],
            "local_secondary_index": [],
            "name": "Bookings",
            "on_demand_throughput": [],
            "point_in_time_recovery": [
              {
                "enabled": false,
                "recovery_period_in_days": 0
              }
            ],
            "range_key": null,
            "read_capacity": 0,
            "region": "us-east-1",
            "replica": [],
            "restore_date_time": null,
            "restore_source_name": null,
            "restore_source_table_arn": null,
            "restore_to_latest_time": null,
            "server_side_encryption": [],
            "stream_arn": "",
            "stream_enabled": false,
            "stream_label": "",
            "stream_view_type": "",
            "table_class": "STANDARD",
            "tags": {},
            "tags_all": {},
            "timeouts": null,
            "ttl": [
              {
                "attribute_name": "",
                "enabled": false
              }
            ],
            "write_capacity": 0
          },
          "sensitive_attributes": [],
          "identity_schema_version": 0,
          "private": "eyJlMmJmYjczMC1lY2FhLTExZTYtOGY4OC0zNDM2M2JjN2M0YzAiOnsiY3JlYXRlIjoxODAwMDAwMDAwMDAwLCJkZWxldGUiOjYwMDAwMDAwMDAwMCwidXBkYXRlIjozNjAwMDAwMDAwMDAwfSwic2NoZW1hX3ZlcnNpb24iOiIxIn0="
        }
      ]
    },
    {
      "mode": "managed",
      "type": "aws_iam_policy",
      "name": "add_availability_policy",
      "provider": "provider[\"registry.terraform.io/hashicorp/aws\"]",
      "instances": [
        {
          "schema_version": 0,
          "attributes": {
            "arn": "arn:aws:iam::370161336954:policy/AddAvailabilityPolicy",
            "attachment_count": 1,
            "description": "",
            "id": "arn:aws:iam::370161336954:policy/AddAvailabilityPolicy",
            "name": "AddAvailabilityPolicy",
            "name_prefix": "",
            "path": "/",
            "policy": "{\"Statement\":[{\"Action\":[\"dynamodb:PutItem\",\"dynamodb:UpdateItem\",\"dynamodb:GetItem\"],\"Effect\":\"Allow\",\"Resource\":\"arn:aws:dynamodb:us-east-1:370161336954:table/Availability\"}],\"Version\":\"2012-10-17\"}",
            "policy_id": "ANPAVML2VYJ5GNKR6ZJZ4",
            "tags": {},
            "tags_all": {}
          },
          "sensitive_attributes": [],
          "identity_schema_version": 0,
          "private": "eyJzY2hlbWFfdmVyc2lvbiI6IjAifQ==",
          "dependencies": [
            "aws_dynamodb_table.availability"
          ]
        }
      ]
    },
    {
      "mode": "managed",
      "type": "aws_iam_policy",
      "name": "book_slot_policy",
      "provider": "provider[\"registry.terraform.io/hashicorp/aws\"]",
      "instances": [
        {
          "schema_version": 0,
          "attributes": {
            "arn": "arn:aws:iam::370161336954:policy/BookSlotPolicy",
            "attachment_count": 1,
            "description": "",
            "id": "arn:aws:iam::370161336954:policy/BookSlotPolicy",
            "name": "BookSlotPolicy",
            "name_prefix": "",
            "path": "/",
            "policy": "{\"Statement\":[{\"Action\":[\"dynamodb:Scan\",\"dynamodb:GetItem\",\"dynamodb:PutItem\"],\"Effect\":\"Allow\",\"Resource\":\"arn:aws:dynamodb:us-east-1:370161336954:table/Bookings\"},{\"Action\":[\"dynamodb:GetItem\"],\"Effect\":\"Allow\",\"Resource\":\"arn:aws:dynamodb:us-east-1:370161336954:table/Availability\"}],\"Version\":\"2012-10-17\"}",
            "policy_id": "ANPAVML2VYJ5CO6Z27RKR",
            "tags": {},
            "tags_all": {}
          },
          "sensitive_attributes": [],
          "identity_schema_version": 0,
          "private": "eyJzY2hlbWFfdmVyc2lvbiI6IjAifQ==",
          "dependencies": [
            "aws_dynamodb_table.availability",
            "aws_dynamodb_table.bookings"
          ]
        }
      ]
    },
    {
      "mode": "managed",
      "type": "aws_iam_policy",
      "name": "cancel_booking_policy",
      "provider": "provider[\"registry.terraform.io/hashicorp/aws\"]",
      "instances": [
        {
          "schema_version": 0,
          "attributes": {
            "arn": "arn:aws:iam::370161336954:policy/CancelBookingPolicy",
            "attachment_count": 1,
            "description": "",
            "id": "arn:aws:iam::370161336954:policy/CancelBookingPolicy",
            "name": "CancelBookingPolicy",
            "name_prefix": "",
            "path": "/",
            "policy": "{\"Statement\":[{\"Action\":[\"dynamodb:UpdateItem\"],\"Effect\":\"Allow\",\"Resource\":\"arn:aws:dynamodb:us-east-1:370161336954:table/Bookings\"}],\"Version\":\"2012-10-17\"}",
            "policy_id": "ANPAVML2VYJ5BH2RZCSNV",
            "tags": {},
            "tags_all": {}
          },
          "sensitive_attributes": [],
          "identity_schema_version": 0,
          "private": "eyJzY2hlbWFfdmVyc2lvbiI6IjAifQ==",
          "dependencies": [
            "aws_dynamodb_table.bookings"
          ]
        }
      ]
    },
    {
      "mode": "managed",
      "type": "aws_iam_policy",
      "name": "get_bookings_policy",
      "provider": "provider[\"registry.terraform.io/hashicorp/aws\"]",
      "instances": [
        {
          "schema_version": 0,
          "attributes": {
            "arn": "arn:aws:iam::370161336954:policy/GetBookingsPolicy",
            "attachment_count": 1,
            "description": "",
            "id": "arn:aws:iam::370161336954:policy/GetBookingsPolicy",
            "name": "GetBookingsPolicy",
            "name_prefix": "",
            "path": "/",
            "policy": "{\"Statement\":[{\"Action\":[\"dynamodb:Scan\",\"dynamodb:GetItem\"],\"Effect\":\"Allow\",\"Resource\":\"arn:aws:dynamodb:us-east-1:370161336954:table/Bookings\"}],\"Version\":\"2012-10-17\"}",
            "policy_id": "ANPAVML2VYJ5NERNIUK3W",
            "tags": {},
            "tags_all": {}
          },
          "sensitive_attributes": [],
          "identity_schema_version": 0,
          "private": "eyJzY2hlbWFfdmVyc2lvbiI6IjAifQ==",
          "dependencies": [
            "aws_dynamodb_table.bookings"
          ]
        }
      ]
    },
    {
      "mode": "managed",
      "type": "aws_iam_policy",
      "name": "update_availability_policy",
      "provider": "provider[\"registry.terraform.io/hashicorp/aws\"]",
      "instances": [
        {
          "schema_version": 0,
          "attributes": {
            "arn": "arn:aws:iam::370161336954:policy/UpdateAvailabilityPolicy",
            "attachment_count": 1,
            "description": "",
            "id": "arn:aws:iam::370161336954:policy/UpdateAvailabilityPolicy",
            "name": "UpdateAvailabilityPolicy",
            "name_prefix": "",
            "path": "/",
            "policy": "{\"Statement\":[{\"Action\":[\"dynamodb:GetItem\",\"dynamodb:UpdateItem\"],\"Effect\":\"Allow\",\"Resource\":\"arn:aws:dynamodb:us-east-1:370161336954:table/Availability\"}],\"Version\":\"2012-10-17\"}",
            "policy_id": "ANPAVML2VYJ5GZOG4U647",
            "tags": {},
            "tags_all": {}
          },
          "sensitive_attributes": [],
          "identity_schema_version": 0,
          "private": "eyJzY2hlbWFfdmVyc2lvbiI6IjAifQ==",
          "dependencies": [
            "aws_dynamodb_table.availability"
          ]
        }
      ]
    },
    {
      "mode": "managed",
      "type": "aws_iam_role",
      "name": "lambda_role",
      "provider": "provider[\"registry.terraform.io/hashicorp/aws\"]",
      "instances": [
        {
          "schema_version": 0,
          "attributes": {
            "arn": "arn:aws:iam::370161336954:role/lambda_role_booking_ab",
            "assume_role_policy": "{\"Statement\":[{\"Action\":\"sts:AssumeRole\",\"Effect\":\"Allow\",\"Principal\":{\"Service\":\"lambda.amazonaws.com\"}}],\"Version\":\"2012-10-17\"}",
            "create_date": "2025-07-20T01:31:14Z",
            "description": "",
            "force_detach_policies": false,
            "id": "lambda_role_booking_ab",
            "inline_policy": [],
            "managed_policy_arns": [
              "arn:aws:iam::370161336954:policy/AddAvailabilityPolicy",
              "arn:aws:iam::370161336954:policy/BookSlotPolicy",
              "arn:aws:iam::370161336954:policy/CancelBookingPolicy",
              "arn:aws:iam::370161336954:policy/GetBookingsPolicy",
              "arn:aws:iam::370161336954:policy/UpdateAvailabilityPolicy",
              "arn:aws:iam::aws:policy/AmazonDynamoDBFullAccess"
            ],
            "max_session_duration": 3600,
            "name": "lambda_role_booking_ab",
            "name_prefix": "",
            "path": "/",
            "permissions_boundary": "",
            "tags": {},
            "tags_all": {},
            "unique_id": "AROAVML2VYJ5CBXJ36JPR"
          },
          "sensitive_attributes": [],
          "identity_schema_version": 0,
          "identity": {
            "account_id": "370161336954",
            "name": "lambda_role_booking_ab"
          },
          "private": "bnVsbA==",
          "create_before_destroy": true
        }
      ]
    },
    {
      "mode": "managed",
      "type": "aws_iam_role_policy_attachment",
      "name": "add_availability_attach",
      "provider": "provider[\"registry.terraform.io/hashicorp/aws\"]",
      "instances": [
        {
          "schema_version": 0,
          "attributes": {
            "id": "lambda_role_booking_ab/arn:aws:iam::370161336954:policy/AddAvailabilityPolicy",
            "policy_arn": "arn:aws:iam::370161336954:policy/AddAvailabilityPolicy",
            "role": "lambda_role_booking_ab"
          },
          "sensitive_attributes": [],
          "identity_schema_version": 0,
          "identity": {
            "account_id": "370161336954",
            "policy_arn": "arn:aws:iam::370161336954:policy/AddAvailabilityPolicy",
            "role": "lambda_role_booking_ab"
          },
          "private": "bnVsbA==",
          "dependencies": [
            "aws_dynamodb_table.availability",
            "aws_iam_policy.add_availability_policy",
            "aws_iam_role.lambda_role"
          ]
        }
      ]
    },
    {
      "mode": "managed",
      "type": "aws_iam_role_policy_attachment",
      "name": "book_slot_attach",
      "provider": "provider[\"registry.terraform.io/hashicorp/aws\"]",
      "instances": [
        {
          "schema_version": 0,
          "attributes": {
            "id": "lambda_role_booking_ab/arn:aws:iam::370161336954:policy/BookSlotPolicy",
            "policy_arn": "arn:aws:iam::370161336954:policy/BookSlotPolicy",
            "role": "lambda_role_booking_ab"
          },
          "sensitive_attributes": [],
          "identity_schema_version": 0,
          "identity": {
            "account_id": "370161336954",
            "policy_arn": "arn:aws:iam::370161336954:policy/BookSlotPolicy",
            "role": "lambda_role_booking_ab"
          },
          "private": "bnVsbA==",
          "dependencies": [
            "aws_dynamodb_table.availability",
            "aws_dynamodb_table.bookings",
            "aws_iam_policy.book_slot_policy",
            "aws_iam_role.lambda_role"
          ]
        }
      ]
    },
    {
      "mode": "managed",
      "type": "aws_iam_role_policy_attachment",
      "name": "cancel_booking_attach",
      "provider": "provider[\"registry.terraform.io/hashicorp/aws\"]",
      "instances": [
        {
          "schema_version": 0,
          "attributes": {
            "id": "lambda_role_booking_ab/arn:aws:iam::370161336954:policy/CancelBookingPolicy",
            "policy_arn": "arn:aws:iam::370161336954:policy/CancelBookingPolicy",
            "role": "lambda_role_booking_ab"
          },
          "sensitive_attributes": [],
          "identity_schema_version": 0,
          "identity": {
            "account_id": "370161336954",
            "policy_arn": "arn:aws:iam::370161336954:policy/CancelBookingPolicy",
            "role": "lambda_role_booking_ab"
          },
          "private": "bnVsbA==",
          "dependencies": [
            "aws_dynamodb_table.bookings",
            "aws_iam_policy.cancel_booking_policy",
            "aws_iam_role.lambda_role"
          ]
        }
      ]
    },
    {
      "mode": "managed",
      "type": "aws_iam_role_policy_attachment",
      "name": "get_availability_attach",
      "provider": "provider[\"registry.terraform.io/hashicorp/aws\"]",
      "instances": [
        {
          "schema_version": 0,
          "attributes": {
            "id": "lambda_role_booking_ab/arn:aws:iam::aws:policy/AmazonDynamoDBFullAccess",
            "policy_arn": "arn:aws:iam::aws:policy/AmazonDynamoDBFullAccess",
            "role": "lambda_role_booking_ab"
          },
          "sensitive_attributes": [],
          "identity_schema_version": 0,
          "identity": {
            "account_id": "370161336954",
            "policy_arn": "arn:aws:iam::aws:policy/AmazonDynamoDBFullAccess",
            "role": "lambda_role_booking_ab"
          },
          "private": "bnVsbA==",
          "dependencies": [
            "aws_iam_role.lambda_role"
          ]
        }
      ]
    },
    {
      "mode": "managed",
      "type": "aws_iam_role_policy_attachment",
      "name": "get_bookings_attach",
      "provider": "provider[\"registry.terraform.io/hashicorp/aws\"]",
      "instances": [
        {
          "schema_version": 0,
          "attributes": {
            "id": "lambda_role_booking_ab/arn:aws:iam::370161336954:policy/GetBookingsPolicy",
            "policy_arn": "arn:aws:iam::370161336954:policy/GetBookingsPolicy",
            "role": "lambda_role_booking_ab"
          },
          "sensitive_attributes": [],
          "identity_schema_version": 0,
          "identity": {
            "account_id": "370161336954",
            "policy_arn": "arn:aws:iam::370161336954:policy/GetBookingsPolicy",
            "role": "lambda_role_booking_ab"
          },
          "private": "bnVsbA==",
          "dependencies": [
            "aws_dynamodb_table.bookings",
            "aws_iam_policy.get_bookings_policy",
            "aws_iam_role.lambda_role"
          ]
        }
      ]
    },
    {
      "mode": "managed",
      "type": "aws_iam_role_policy_attachment",
      "name": "update_availability_attach",
      "provider": "provider[\"registry.terraform.io/hashicorp/aws\"]",
      "instances": [
        {
          "schema_version": 0,
          "attributes": {
            "id": "lambda_role_booking_ab/arn:aws:iam::370161336954:policy/UpdateAvailabilityPolicy",
            "policy_arn": "arn:aws:iam::370161336954:policy/UpdateAvailabilityPolicy",
            "role": "lambda_role_booking_ab"
          },
          "sensitive_attributes": [],
          "identity_schema_version": 0,
          "identity": {
            "account_id": "370161336954",
            "policy_arn": "arn:aws:iam::370161336954:policy/UpdateAvailabilityPolicy",
            "role": "lambda_role_booking_ab"
          },
          "private": "bnVsbA==",
          "dependencies": [
            "aws_dynamodb_table.availability",
            "aws_iam_policy.update_availability_policy",
            "aws_iam_role.lambda_role"
          ]
        }
      ]
    },
    {
      "mode": "managed",
      "type": "aws_lambda_function",
      "name": "lambda",
      "provider": "provider[\"registry.terraform.io/hashicorp/aws\"]",
      "instances": [
        {
          "index_key": "add_availability",
          "schema_version": 0,
          "attributes": {
            "architectures": [
              "x86_64"
            ],
            "arn": "arn:aws:lambda:us-east-1:370161336954:function:add_availability",
            "code_sha256": "9k1qqtIyGBq8e3hYMjIevI7ZpoL/6uX6euNWpFVG7k4=",
            "code_signing_config_arn": "",
            "dead_letter_config": [],
            "description": "",
            "environment": [],
            "ephemeral_storage": [
              {
                "size": 512
              }
            ],
            "file_system_config": [],
            "filename": null,
            "function_name": "add_availability",
            "handler": "add_availability.lambda_handler",
            "id": "add_availability",
            "image_config": [],
            "image_uri": "",
            "invoke_arn": "arn:aws:apigateway:us-east-1:lambda:path/2015-03-31/functions/arn:aws:lambda:us-east-1:370161336954:function:add_availability/invocations",
            "kms_key_arn": "",
            "last_modified": "2025-07-20T04:40:13.000+0000",
            "layers": [],
            "logging_config": [
              {
                "application_log_level": "",
                "log_format": "Text",
                "log_group": "/aws/lambda/add_availability",
                "system_log_level": ""
              }
            ],
            "memory_size": 128,
            "package_type": "Zip",
            "publish": false,
            "qualified_arn": "arn:aws:lambda:us-east-1:370161336954:function:add_availability:$LATEST",
            "qualified_invoke_arn": "arn:aws:apigateway:us-east-1:lambda:path/2015-03-31/functions/arn:aws:lambda:us-east-1:370161336954:function:add_availability:$LATEST/invocations",
            "region": "us-east-1",
            "replace_security_groups_on_destroy": null,
            "replacement_security_group_ids": null,
            "reserved_concurrent_executions": -1,
            "role": "arn:aws:iam::370161336954:role/lambda_role_booking_ab",
            "runtime": "python3.12",
            "s3_bucket": null,
            "s3_key": null,
            "s3_object_version": null,
            "signing_job_arn": "",
            "signing_profile_version_arn": "",
            "skip_destroy": false,
            "snap_start": [],
            "source_code_hash": "",
            "source_code_size": 1092,
            "tags": {},
            "tags_all": {},
            "timeout": 3,
            "timeouts": null,
            "tracing_config": [
              {
                "mode": "PassThrough"
              }
            ],
            "version": "$LATEST",
            "vpc_config": []
          },
          "sensitive_attributes": [],
          "identity_schema_version": 0,
          "private": "eyJlMmJmYjczMC1lY2FhLTExZTYtOGY4OC0zNDM2M2JjN2M0YzAiOnsiY3JlYXRlIjo2MDAwMDAwMDAwMDAsImRlbGV0ZSI6NjAwMDAwMDAwMDAwLCJ1cGRhdGUiOjYwMDAwMDAwMDAwMH19",
          "dependencies": [
            "aws_iam_role.lambda_role",
            "data.archive_file.lambda_zips"
          ],
          "create_before_destroy": true
        },
        {
          "index_key": "book_slot",
          "schema_version": 0,
          "attributes": {
            "architectures": [
              "x86_64"
            ],
            "arn": "arn:aws:lambda:us-east-1:370161336954:function:book_slot",
            "code_sha256": "Mshug7lJt0ExDNzLp0F7mnPJAjM7kLOGavAqapb31VA=",
            "code_signing_config_arn": "",
            "dead_letter_config": [],
            "description": "",
            "environment": [],
            "ephemeral_storage": [
              {
                "size": 512
              }
            ],
            "file_system_config": [],
            "filename": null,
            "function_name": "book_slot",
            "handler": "book_slot.lambda_handler",
            "id": "book_slot",
            "image_config": [],
            "image_uri": "",
            "invoke_arn": "arn:aws:apigateway:us-east-1:lambda:path/2015-03-31/functions/arn:aws:lambda:us-east-1:370161336954:function:book_slot/invocations",
            "kms_key_arn": "",
            "last_modified": "2025-07-20T04:40:13.000+0000",
            "layers": [],
            "logging_config": [
              {
                "application_log_level": "",
                "log_format": "Text",
                "log_group": "/aws/lambda/book_slot",
                "system_log_level": ""
              }
            ],
            "memory_size": 128,
            "package_type": "Zip",
            "publish": false,
            "qualified_arn": "arn:aws:lambda:us-east-1:370161336954:function:book_slot:$LATEST",
            "qualified_invoke_arn": "arn:aws:apigateway:us-east-1:lambda:path/2015-03-31/functions/arn:aws:lambda:us-east-1:370161336954:function:book_slot:$LATEST/invocations",
            "region": "us-east-1",
            "replace_security_groups_on_destroy": null,
            "replacement_security_group_ids": null,
            "reserved_concurrent_executions": -1,
            "role": "arn:aws:iam::370161336954:role/lambda_role_booking_ab",
            "runtime": "python3.12",
            "s3_bucket": null,
            "s3_key": null,
            "s3_object_version": null,
            "signing_job_arn": "",
            "signing_profile_version_arn": "",
            "skip_destroy": false,
            "snap_start": [],
            "source_code_hash": "",
            "source_code_size": 1551,
            "tags": {},
            "tags_all": {},
            "timeout": 3,
            "timeouts": null,
            "tracing_config": [
              {
                "mode": "PassThrough"
              }
            ],
            "version": "$LATEST",
            "vpc_config": []
          },
          "sensitive_attributes": [],
          "identity_schema_version": 0,
          "private": "eyJlMmJmYjczMC1lY2FhLTExZTYtOGY4OC0zNDM2M2JjN2M0YzAiOnsiY3JlYXRlIjo2MDAwMDAwMDAwMDAsImRlbGV0ZSI6NjAwMDAwMDAwMDAwLCJ1cGRhdGUiOjYwMDAwMDAwMDAwMH19",
          "dependencies": [
            "aws_iam_role.lambda_role",
            "data.archive_file.lambda_zips"
          ],
          "create_before_destroy": true
        },
        {
          "index_key": "cancel_booking",
          "schema_version": 0,
          "attributes": {
            "architectures": [
              "x86_64"
            ],
            "arn": "arn:aws:lambda:us-east-1:370161336954:function:cancel_booking",
            "code_sha256": "K99pNWJk2KrVQ1jHT6rBOFlfk85CV9g3QgysFMlJQbQ=",
            "code_signing_config_arn": "",
            "dead_letter_config": [],
            "description": "",
            "environment": [],
            "ephemeral_storage": [
              {
                "size": 512
              }
            ],
            "file_system_config": [],
            "filename": null,
            "function_name": "cancel_booking",
            "handler": "cancel_booking.lambda_handler",
            "id": "cancel_booking",
            "image_config": [],
            "image_uri": "",
            "invoke_arn": "arn:aws:apigateway:us-east-1:lambda:path/2015-03-31/functions/arn:aws:lambda:us-east-1:370161336954:function:cancel_booking/invocations",
            "kms_key_arn": "",
            "last_modified": "2025-07-20T04:40:13.000+0000",
            "layers": [],
            "logging_config": [
              {
                "application_log_level": "",
                "log_format": "Text",
                "log_group": "/aws/lambda/cancel_booking",
                "system_log_level": ""
              }
            ],
            "memory_size": 128,
            "package_type": "Zip",
            "publish": false,
            "qualified_arn": "arn:aws:lambda:us-east-1:370161336954:function:cancel_booking:$LATEST",
            "qualified_invoke_arn": "arn:aws:apigateway:us-east-1:lambda:path/2015-03-31/functions/arn:aws:lambda:us-east-1:370161336954:function:cancel_booking:$LATEST/invocations",
            "region": "us-east-1",
            "replace_security_groups_on_destroy": null,
            "replacement_security_group_ids": null,
            "reserved_concurrent_executions": -1,
            "role": "arn:aws:iam::370161336954:role/lambda_role_booking_ab",
            "runtime": "python3.12",
            "s3_bucket": null,
            "s3_key": null,
            "s3_object_version": null,
            "signing_job_arn": "",
            "signing_profile_version_arn": "",
            "skip_destroy": false,
            "snap_start": [],
            "source_code_hash": "",
            "source_code_size": 1154,
            "tags": {},
            "tags_all": {},
            "timeout": 3,
            "timeouts": null,
            "tracing_config": [
              {
                "mode": "PassThrough"
              }
            ],
            "version": "$LATEST",
            "vpc_config": []
          },
          "sensitive_attributes": [],
          "identity_schema_version": 0,
          "private": "eyJlMmJmYjczMC1lY2FhLTExZTYtOGY4OC0zNDM2M2JjN2M0YzAiOnsiY3JlYXRlIjo2MDAwMDAwMDAwMDAsImRlbGV0ZSI6NjAwMDAwMDAwMDAwLCJ1cGRhdGUiOjYwMDAwMDAwMDAwMH19",
          "dependencies": [
            "aws_iam_role.lambda_role",
            "data.archive_file.lambda_zips"
          ],
          "create_before_destroy": true
        },
        {
          "index_key": "get_availability",
          "schema_version": 0,
          "attributes": {
            "architectures": [
              "x86_64"
            ],
            "arn": "arn:aws:lambda:us-east-1:370161336954:function:get_availability",
            "code_sha256": "LtZcviTTcDUEWllFoJDGbAg9c1AfNRtZkAVCNr+8ASw=",
            "code_signing_config_arn": "",
            "dead_letter_config": [],
            "description": "",
            "environment": [],
            "ephemeral_storage": [
              {
                "size": 512
              }
            ],
            "file_system_config": [],
            "filename": null,
            "function_name": "get_availability",
            "handler": "get_availability.lambda_handler",
            "id": "get_availability",
            "image_config": [],
            "image_uri": "",
            "invoke_arn": "arn:aws:apigateway:us-east-1:lambda:path/2015-03-31/functions/arn:aws:lambda:us-east-1:370161336954:function:get_availability/invocations",
            "kms_key_arn": "",
            "last_modified": "2025-07-20T04:40:13.000+0000",
            "layers": [],
            "logging_config": [
              {
                "application_log_level": "",
                "log_format": "Text",
                "log_group": "/aws/lambda/get_availability",
                "system_log_level": ""
              }
            ],
            "memory_size": 128,
            "package_type": "Zip",
            "publish": false,
            "qualified_arn": "arn:aws:lambda:us-east-1:370161336954:function:get_availability:$LATEST",
            "qualified_invoke_arn": "arn:aws:apigateway:us-east-1:lambda:path/2015-03-31/functions/arn:aws:lambda:us-east-1:370161336954:function:get_availability:$LATEST/invocations",
            "region": "us-east-1",
            "replace_security_groups_on_destroy": null,
            "replacement_security_group_ids": null,
            "reserved_concurrent_executions": -1,
            "role": "arn:aws:iam::370161336954:role/lambda_role_booking_ab",
            "runtime": "python3.12",
            "s3_bucket": null,
            "s3_key": null,
            "s3_object_version": null,
            "signing_job_arn": "",
            "signing_profile_version_arn": "",
            "skip_destroy": false,
            "snap_start": [],
            "source_code_hash": "",
            "source_code_size": 1209,
            "tags": {},
            "tags_all": {},
            "timeout": 3,
            "timeouts": null,
            "tracing_config": [
              {
                "mode": "PassThrough"
              }
            ],
            "version": "$LATEST",
            "vpc_config": []
          },
          "sensitive_attributes": [],
          "identity_schema_version": 0,
          "private": "eyJlMmJmYjczMC1lY2FhLTExZTYtOGY4OC0zNDM2M2JjN2M0YzAiOnsiY3JlYXRlIjo2MDAwMDAwMDAwMDAsImRlbGV0ZSI6NjAwMDAwMDAwMDAwLCJ1cGRhdGUiOjYwMDAwMDAwMDAwMH19",
          "dependencies": [
            "aws_iam_role.lambda_role",
            "data.archive_file.lambda_zips"
          ],
          "create_before_destroy": true
        },
        {
          "index_key": "get_bookings",
          "schema_version": 0,
          "attributes": {
            "architectures": [
              "x86_64"
            ],
            "arn": "arn:aws:lambda:us-east-1:370161336954:function:get_bookings",
            "code_sha256": "SFAqrGMlQTcHU5Ovw8E6/niFLTJ7dgxdH26/rzc7ajo=",
            "code_signing_config_arn": "",
            "dead_letter_config": [],
            "description": "",
            "environment": [],
            "ephemeral_storage": [
              {
                "size": 512
              }
            ],
            "file_system_config": [],
            "filename": null,
            "function_name": "get_bookings",
            "handler": "get_bookings.lambda_handler",
            "id": "get_bookings",
            "image_config": [],
            "image_uri": "",
            "invoke_arn": "arn:aws:apigateway:us-east-1:lambda:path/2015-03-31/functions/arn:aws:lambda:us-east-1:370161336954:function:get_bookings/invocations",
            "kms_key_arn": "",
            "last_modified": "2025-07-20T04:40:13.000+0000",
            "layers": [],
            "logging_config": [
              {
                "application_log_level": "",
                "log_format": "Text",
                "log_group": "/aws/lambda/get_bookings",
                "system_log_level": ""
              }
            ],
            "memory_size": 128,
            "package_type": "Zip",
            "publish": false,
            "qualified_arn": "arn:aws:lambda:us-east-1:370161336954:function:get_bookings:$LATEST",
            "qualified_invoke_arn": "arn:aws:apigateway:us-east-1:lambda:path/2015-03-31/functions/arn:aws:lambda:us-east-1:370161336954:function:get_bookings:$LATEST/invocations",
            "region": "us-east-1",
            "replace_security_groups_on_destroy": null,
            "replacement_security_group_ids": null,
            "reserved_concurrent_executions": -1,
            "role": "arn:aws:iam::370161336954:role/lambda_role_booking_ab",
            "runtime": "python3.12",
            "s3_bucket": null,
            "s3_key": null,
            "s3_object_version": null,
            "signing_job_arn": "",
            "signing_profile_version_arn": "",
            "skip_destroy": false,
            "snap_start": [],
            "source_code_hash": "",
            "source_code_size": 1390,
            "tags": {},
            "tags_all": {},
            "timeout": 3,
            "timeouts": null,
            "tracing_config": [
              {
                "mode": "PassThrough"
              }
            ],
            "version": "$LATEST",
            "vpc_config": []
          },
          "sensitive_attributes": [],
          "identity_schema_version": 0,
          "private": "eyJlMmJmYjczMC1lY2FhLTExZTYtOGY4OC0zNDM2M2JjN2M0YzAiOnsiY3JlYXRlIjo2MDAwMDAwMDAwMDAsImRlbGV0ZSI6NjAwMDAwMDAwMDAwLCJ1cGRhdGUiOjYwMDAwMDAwMDAwMH19",
          "dependencies": [
            "aws_iam_role.lambda_role",
            "data.archive_file.lambda_zips"
          ],
          "create_before_destroy": true
        },
        {
          "index_key": "update_availability",
          "schema_version": 0,
          "attributes": {
            "architectures": [
              "x86_64"
            ],
            "arn": "arn:aws:lambda:us-east-1:370161336954:function:update_availability",
            "code_sha256": "Heht15HIDiW1DEj9bh7nOSZ9NicKzMULUEMqbXO3SvY=",
            "code_signing_config_arn": "",
            "dead_letter_config": [],
            "description": "",
            "environment": [],
            "ephemeral_storage": [
              {
                "size": 512
              }
            ],
            "file_system_config": [],
            "filename": null,
            "function_name": "update_availability",
            "handler": "update_availability.lambda_handler",
            "id": "update_availability",
            "image_config": [],
            "image_uri": "",
            "invoke_arn": "arn:aws:apigateway:us-east-1:lambda:path/2015-03-31/functions/arn:aws:lambda:us-east-1:370161336954:function:update_availability/invocations",
            "kms_key_arn": "",
            "last_modified": "2025-07-20T04:40:13.000+0000",
            "layers": [],
            "logging_config": [
              {
                "application_log_level": "",
                "log_format": "Text",
                "log_group": "/aws/lambda/update_availability",
                "system_log_level": ""
              }
            ],
            "memory_size": 128,
            "package_type": "Zip",
            "publish": false,
            "qualified_arn": "arn:aws:lambda:us-east-1:370161336954:function:update_availability:$LATEST",
            "qualified_invoke_arn": "arn:aws:apigateway:us-east-1:lambda:path/2015-03-31/functions/arn:aws:lambda:us-east-1:370161336954:function:update_availability:$LATEST/invocations",
            "region": "us-east-1",
            "replace_security_groups_on_destroy": null,
            "replacement_security_group_ids": null,
            "reserved_concurrent_executions": -1,
            "role": "arn:aws:iam::370161336954:role/lambda_role_booking_ab",
            "runtime": "python3.12",
            "s3_bucket": null,
            "s3_key": null,
            "s3_object_version": null,
            "signing_job_arn": "",
            "signing_profile_version_arn": "",
            "skip_destroy": false,
            "snap_start": [],
            "source_code_hash": "",
            "source_code_size": 1243,
            "tags": {},
            "tags_all": {},
            "timeout": 3,
            "timeouts": null,
            "tracing_config": [
              {
                "mode": "PassThrough"
              }
            ],
            "version": "$LATEST",
            "vpc_config": []
          },
          "sensitive_attributes": [],
          "identity_schema_version": 0,
          "private": "eyJlMmJmYjczMC1lY2FhLTExZTYtOGY4OC0zNDM2M2JjN2M0YzAiOnsiY3JlYXRlIjo2MDAwMDAwMDAwMDAsImRlbGV0ZSI6NjAwMDAwMDAwMDAwLCJ1cGRhdGUiOjYwMDAwMDAwMDAwMH19",
          "dependencies": [
            "aws_iam_role.lambda_role",
            "data.archive_file.lambda_zips"
          ],
          "create_before_destroy": true
        }
      ]
    },
    {
      "mode": "managed",
      "type": "aws_lambda_permission",
      "name": "api_gateway_permissions",
      "provider": "provider[\"registry.terraform.io/hashicorp/aws\"]",
      "instances": [
        {
          "index_key": "add_availability",
          "schema_version": 0,
          "attributes": {
            "action": "lambda:InvokeFunction",
            "event_source_token": null,
            "function_name": "add_availability",
            "function_url_auth_type": null,
            "id": "AllowAPIGatewayInvoke_add_availability20250720032205203200000006",
            "principal": "apigateway.amazonaws.com",
            "principal_org_id": null,
            "qualifier": "",
            "region": "us-east-1",
            "source_account": null,
            "source_arn": "arn:aws:execute-api:us-east-1:370161336954:ym5yoxra2e/*/*",
            "statement_id": "AllowAPIGatewayInvoke_add_availability20250720032205203200000006",
            "statement_id_prefix": "AllowAPIGatewayInvoke_add_availability"
          },
          "sensitive_attributes": [],
          "identity_schema_version": 0,
          "private": "bnVsbA==",
          "dependencies": [
            "aws_api_gateway_rest_api.dalscooter_api",
            "aws_iam_role.lambda_role",
            "aws_lambda_function.lambda",
            "data.archive_file.lambda_zips"
          ],
          "create_before_destroy": true
        },
        {
          "index_key": "book_slot",
          "schema_version": 0,
          "attributes": {
            "action": "lambda:InvokeFunction",
            "event_source_token": null,
            "function_name": "book_slot",
            "function_url_auth_type": null,
            "id": "AllowAPIGatewayInvoke_book_slot20250720032205202800000002",
            "principal": "apigateway.amazonaws.com",
            "principal_org_id": null,
            "qualifier": "",
            "region": "us-east-1",
            "source_account": null,
            "source_arn": "arn:aws:execute-api:us-east-1:370161336954:ym5yoxra2e/*/*",
            "statement_id": "AllowAPIGatewayInvoke_book_slot20250720032205202800000002",
            "statement_id_prefix": "AllowAPIGatewayInvoke_book_slot"
          },
          "sensitive_attributes": [],
          "identity_schema_version": 0,
          "private": "bnVsbA==",
          "dependencies": [
            "aws_api_gateway_rest_api.dalscooter_api",
            "aws_iam_role.lambda_role",
            "aws_lambda_function.lambda",
            "data.archive_file.lambda_zips"
          ],
          "create_before_destroy": true
        },
        {
          "index_key": "cancel_booking",
          "schema_version": 0,
          "attributes": {
            "action": "lambda:InvokeFunction",
            "event_source_token": null,
            "function_name": "cancel_booking",
            "function_url_auth_type": null,
            "id": "AllowAPIGatewayInvoke_cancel_booking20250720032205203000000005",
            "principal": "apigateway.amazonaws.com",
            "principal_org_id": null,
            "qualifier": "",
            "region": "us-east-1",
            "source_account": null,
            "source_arn": "arn:aws:execute-api:us-east-1:370161336954:ym5yoxra2e/*/*",
            "statement_id": "AllowAPIGatewayInvoke_cancel_booking20250720032205203000000005",
            "statement_id_prefix": "AllowAPIGatewayInvoke_cancel_booking"
          },
          "sensitive_attributes": [],
          "identity_schema_version": 0,
          "private": "bnVsbA==",
          "dependencies": [
            "aws_api_gateway_rest_api.dalscooter_api",
            "aws_iam_role.lambda_role",
            "aws_lambda_function.lambda",
            "data.archive_file.lambda_zips"
          ],
          "create_before_destroy": true
        },
        {
          "index_key": "get_availability",
          "schema_version": 0,
          "attributes": {
            "action": "lambda:InvokeFunction",
            "event_source_token": null,
            "function_name": "get_availability",
            "function_url_auth_type": null,
            "id": "AllowAPIGatewayInvoke_get_availability20250720032205202800000001",
            "principal": "apigateway.amazonaws.com",
            "principal_org_id": null,
            "qualifier": "",
            "region": "us-east-1",
            "source_account": null,
            "source_arn": "arn:aws:execute-api:us-east-1:370161336954:ym5yoxra2e/*/*",
            "statement_id": "AllowAPIGatewayInvoke_get_availability20250720032205202800000001",
            "statement_id_prefix": "AllowAPIGatewayInvoke_get_availability"
          },
          "sensitive_attributes": [],
          "identity_schema_version": 0,
          "private": "bnVsbA==",
          "dependencies": [
            "aws_api_gateway_rest_api.dalscooter_api",
            "aws_iam_role.lambda_role",
            "aws_lambda_function.lambda",
            "data.archive_file.lambda_zips"
          ],
          "create_before_destroy": true
        },
        {
          "index_key": "get_bookings",
          "schema_version": 0,
          "attributes": {
            "action": "lambda:InvokeFunction",
            "event_source_token": null,
            "function_name": "get_bookings",
            "function_url_auth_type": null,
            "id": "AllowAPIGatewayInvoke_get_bookings20250720032205202900000004",
            "principal": "apigateway.amazonaws.com",
            "principal_org_id": null,
            "qualifier": "",
            "region": "us-east-1",
            "source_account": null,
            "source_arn": "arn:aws:execute-api:us-east-1:370161336954:ym5yoxra2e/*/*",
            "statement_id": "AllowAPIGatewayInvoke_get_bookings20250720032205202900000004",
            "statement_id_prefix": "AllowAPIGatewayInvoke_get_bookings"
          },
          "sensitive_attributes": [],
          "identity_schema_version": 0,
          "private": "bnVsbA==",
          "dependencies": [
            "aws_api_gateway_rest_api.dalscooter_api",
            "aws_iam_role.lambda_role",
            "aws_lambda_function.lambda",
            "data.archive_file.lambda_zips"
          ],
          "create_before_destroy": true
        },
        {
          "index_key": "update_availability",
          "schema_version": 0,
          "attributes": {
            "action": "lambda:InvokeFunction",
            "event_source_token": null,
            "function_name": "update_availability",
            "function_url_auth_type": null,
            "id": "AllowAPIGatewayInvoke_update_availability20250720032205202900000003",
            "principal": "apigateway.amazonaws.com",
            "principal_org_id": null,
            "qualifier": "",
            "region": "us-east-1",
            "source_account": null,
            "source_arn": "arn:aws:execute-api:us-east-1:370161336954:ym5yoxra2e/*/*",
            "statement_id": "AllowAPIGatewayInvoke_update_availability20250720032205202900000003",
            "statement_id_prefix": "AllowAPIGatewayInvoke_update_availability"
          },
          "sensitive_attributes": [],
          "identity_schema_version": 0,
          "private": "bnVsbA==",
          "dependencies": [
            "aws_api_gateway_rest_api.dalscooter_api",
            "aws_iam_role.lambda_role",
            "aws_lambda_function.lambda",
            "data.archive_file.lambda_zips"
          ],
          "create_before_destroy": true
        }
      ]
    }
  ],
  "check_results": null
}
