{
  "version": 4,
  "terraform_version": "1.12.2",
  "serial": 298,
  "lineage": "03edec59-417b-8482-7280-cae932115dc1",
  "outputs": {
    "analytics_s3_bucket_name": {
      "value": "dalscooter-dynamodb-exports-370161336954-19eaa5dd",
      "type": "string"
    },
    "glue_database_name": {
      "value": "dalscooter_analytics",
      "type": "string"
    }
  },
  "resources": [
    {
      "mode": "data",
      "type": "archive_file",
      "name": "lambda_zips",
      "provider": "provider[\"registry.terraform.io/hashicorp/archive\"]",
      "instances": [
        {
          "index_key": "add_availability",
          "schema_version": 0,
          "attributes": {
            "exclude_symlink_directories": null,
            "excludes": null,
            "id": "fcb681a9ff86f86ab2e1a68a5520fcfa69e1c53a",
            "output_base64sha256": "S04uje3d68v16tXZhH0V+0gWpXWjKMYY0oEY+wbwUys=",
            "output_base64sha512": "0mHNQB8+dVHcevvAC1nNYZnYVwkWBsKqR32sBNrirQps5ZkAhNHzVhSDe5RgfY2JXV3zNqCK36+m5kBo6Z1wfQ==",
            "output_file_mode": null,
            "output_md5": "4c60642266d2d74017155d6d0b628f4d",
            "output_path": "./add_availability.zip",
            "output_sha": "fcb681a9ff86f86ab2e1a68a5520fcfa69e1c53a",
            "output_sha256": "4b4e2e8dedddebcbf5ead5d9847d15fb4816a575a328c618d28118fb06f0532b",
            "output_sha512": "d261cd401f3e7551dc7afbc00b59cd6199d857091606c2aa477dac04dae2ad0a6ce5990084d1f35614837b94607d8d895d5df336a08adfafa6e64068e99d707d",
            "output_size": 974,
            "source": [],
            "source_content": null,
            "source_content_filename": null,
            "source_dir": null,
            "source_file": "./../lambda/add_availability.py",
            "type": "zip"
          },
          "sensitive_attributes": [],
          "identity_schema_version": 0
        },
        {
          "index_key": "book_slot",
          "schema_version": 0,
          "attributes": {
            "exclude_symlink_directories": null,
            "excludes": null,
            "id": "8895cd71e028dd28c6ed13e055aa230a475764c2",
            "output_base64sha256": "H7tkc77kbCdl29bDwd4Nd8GjDCD0MpgVjD0fKNFE4/o=",
            "output_base64sha512": "SFXybmKlBHyh+APuMZJW+3NrGMJ/CGciurDHHyrJwsL6AQX4UgGpY6D8QN1yc1DMKfsHTIMtn6Vl83ScQWwP7Q==",
            "output_file_mode": null,
            "output_md5": "3b3a17d7e8f4c63f0c015196cb0887e1",
            "output_path": "./book_slot.zip",
            "output_sha": "8895cd71e028dd28c6ed13e055aa230a475764c2",
            "output_sha256": "1fbb6473bee46c2765dbd6c3c1de0d77c1a30c20f43298158c3d1f28d144e3fa",
            "output_sha512": "4855f26e62a5047ca1f803ee319256fb736b18c27f086722bab0c71f2ac9c2c2fa0105f85201a963a0fc40dd727350cc29fb074c832d9fa565f3749c416c0fed",
            "output_size": 1120,
            "source": [],
            "source_content": null,
            "source_content_filename": null,
            "source_dir": null,
            "source_file": "./../lambda/book_slot.py",
            "type": "zip"
          },
          "sensitive_attributes": [],
          "identity_schema_version": 0
        },
        {
          "index_key": "cancel_booking",
          "schema_version": 0,
          "attributes": {
            "exclude_symlink_directories": null,
            "excludes": null,
            "id": "7dfe1594bb03e4d3cf38e01dd14c905c823913e2",
            "output_base64sha256": "OogVggGlcJx/7Iz6+MILho8RCWReZ0VAd4n3yWYOuEY=",
            "output_base64sha512": "Mywbk9IeP+0LJD0si44fB9wT16bzWKt7JnZyeiCll7UFfIK2btMYnzT3NwWqASlWTXtqY5+3S/22SI3wEGFp1A==",
            "output_file_mode": null,
            "output_md5": "8309403b1f7ff02c48daeb0f1b342453",
            "output_path": "./cancel_booking.zip",
            "output_sha": "7dfe1594bb03e4d3cf38e01dd14c905c823913e2",
            "output_sha256": "3a88158201a5709c7fec8cfaf8c20b868f1109645e6745407789f7c9660eb846",
            "output_sha512": "332c1b93d21e3fed0b243d2c8b8e1f07dc13d7a6f358ab7b2676727a20a597b5057c82b66ed3189f34f73705aa0129564d7b6a639fb74bfdb6488df0106169d4",
            "output_size": 1055,
            "source": [],
            "source_content": null,
            "source_content_filename": null,
            "source_dir": null,
            "source_file": "./../lambda/cancel_booking.py",
            "type": "zip"
          },
          "sensitive_attributes": [],
          "identity_schema_version": 0
        },
        {
          "index_key": "export_dynamodb_to_s3",
          "schema_version": 0,
          "attributes": {
            "exclude_symlink_directories": null,
            "excludes": null,
            "id": "2712580641d06acd71d598e0a50266e6fcb74f39",
            "output_base64sha256": "asFM6ca3f+cgcNTWVWDmMwvhm+ADYn7aIaft+zK7R/4=",
            "output_base64sha512": "aTYNJFRyuXLdumwOyjRi1MTJjysNydcCQqqJQ8Q5ljdvK3Yj4cUYozYFkC3H8V3qST8FHKmAY0kdm31Z12Drgg==",
            "output_file_mode": null,
            "output_md5": "ddbd43aa7b01eaadd95b6d1020797449",
            "output_path": "./export_dynamodb_to_s3.zip",
            "output_sha": "2712580641d06acd71d598e0a50266e6fcb74f39",
            "output_sha256": "6ac14ce9c6b77fe72070d4d65560e6330be19be003627eda21a7edfb32bb47fe",
            "output_sha512": "69360d245472b972ddba6c0eca3462d4c4c98f2b0dc9d70242aa8943c43996376f2b7623e1c518a33605902dc7f15dea493f051ca98063491d9b7d59d760eb82",
            "output_size": 810,
            "source": [],
            "source_content": null,
            "source_content_filename": null,
            "source_dir": null,
            "source_file": "./../lambda/export_dynamodb_to_s3.py",
            "type": "zip"
          },
          "sensitive_attributes": [],
          "identity_schema_version": 0
        },
        {
          "index_key": "get_availability",
          "schema_version": 0,
          "attributes": {
            "exclude_symlink_directories": null,
            "excludes": null,
            "id": "cc3144f1b7ea4a81a8d23dcbb1eed98b33a407c5",
            "output_base64sha256": "nzGn0V/tAys7kcNQBV/bGLTaOu5L2NGVvavf4Pv4JjM=",
            "output_base64sha512": "xEjeAAuzQrAZ9CW9ToVdNtYhIbGqEQHr9ZZ0NNyjUnAtXZiPrzTKi5yP8guX/eSIbBwx64MHSKJmsPWhPw4gLg==",
            "output_file_mode": null,
            "output_md5": "50d7e543a7f61b4eb0b2632dedab9615",
            "output_path": "./get_availability.zip",
            "output_sha": "cc3144f1b7ea4a81a8d23dcbb1eed98b33a407c5",
            "output_sha256": "9f31a7d15fed032b3b91c350055fdb18b4da3aee4bd8d195bdabdfe0fbf82633",
            "output_sha512": "c448de000bb342b019f425bd4e855d36d62121b1aa1101ebf5967434dca352702d5d988faf34ca8b9c8ff20b97fde4886c1c31eb830748a266b0f5a13f0e202e",
            "output_size": 1145,
            "source": [],
            "source_content": null,
            "source_content_filename": null,
            "source_dir": null,
            "source_file": "./../lambda/get_availability.py",
            "type": "zip"
          },
          "sensitive_attributes": [],
          "identity_schema_version": 0
        },
        {
          "index_key": "get_bookings",
          "schema_version": 0,
          "attributes": {
            "exclude_symlink_directories": null,
            "excludes": null,
            "id": "8627c275d58c0d3505af79a09a2ea301356b52eb",
            "output_base64sha256": "8E8mXnGxpzZCVIMVzTp/bQ+MN+G1Uw+8Fn5FivO+ot4=",
            "output_base64sha512": "uuS1BYEW8/4yE67iK0VlWlgLH8o5lbcIjVoJyL5RfopfJggNDNK7MlVPmgrjFKv/uKWeq2QasoFzkI36tgTl3Q==",
            "output_file_mode": null,
            "output_md5": "d83460425feb2f798b70013529f91c23",
            "output_path": "./get_bookings.zip",
            "output_sha": "8627c275d58c0d3505af79a09a2ea301356b52eb",
            "output_sha256": "f04f265e71b1a73642548315cd3a7f6d0f8c37e1b5530fbc167e458af3bea2de",
            "output_sha512": "bae4b5058116f3fe3213aee22b45655a580b1fca3995b7088d5a09c8be517e8a5f26080d0cd2bb32554f9a0ae314abffb8a59eab641ab28173908dfab604e5dd",
            "output_size": 1365,
            "source": [],
            "source_content": null,
            "source_content_filename": null,
            "source_dir": null,
            "source_file": "./../lambda/get_bookings.py",
            "type": "zip"
          },
          "sensitive_attributes": [],
          "identity_schema_version": 0
        },
        {
          "index_key": "get_embed_url",
          "schema_version": 0,
          "attributes": {
            "exclude_symlink_directories": null,
            "excludes": null,
            "id": "9c41b3d23f79e7bf509891aa9daca0023121b7e4",
            "output_base64sha256": "A05N5PKNvGHAQASbNfKQokxwz0XyjyjZiHKT8wsUE0s=",
            "output_base64sha512": "27JpBRQiowyxAypVr0M9XS0onE4HTvqj2ONJ6HtYMFTNu3+qVbids6E/fQYeV5sQW+hvKyhSVGj/VX4+pwHI+Q==",
            "output_file_mode": null,
            "output_md5": "773d8f5f68fdb359eb50404b691d4baf",
            "output_path": "./get_embed_url.zip",
            "output_sha": "9c41b3d23f79e7bf509891aa9daca0023121b7e4",
            "output_sha256": "034e4de4f28dbc61c040049b35f290a24c70cf45f28f28d9887293f30b14134b",
            "output_sha512": "dbb269051422a30cb1032a55af433d5d2d289c4e074efaa3d8e349e87b583054cdbb7faa55b89db3a13f7d061e579b105be86f2b28525468ff557e3ea701c8f9",
            "output_size": 970,
            "source": [],
            "source_content": null,
            "source_content_filename": null,
            "source_dir": null,
            "source_file": "./../lambda/get_embed_url.py",
            "type": "zip"
          },
          "sensitive_attributes": [],
          "identity_schema_version": 0
        },
        {
          "index_key": "sync_quicksight_users",
          "schema_version": 0,
          "attributes": {
            "exclude_symlink_directories": null,
            "excludes": null,
            "id": "66220494c6f743525280bbbe4a72ece523873121",
            "output_base64sha256": "8oZSfbRm0vTlQ/oLB3kBwuwOkRgGJVvnsJifgX6ycIg=",
            "output_base64sha512": "9GpYY+qz2dFR1b2yUgLUr7byZ2YXzJ9tUj+f1pAmL6h/rriCZNQl/iHK5SxSmvPgaG24ea/r9NaXT0FXZL/M1Q==",
            "output_file_mode": null,
            "output_md5": "15f093b766a905e8959abd006ff6497b",
            "output_path": "./sync_quicksight_users.zip",
            "output_sha": "66220494c6f743525280bbbe4a72ece523873121",
            "output_sha256": "f286527db466d2f4e543fa0b077901c2ec0e911806255be7b0989f817eb27088",
            "output_sha512": "f46a5863eab3d9d151d5bdb25202d4afb6f2676617cc9f6d523f9fd690262fa87faeb88264d425fe21cae52c529af3e0686db879afebf4d6974f415764bfccd5",
            "output_size": 1009,
            "source": [],
            "source_content": null,
            "source_content_filename": null,
            "source_dir": null,
            "source_file": "./../lambda/sync_quicksight_users.py",
            "type": "zip"
          },
          "sensitive_attributes": [],
          "identity_schema_version": 0
        },
        {
          "index_key": "update_availability",
          "schema_version": 0,
          "attributes": {
            "exclude_symlink_directories": null,
            "excludes": null,
            "id": "745342d147e845a000ec9fa9f6d18492330c452e",
            "output_base64sha256": "S4C+Cbvhqk0OnTkTnYITWd3zudFaL0+kXdm5VMMcpdw=",
            "output_base64sha512": "djF8FV7LK25BOSQGE8WtFC9zNgoXct7jW4Ur86CfSjViYWB5WWbBHIgJQpcoqIArGZmwGLxXU3mcrhNGmP3P+A==",
            "output_file_mode": null,
            "output_md5": "cd17d7c9d26a46643d4df26e2b52aec8",
            "output_path": "./update_availability.zip",
            "output_sha": "745342d147e845a000ec9fa9f6d18492330c452e",
            "output_sha256": "4b80be09bbe1aa4d0e9d39139d821359ddf3b9d15a2f4fa45dd9b954c31ca5dc",
            "output_sha512": "76317c155ecb2b6e4139240613c5ad142f73360a1772dee35b852bf3a09f4a35626160795966c11c8809429728a8802b1999b018bc5753799cae134698fdcff8",
            "output_size": 1090,
            "source": [],
            "source_content": null,
            "source_content_filename": null,
            "source_dir": null,
            "source_file": "./../lambda/update_availability.py",
            "type": "zip"
          },
          "sensitive_attributes": [],
          "identity_schema_version": 0
        }
      ]
    },
    {
      "mode": "data",
      "type": "aws_caller_identity",
      "name": "current",
      "provider": "provider[\"registry.terraform.io/hashicorp/aws\"]",
      "instances": [
        {
          "schema_version": 0,
          "attributes": {
            "account_id": "370161336954",
            "arn": "arn:aws:iam::370161336954:user/amplify-user-dalscooter",
            "id": "370161336954",
            "user_id": "AIDAVML2VYJ5I6Z6LOAD7"
          },
          "sensitive_attributes": [],
          "identity_schema_version": 0
        }
      ]
    },
    {
      "mode": "data",
      "type": "aws_cognito_user_pool",
      "name": "main",
      "provider": "provider[\"registry.terraform.io/hashicorp/aws\"]",
      "instances": [
        {
          "schema_version": 0,
          "attributes": {
            "account_recovery_setting": [
              {
                "recovery_mechanism": [
                  {
                    "name": "verified_email",
                    "priority": 1
                  },
                  {
                    "name": "verified_phone_number",
                    "priority": 2
                  }
                ]
              }
            ],
            "admin_create_user_config": [
              {
                "allow_admin_create_user_only": false,
                "invite_message_template": null,
                "unused_account_validity_days": 7
              }
            ],
            "arn": "arn:aws:cognito-idp:us-east-1:370161336954:userpool/us-east-1_YN7a2ntIh",
            "auto_verified_attributes": [
              "email"
            ],
            "creation_date": "2025-07-31T04:43:53Z",
            "custom_domain": null,
            "deletion_protection": "INACTIVE",
            "device_configuration": null,
            "domain": null,
            "email_configuration": [
              {
                "configuration_set": null,
                "email_sending_account": "COGNITO_DEFAULT",
                "from": null,
                "reply_to_email_address": null,
                "source_arn": null
              }
            ],
            "estimated_number_of_users": 4,
            "id": "us-east-1_YN7a2ntIh",
            "lambda_config": [
              {
                "create_auth_challenge": "arn:aws:lambda:us-east-1:370161336954:function:create_auth",
                "custom_email_sender": null,
                "custom_message": null,
                "custom_sms_sender": null,
                "define_auth_challenge": "arn:aws:lambda:us-east-1:370161336954:function:define_auth",
                "kms_key_id": null,
                "post_authentication": null,
                "post_confirmation": "arn:aws:lambda:us-east-1:370161336954:function:post_confirmation",
                "pre_authentication": null,
                "pre_sign_up": null,
                "pre_token_generation": null,
                "pre_token_generation_config": null,
                "user_migration": null,
                "verify_auth_challenge_response": "arn:aws:lambda:us-east-1:370161336954:function:verify_auth"
              }
            ],
            "last_modified_date": "2025-07-31T04:43:53Z",
            "mfa_configuration": "OFF",
            "name": "UserPool",
            "region": "us-east-1",
            "schema_attributes": [
              {
                "attribute_data_type": "String",
                "developer_only_attribute": false,
                "mutable": true,
                "name": "profile",
                "number_attribute_constraints": null,
                "required": false,
                "string_attribute_constraints": [
                  {
                    "max_length": "2048",
                    "min_length": "0"
                  }
                ]
              },
              {
                "attribute_data_type": "String",
                "developer_only_attribute": false,
                "mutable": true,
                "name": "address",
                "number_attribute_constraints": null,
                "required": false,
                "string_attribute_constraints": [
                  {
                    "max_length": "2048",
                    "min_length": "0"
                  }
                ]
              },
              {
                "attribute_data_type": "String",
                "developer_only_attribute": false,
                "mutable": true,
                "name": "birthdate",
                "number_attribute_constraints": null,
                "required": false,
                "string_attribute_constraints": [
                  {
                    "max_length": "10",
                    "min_length": "10"
                  }
                ]
              },
              {
                "attribute_data_type": "String",
                "developer_only_attribute": false,
                "mutable": true,
                "name": "gender",
                "number_attribute_constraints": null,
                "required": false,
                "string_attribute_constraints": [
                  {
                    "max_length": "2048",
                    "min_length": "0"
                  }
                ]
              },
              {
                "attribute_data_type": "String",
                "developer_only_attribute": false,
                "mutable": true,
                "name": "preferred_username",
                "number_attribute_constraints": null,
                "required": false,
                "string_attribute_constraints": [
                  {
                    "max_length": "2048",
                    "min_length": "0"
                  }
                ]
              },
              {
                "attribute_data_type": "Number",
                "developer_only_attribute": false,
                "mutable": true,
                "name": "updated_at",
                "number_attribute_constraints": [
                  {
                    "max_value": null,
                    "min_value": "0"
                  }
                ],
                "required": false,
                "string_attribute_constraints": null
              },
              {
                "attribute_data_type": "String",
                "developer_only_attribute": false,
                "mutable": true,
                "name": "website",
                "number_attribute_constraints": null,
                "required": false,
                "string_attribute_constraints": [
                  {
                    "max_length": "2048",
                    "min_length": "0"
                  }
                ]
              },
              {
                "attribute_data_type": "String",
                "developer_only_attribute": false,
                "mutable": true,
                "name": "picture",
                "number_attribute_constraints": null,
                "required": false,
                "string_attribute_constraints": [
                  {
                    "max_length": "2048",
                    "min_length": "0"
                  }
                ]
              },
              {
                "attribute_data_type": "String",
                "developer_only_attribute": false,
                "mutable": true,
                "name": "identities",
                "number_attribute_constraints": null,
                "required": false,
                "string_attribute_constraints": [
                  {
                    "max_length": null,
                    "min_length": null
                  }
                ]
              },
              {
                "attribute_data_type": "String",
                "developer_only_attribute": false,
                "mutable": false,
                "name": "sub",
                "number_attribute_constraints": null,
                "required": true,
                "string_attribute_constraints": [
                  {
                    "max_length": "2048",
                    "min_length": "1"
                  }
                ]
              },
              {
                "attribute_data_type": "String",
                "developer_only_attribute": false,
                "mutable": true,
                "name": "phone_number",
                "number_attribute_constraints": null,
                "required": false,
                "string_attribute_constraints": [
                  {
                    "max_length": "2048",
                    "min_length": "0"
                  }
                ]
              },
              {
                "attribute_data_type": "Boolean",
                "developer_only_attribute": false,
                "mutable": true,
                "name": "phone_number_verified",
                "number_attribute_constraints": null,
                "required": false,
                "string_attribute_constraints": null
              },
              {
                "attribute_data_type": "String",
                "developer_only_attribute": false,
                "mutable": true,
                "name": "zoneinfo",
                "number_attribute_constraints": null,
                "required": false,
                "string_attribute_constraints": [
                  {
                    "max_length": "2048",
                    "min_length": "0"
                  }
                ]
              },
              {
                "attribute_data_type": "String",
                "developer_only_attribute": false,
                "mutable": true,
                "name": "custom:caesarText",
                "number_attribute_constraints": null,
                "required": false,
                "string_attribute_constraints": [
                  {
                    "max_length": null,
                    "min_length": null
                  }
                ]
              },
              {
                "attribute_data_type": "Number",
                "developer_only_attribute": false,
                "mutable": true,
                "name": "custom:shiftKey",
                "number_attribute_constraints": [
                  {
                    "max_value": null,
                    "min_value": null
                  }
                ],
                "required": false,
                "string_attribute_constraints": null
              },
              {
                "attribute_data_type": "String",
                "developer_only_attribute": false,
                "mutable": true,
                "name": "custom:role",
                "number_attribute_constraints": null,
                "required": false,
                "string_attribute_constraints": [
                  {
                    "max_length": null,
                    "min_length": null
                  }
                ]
              },
              {
                "attribute_data_type": "String",
                "developer_only_attribute": false,
                "mutable": true,
                "name": "custom:secAnswer",
                "number_attribute_constraints": null,
                "required": false,
                "string_attribute_constraints": [
                  {
                    "max_length": "256",
                    "min_length": "1"
                  }
                ]
              },
              {
                "attribute_data_type": "String",
                "developer_only_attribute": false,
                "mutable": true,
                "name": "custom:secQuestion",
                "number_attribute_constraints": null,
                "required": false,
                "string_attribute_constraints": [
                  {
                    "max_length": "256",
                    "min_length": "1"
                  }
                ]
              },
              {
                "attribute_data_type": "String",
                "developer_only_attribute": false,
                "mutable": true,
                "name": "locale",
                "number_attribute_constraints": null,
                "required": false,
                "string_attribute_constraints": [
                  {
                    "max_length": "2048",
                    "min_length": "0"
                  }
                ]
              },
              {
                "attribute_data_type": "String",
                "developer_only_attribute": false,
                "mutable": false,
                "name": "email",
                "number_attribute_constraints": null,
                "required": true,
                "string_attribute_constraints": [
                  {
                    "max_length": "2048",
                    "min_length": "0"
                  }
                ]
              },
              {
                "attribute_data_type": "Boolean",
                "developer_only_attribute": false,
                "mutable": true,
                "name": "email_verified",
                "number_attribute_constraints": null,
                "required": false,
                "string_attribute_constraints": null
              },
              {
                "attribute_data_type": "String",
                "developer_only_attribute": false,
                "mutable": true,
                "name": "given_name",
                "number_attribute_constraints": null,
                "required": false,
                "string_attribute_constraints": [
                  {
                    "max_length": "2048",
                    "min_length": "0"
                  }
                ]
              },
              {
                "attribute_data_type": "String",
                "developer_only_attribute": false,
                "mutable": true,
                "name": "family_name",
                "number_attribute_constraints": null,
                "required": false,
                "string_attribute_constraints": [
                  {
                    "max_length": "2048",
                    "min_length": "0"
                  }
                ]
              },
              {
                "attribute_data_type": "String",
                "developer_only_attribute": false,
                "mutable": true,
                "name": "middle_name",
                "number_attribute_constraints": null,
                "required": false,
                "string_attribute_constraints": [
                  {
                    "max_length": "2048",
                    "min_length": "0"
                  }
                ]
              },
              {
                "attribute_data_type": "String",
                "developer_only_attribute": false,
                "mutable": true,
                "name": "name",
                "number_attribute_constraints": null,
                "required": false,
                "string_attribute_constraints": [
                  {
                    "max_length": "2048",
                    "min_length": "0"
                  }
                ]
              },
              {
                "attribute_data_type": "String",
                "developer_only_attribute": false,
                "mutable": true,
                "name": "nickname",
                "number_attribute_constraints": null,
                "required": false,
                "string_attribute_constraints": [
                  {
                    "max_length": "2048",
                    "min_length": "0"
                  }
                ]
              }
            ],
            "sms_authentication_message": null,
            "sms_configuration_failure": null,
            "sms_verification_message": null,
            "tags": {},
            "user_pool_add_ons": null,
            "user_pool_id": "us-east-1_YN7a2ntIh",
            "user_pool_tags": {},
            "username_attributes": null
          },
          "sensitive_attributes": [],
          "identity_schema_version": 0
        }
      ]
    },
    {
      "mode": "data",
      "type": "aws_dynamodb_table",
      "name": "logins",
      "provider": "provider[\"registry.terraform.io/hashicorp/aws\"]",
      "instances": [
        {
          "schema_version": 0,
          "attributes": {
            "arn": "arn:aws:dynamodb:us-east-1:370161336954:table/Logins",
            "attribute": [
              {
                "name": "email",
                "type": "S"
              },
              {
                "name": "login_id",
                "type": "S"
              },
              {
                "name": "login_timestamp",
                "type": "S"
              },
              {
                "name": "user_id",
                "type": "S"
              }
            ],
            "billing_mode": "PAY_PER_REQUEST",
            "deletion_protection_enabled": false,
            "global_secondary_index": [
              {
                "hash_key": "email",
                "name": "EmailIndex",
                "non_key_attributes": [],
                "on_demand_throughput": [],
                "projection_type": "ALL",
                "range_key": "login_timestamp",
                "read_capacity": 0,
                "write_capacity": 0
              },
              {
                "hash_key": "user_id",
                "name": "UserIdIndex",
                "non_key_attributes": [],
                "on_demand_throughput": [],
                "projection_type": "ALL",
                "range_key": "login_timestamp",
                "read_capacity": 0,
                "write_capacity": 0
              }
            ],
            "hash_key": "login_id",
            "id": "Logins",
            "local_secondary_index": [],
            "name": "Logins",
            "on_demand_throughput": [],
            "point_in_time_recovery": [
              {
                "enabled": true,
                "recovery_period_in_days": 35
              }
            ],
            "range_key": "login_timestamp",
            "read_capacity": 0,
            "region": "us-east-1",
            "replica": [],
            "server_side_encryption": [],
            "stream_arn": "arn:aws:dynamodb:us-east-1:370161336954:table/Logins/stream/2025-07-31T16:05:21.130",
            "stream_enabled": true,
            "stream_label": "2025-07-31T16:05:21.130",
            "stream_view_type": "NEW_AND_OLD_IMAGES",
            "table_class": "STANDARD",
            "tags": {},
            "ttl": [
              {
                "attribute_name": "",
                "enabled": false
              }
            ],
            "write_capacity": 0
          },
          "sensitive_attributes": [],
          "identity_schema_version": 0
        }
      ]
    },
    {
      "mode": "data",
      "type": "aws_dynamodb_table",
      "name": "users",
      "provider": "provider[\"registry.terraform.io/hashicorp/aws\"]",
      "instances": [
        {
          "schema_version": 0,
          "attributes": {
            "arn": "arn:aws:dynamodb:us-east-1:370161336954:table/Users",
            "attribute": [
              {
                "name": "user_id",
                "type": "S"
              }
            ],
            "billing_mode": "PAY_PER_REQUEST",
            "deletion_protection_enabled": false,
            "global_secondary_index": [],
            "hash_key": "user_id",
            "id": "Users",
            "local_secondary_index": [],
            "name": "Users",
            "on_demand_throughput": [],
            "point_in_time_recovery": [
              {
                "enabled": true,
                "recovery_period_in_days": 35
              }
            ],
            "range_key": null,
            "read_capacity": 0,
            "region": "us-east-1",
            "replica": [],
            "server_side_encryption": [],
            "stream_arn": "",
            "stream_enabled": false,
            "stream_label": "",
            "stream_view_type": "",
            "table_class": "STANDARD",
            "tags": {},
            "ttl": [
              {
                "attribute_name": "",
                "enabled": false
              }
            ],
            "write_capacity": 0
          },
          "sensitive_attributes": [],
          "identity_schema_version": 0
        }
      ]
    },
    {
      "mode": "managed",
      "type": "aws_api_gateway_authorizer",
      "name": "cognito_authorizer",
      "provider": "provider[\"registry.terraform.io/hashicorp/aws\"]",
      "instances": [
        {
          "schema_version": 0,
          "attributes": {
            "arn": "arn:aws:apigateway:us-east-1::/restapis/l8y551ksw2/authorizers/hk38o2",
            "authorizer_credentials": "",
            "authorizer_result_ttl_in_seconds": 300,
            "authorizer_uri": "",
            "id": "hk38o2",
            "identity_source": "method.request.header.Authorization",
            "identity_validation_expression": "",
            "name": "CognitoAuthorizer",
            "provider_arns": [
              "arn:aws:cognito-idp:us-east-1:370161336954:userpool/us-east-1_YN7a2ntIh"
            ],
            "region": "us-east-1",
            "rest_api_id": "l8y551ksw2",
            "type": "COGNITO_USER_POOLS"
          },
          "sensitive_attributes": [],
          "identity_schema_version": 0,
          "private": "bnVsbA==",
          "dependencies": [
            "aws_api_gateway_rest_api.api",
            "data.aws_cognito_user_pool.main"
          ],
          "create_before_destroy": true
        }
      ]
    },
    {
      "mode": "managed",
      "type": "aws_api_gateway_deployment",
      "name": "api_deployment",
      "provider": "provider[\"registry.terraform.io/hashicorp/aws\"]",
      "instances": [
        {
          "schema_version": 0,
          "attributes": {
            "created_date": "2025-08-01T01:26:21Z",
            "description": "",
            "id": "8k309q",
            "region": "us-east-1",
            "rest_api_id": "l8y551ksw2",
            "triggers": {
              "redeployment": "265d8714a8898821d85751c54f5679a5298eb00d"
            },
            "variables": null
          },
          "sensitive_attributes": [],
          "identity_schema_version": 0,
          "private": "bnVsbA==",
          "dependencies": [
            "aws_api_gateway_authorizer.cognito_authorizer",
            "aws_api_gateway_integration.add_availability_lambda",
            "aws_api_gateway_integration.availability_options",
            "aws_api_gateway_integration.book_slot_lambda",
            "aws_api_gateway_integration.bookings_options",
            "aws_api_gateway_integration.cancel_booking_lambda",
            "aws_api_gateway_integration.embed_url_options",
            "aws_api_gateway_integration.get_availability_lambda",
            "aws_api_gateway_integration.get_bookings_lambda",
            "aws_api_gateway_integration.get_embed_url_lambda",
            "aws_api_gateway_integration.update_availability_lambda",
            "aws_api_gateway_integration_response.availability_options",
            "aws_api_gateway_integration_response.bookings_options",
            "aws_api_gateway_integration_response.embed_url_options",
            "aws_api_gateway_integration_response.get_embed_url_200",
            "aws_api_gateway_integration_response.get_embed_url_400",
            "aws_api_gateway_integration_response.get_embed_url_401",
            "aws_api_gateway_integration_response.get_embed_url_403",
            "aws_api_gateway_integration_response.get_embed_url_500",
            "aws_api_gateway_method.add_availability",
            "aws_api_gateway_method.availability_options",
            "aws_api_gateway_method.book_slot",
            "aws_api_gateway_method.bookings_options",
            "aws_api_gateway_method.cancel_booking",
            "aws_api_gateway_method.embed_url_options",
            "aws_api_gateway_method.get_availability",
            "aws_api_gateway_method.get_bookings",
            "aws_api_gateway_method.get_embed_url",
            "aws_api_gateway_method.update_availability",
            "aws_api_gateway_method_response.availability_options",
            "aws_api_gateway_method_response.bookings_options",
            "aws_api_gateway_method_response.embed_url_options",
            "aws_api_gateway_method_response.get_embed_url_200",
            "aws_api_gateway_method_response.get_embed_url_400",
            "aws_api_gateway_method_response.get_embed_url_401",
            "aws_api_gateway_method_response.get_embed_url_403",
            "aws_api_gateway_method_response.get_embed_url_500",
            "aws_api_gateway_resource.availability",
            "aws_api_gateway_resource.bookings",
            "aws_api_gateway_resource.embed_url",
            "aws_api_gateway_rest_api.api",
            "aws_iam_role.lambda_quicksight_role",
            "aws_iam_role.lambda_role",
            "aws_lambda_function.lambda",
            "aws_s3_bucket.analytics_bucket",
            "data.archive_file.lambda_zips",
            "data.aws_caller_identity.current",
            "data.aws_cognito_user_pool.main",
            "random_id.bucket_suffix"
          ],
          "create_before_destroy": true
        }
      ]
    },
    {
      "mode": "managed",
      "type": "aws_api_gateway_integration",
      "name": "add_availability_lambda",
      "provider": "provider[\"registry.terraform.io/hashicorp/aws\"]",
      "instances": [
        {
          "schema_version": 0,
          "attributes": {
            "cache_key_parameters": [],
            "cache_namespace": "m8d5ag",
            "connection_id": "",
            "connection_type": "INTERNET",
            "content_handling": "",
            "credentials": "",
            "http_method": "POST",
            "id": "agi-l8y551ksw2-m8d5ag-POST",
            "integration_http_method": "POST",
            "passthrough_behavior": "WHEN_NO_MATCH",
            "region": "us-east-1",
            "request_parameters": {},
            "request_templates": {},
            "resource_id": "m8d5ag",
            "rest_api_id": "l8y551ksw2",
            "timeout_milliseconds": 29000,
            "tls_config": [],
            "type": "AWS_PROXY",
            "uri": "arn:aws:apigateway:us-east-1:lambda:path/2015-03-31/functions/arn:aws:lambda:us-east-1:370161336954:function:addavailability/invocations"
          },
          "sensitive_attributes": [],
          "identity_schema_version": 0,
          "private": "bnVsbA==",
          "dependencies": [
            "aws_api_gateway_authorizer.cognito_authorizer",
            "aws_api_gateway_method.add_availability",
            "aws_api_gateway_resource.availability",
            "aws_api_gateway_rest_api.api",
            "aws_iam_role.lambda_quicksight_role",
            "aws_iam_role.lambda_role",
            "aws_lambda_function.lambda",
            "aws_s3_bucket.analytics_bucket",
            "data.archive_file.lambda_zips",
            "data.aws_caller_identity.current",
            "data.aws_cognito_user_pool.main",
            "random_id.bucket_suffix"
          ],
          "create_before_destroy": true
        }
      ]
    },
    {
      "mode": "managed",
      "type": "aws_api_gateway_integration",
      "name": "availability_options",
      "provider": "provider[\"registry.terraform.io/hashicorp/aws\"]",
      "instances": [
        {
          "schema_version": 0,
          "attributes": {
            "cache_key_parameters": [],
            "cache_namespace": "m8d5ag",
            "connection_id": "",
            "connection_type": "INTERNET",
            "content_handling": "",
            "credentials": "",
            "http_method": "OPTIONS",
            "id": "agi-l8y551ksw2-m8d5ag-OPTIONS",
            "integration_http_method": "",
            "passthrough_behavior": "WHEN_NO_MATCH",
            "region": "us-east-1",
            "request_parameters": {},
            "request_templates": {
              "application/json": "{\"statusCode\":200}"
            },
            "resource_id": "m8d5ag",
            "rest_api_id": "l8y551ksw2",
            "timeout_milliseconds": 29000,
            "tls_config": [],
            "type": "MOCK",
            "uri": ""
          },
          "sensitive_attributes": [],
          "identity_schema_version": 0,
          "private": "bnVsbA==",
          "dependencies": [
            "aws_api_gateway_method.availability_options",
            "aws_api_gateway_resource.availability",
            "aws_api_gateway_rest_api.api"
          ],
          "create_before_destroy": true
        }
      ]
    },
    {
      "mode": "managed",
      "type": "aws_api_gateway_integration",
      "name": "book_slot_lambda",
      "provider": "provider[\"registry.terraform.io/hashicorp/aws\"]",
      "instances": [
        {
          "schema_version": 0,
          "attributes": {
            "cache_key_parameters": [],
            "cache_namespace": "8rwu4k",
            "connection_id": "",
            "connection_type": "INTERNET",
            "content_handling": "",
            "credentials": "",
            "http_method": "POST",
            "id": "agi-l8y551ksw2-8rwu4k-POST",
            "integration_http_method": "POST",
            "passthrough_behavior": "WHEN_NO_MATCH",
            "region": "us-east-1",
            "request_parameters": {},
            "request_templates": {},
            "resource_id": "8rwu4k",
            "rest_api_id": "l8y551ksw2",
            "timeout_milliseconds": 29000,
            "tls_config": [],
            "type": "AWS_PROXY",
            "uri": "arn:aws:apigateway:us-east-1:lambda:path/2015-03-31/functions/arn:aws:lambda:us-east-1:370161336954:function:bookslot/invocations"
          },
          "sensitive_attributes": [],
          "identity_schema_version": 0,
          "private": "bnVsbA==",
          "dependencies": [
            "aws_api_gateway_authorizer.cognito_authorizer",
            "aws_api_gateway_method.book_slot",
            "aws_api_gateway_resource.bookings",
            "aws_api_gateway_rest_api.api",
            "aws_iam_role.lambda_quicksight_role",
            "aws_iam_role.lambda_role",
            "aws_lambda_function.lambda",
            "aws_s3_bucket.analytics_bucket",
            "data.archive_file.lambda_zips",
            "data.aws_caller_identity.current",
            "data.aws_cognito_user_pool.main",
            "random_id.bucket_suffix"
          ],
          "create_before_destroy": true
        }
      ]
    },
    {
      "mode": "managed",
      "type": "aws_api_gateway_integration",
      "name": "bookings_options",
      "provider": "provider[\"registry.terraform.io/hashicorp/aws\"]",
      "instances": [
        {
          "schema_version": 0,
          "attributes": {
            "cache_key_parameters": [],
            "cache_namespace": "8rwu4k",
            "connection_id": "",
            "connection_type": "INTERNET",
            "content_handling": "",
            "credentials": "",
            "http_method": "OPTIONS",
            "id": "agi-l8y551ksw2-8rwu4k-OPTIONS",
            "integration_http_method": "",
            "passthrough_behavior": "WHEN_NO_MATCH",
            "region": "us-east-1",
            "request_parameters": {},
            "request_templates": {
              "application/json": "{\"statusCode\":200}"
            },
            "resource_id": "8rwu4k",
            "rest_api_id": "l8y551ksw2",
            "timeout_milliseconds": 29000,
            "tls_config": [],
            "type": "MOCK",
            "uri": ""
          },
          "sensitive_attributes": [],
          "identity_schema_version": 0,
          "private": "bnVsbA==",
          "dependencies": [
            "aws_api_gateway_method.bookings_options",
            "aws_api_gateway_resource.bookings",
            "aws_api_gateway_rest_api.api"
          ],
          "create_before_destroy": true
        }
      ]
    },
    {
      "mode": "managed",
      "type": "aws_api_gateway_integration",
      "name": "cancel_booking_lambda",
      "provider": "provider[\"registry.terraform.io/hashicorp/aws\"]",
      "instances": [
        {
          "schema_version": 0,
          "attributes": {
            "cache_key_parameters": [],
            "cache_namespace": "8rwu4k",
            "connection_id": "",
            "connection_type": "INTERNET",
            "content_handling": "",
            "credentials": "",
            "http_method": "DELETE",
            "id": "agi-l8y551ksw2-8rwu4k-DELETE",
            "integration_http_method": "POST",
            "passthrough_behavior": "WHEN_NO_MATCH",
            "region": "us-east-1",
            "request_parameters": {},
            "request_templates": {},
            "resource_id": "8rwu4k",
            "rest_api_id": "l8y551ksw2",
            "timeout_milliseconds": 29000,
            "tls_config": [],
            "type": "AWS_PROXY",
            "uri": "arn:aws:apigateway:us-east-1:lambda:path/2015-03-31/functions/arn:aws:lambda:us-east-1:370161336954:function:cancelbooking/invocations"
          },
          "sensitive_attributes": [],
          "identity_schema_version": 0,
          "private": "bnVsbA==",
          "dependencies": [
            "aws_api_gateway_authorizer.cognito_authorizer",
            "aws_api_gateway_method.cancel_booking",
            "aws_api_gateway_resource.bookings",
            "aws_api_gateway_rest_api.api",
            "aws_iam_role.lambda_quicksight_role",
            "aws_iam_role.lambda_role",
            "aws_lambda_function.lambda",
            "aws_s3_bucket.analytics_bucket",
            "data.archive_file.lambda_zips",
            "data.aws_caller_identity.current",
            "data.aws_cognito_user_pool.main",
            "random_id.bucket_suffix"
          ],
          "create_before_destroy": true
        }
      ]
    },
    {
      "mode": "managed",
      "type": "aws_api_gateway_integration",
      "name": "embed_url_options",
      "provider": "provider[\"registry.terraform.io/hashicorp/aws\"]",
      "instances": [
        {
          "schema_version": 0,
          "attributes": {
            "cache_key_parameters": [],
            "cache_namespace": "wmi4ej",
            "connection_id": "",
            "connection_type": "INTERNET",
            "content_handling": "",
            "credentials": "",
            "http_method": "OPTIONS",
            "id": "agi-l8y551ksw2-wmi4ej-OPTIONS",
            "integration_http_method": "",
            "passthrough_behavior": "WHEN_NO_MATCH",
            "region": "us-east-1",
            "request_parameters": {},
            "request_templates": {
              "application/json": "{\"statusCode\":200}"
            },
            "resource_id": "wmi4ej",
            "rest_api_id": "l8y551ksw2",
            "timeout_milliseconds": 29000,
            "tls_config": [],
            "type": "MOCK",
            "uri": ""
          },
          "sensitive_attributes": [],
          "identity_schema_version": 0,
          "private": "bnVsbA==",
          "dependencies": [
            "aws_api_gateway_method.embed_url_options",
            "aws_api_gateway_resource.embed_url",
            "aws_api_gateway_rest_api.api"
          ],
          "create_before_destroy": true
        }
      ]
    },
    {
      "mode": "managed",
      "type": "aws_api_gateway_integration",
      "name": "get_availability_lambda",
      "provider": "provider[\"registry.terraform.io/hashicorp/aws\"]",
      "instances": [
        {
          "schema_version": 0,
          "attributes": {
            "cache_key_parameters": [],
            "cache_namespace": "m8d5ag",
            "connection_id": "",
            "connection_type": "INTERNET",
            "content_handling": "",
            "credentials": "",
            "http_method": "GET",
            "id": "agi-l8y551ksw2-m8d5ag-GET",
            "integration_http_method": "POST",
            "passthrough_behavior": "WHEN_NO_MATCH",
            "region": "us-east-1",
            "request_parameters": {},
            "request_templates": {},
            "resource_id": "m8d5ag",
            "rest_api_id": "l8y551ksw2",
            "timeout_milliseconds": 29000,
            "tls_config": [],
            "type": "AWS_PROXY",
            "uri": "arn:aws:apigateway:us-east-1:lambda:path/2015-03-31/functions/arn:aws:lambda:us-east-1:370161336954:function:getavailability/invocations"
          },
          "sensitive_attributes": [],
          "identity_schema_version": 0,
          "private": "bnVsbA==",
          "dependencies": [
            "aws_api_gateway_authorizer.cognito_authorizer",
            "aws_api_gateway_method.get_availability",
            "aws_api_gateway_resource.availability",
            "aws_api_gateway_rest_api.api",
            "aws_iam_role.lambda_quicksight_role",
            "aws_iam_role.lambda_role",
            "aws_lambda_function.lambda",
            "aws_s3_bucket.analytics_bucket",
            "data.archive_file.lambda_zips",
            "data.aws_caller_identity.current",
            "data.aws_cognito_user_pool.main",
            "random_id.bucket_suffix"
          ],
          "create_before_destroy": true
        }
      ]
    },
    {
      "mode": "managed",
      "type": "aws_api_gateway_integration",
      "name": "get_bookings_lambda",
      "provider": "provider[\"registry.terraform.io/hashicorp/aws\"]",
      "instances": [
        {
          "schema_version": 0,
          "attributes": {
            "cache_key_parameters": [],
            "cache_namespace": "8rwu4k",
            "connection_id": "",
            "connection_type": "INTERNET",
            "content_handling": "",
            "credentials": "",
            "http_method": "GET",
            "id": "agi-l8y551ksw2-8rwu4k-GET",
            "integration_http_method": "POST",
            "passthrough_behavior": "WHEN_NO_MATCH",
            "region": "us-east-1",
            "request_parameters": {},
            "request_templates": {},
            "resource_id": "8rwu4k",
            "rest_api_id": "l8y551ksw2",
            "timeout_milliseconds": 29000,
            "tls_config": [],
            "type": "AWS_PROXY",
            "uri": "arn:aws:apigateway:us-east-1:lambda:path/2015-03-31/functions/arn:aws:lambda:us-east-1:370161336954:function:getbookings/invocations"
          },
          "sensitive_attributes": [],
          "identity_schema_version": 0,
          "private": "bnVsbA==",
          "dependencies": [
            "aws_api_gateway_authorizer.cognito_authorizer",
            "aws_api_gateway_method.get_bookings",
            "aws_api_gateway_resource.bookings",
            "aws_api_gateway_rest_api.api",
            "aws_iam_role.lambda_quicksight_role",
            "aws_iam_role.lambda_role",
            "aws_lambda_function.lambda",
            "aws_s3_bucket.analytics_bucket",
            "data.archive_file.lambda_zips",
            "data.aws_caller_identity.current",
            "data.aws_cognito_user_pool.main",
            "random_id.bucket_suffix"
          ],
          "create_before_destroy": true
        }
      ]
    },
    {
      "mode": "managed",
      "type": "aws_api_gateway_integration",
      "name": "get_embed_url_lambda",
      "provider": "provider[\"registry.terraform.io/hashicorp/aws\"]",
      "instances": [
        {
          "schema_version": 0,
          "attributes": {
            "cache_key_parameters": [],
            "cache_namespace": "wmi4ej",
            "connection_id": "",
            "connection_type": "INTERNET",
            "content_handling": "",
            "credentials": "",
            "http_method": "GET",
            "id": "agi-l8y551ksw2-wmi4ej-GET",
            "integration_http_method": "POST",
            "passthrough_behavior": "WHEN_NO_MATCH",
            "region": "us-east-1",
            "request_parameters": {},
            "request_templates": {},
            "resource_id": "wmi4ej",
            "rest_api_id": "l8y551ksw2",
            "timeout_milliseconds": 29000,
            "tls_config": [],
            "type": "AWS_PROXY",
            "uri": "arn:aws:apigateway:us-east-1:lambda:path/2015-03-31/functions/arn:aws:lambda:us-east-1:370161336954:function:getembedurl/invocations"
          },
          "sensitive_attributes": [],
          "identity_schema_version": 0,
          "private": "bnVsbA==",
          "dependencies": [
            "aws_api_gateway_authorizer.cognito_authorizer",
            "aws_api_gateway_method.get_embed_url",
            "aws_api_gateway_resource.embed_url",
            "aws_api_gateway_rest_api.api",
            "aws_iam_role.lambda_quicksight_role",
            "aws_iam_role.lambda_role",
            "aws_lambda_function.lambda",
            "aws_s3_bucket.analytics_bucket",
            "data.archive_file.lambda_zips",
            "data.aws_caller_identity.current",
            "data.aws_cognito_user_pool.main",
            "random_id.bucket_suffix"
          ],
          "create_before_destroy": true
        }
      ]
    },
    {
      "mode": "managed",
      "type": "aws_api_gateway_integration",
      "name": "update_availability_lambda",
      "provider": "provider[\"registry.terraform.io/hashicorp/aws\"]",
      "instances": [
        {
          "schema_version": 0,
          "attributes": {
            "cache_key_parameters": [],
            "cache_namespace": "m8d5ag",
            "connection_id": "",
            "connection_type": "INTERNET",
            "content_handling": "",
            "credentials": "",
            "http_method": "PUT",
            "id": "agi-l8y551ksw2-m8d5ag-PUT",
            "integration_http_method": "POST",
            "passthrough_behavior": "WHEN_NO_MATCH",
            "region": "us-east-1",
            "request_parameters": {},
            "request_templates": {},
            "resource_id": "m8d5ag",
            "rest_api_id": "l8y551ksw2",
            "timeout_milliseconds": 29000,
            "tls_config": [],
            "type": "AWS_PROXY",
            "uri": "arn:aws:apigateway:us-east-1:lambda:path/2015-03-31/functions/arn:aws:lambda:us-east-1:370161336954:function:updateavailability/invocations"
          },
          "sensitive_attributes": [],
          "identity_schema_version": 0,
          "private": "bnVsbA==",
          "dependencies": [
            "aws_api_gateway_authorizer.cognito_authorizer",
            "aws_api_gateway_method.update_availability",
            "aws_api_gateway_resource.availability",
            "aws_api_gateway_rest_api.api",
            "aws_iam_role.lambda_quicksight_role",
            "aws_iam_role.lambda_role",
            "aws_lambda_function.lambda",
            "aws_s3_bucket.analytics_bucket",
            "data.archive_file.lambda_zips",
            "data.aws_caller_identity.current",
            "data.aws_cognito_user_pool.main",
            "random_id.bucket_suffix"
          ],
          "create_before_destroy": true
        }
      ]
    },
    {
      "mode": "managed",
      "type": "aws_api_gateway_integration_response",
      "name": "availability_options",
      "provider": "provider[\"registry.terraform.io/hashicorp/aws\"]",
      "instances": [
        {
          "schema_version": 0,
          "attributes": {
            "content_handling": "",
            "http_method": "OPTIONS",
            "id": "agir-l8y551ksw2-m8d5ag-OPTIONS-200",
            "region": "us-east-1",
            "resource_id": "m8d5ag",
            "response_parameters": {
              "method.response.header.Access-Control-Allow-Headers": "'Content-Type,X-Amz-Date,Authorization,X-Api-Key,X-Amz-Security-Token'",
              "method.response.header.Access-Control-Allow-Methods": "'GET,POST,PUT,OPTIONS'",
              "method.response.header.Access-Control-Allow-Origin": "'*'"
            },
            "response_templates": {},
            "rest_api_id": "l8y551ksw2",
            "selection_pattern": "",
            "status_code": "200"
          },
          "sensitive_attributes": [],
          "identity_schema_version": 0,
          "private": "bnVsbA==",
          "dependencies": [
            "aws_api_gateway_integration.availability_options",
            "aws_api_gateway_method.availability_options",
            "aws_api_gateway_method_response.availability_options",
            "aws_api_gateway_resource.availability",
            "aws_api_gateway_rest_api.api"
          ],
          "create_before_destroy": true
        }
      ]
    },
    {
      "mode": "managed",
      "type": "aws_api_gateway_integration_response",
      "name": "bookings_options",
      "provider": "provider[\"registry.terraform.io/hashicorp/aws\"]",
      "instances": [
        {
          "schema_version": 0,
          "attributes": {
            "content_handling": "",
            "http_method": "OPTIONS",
            "id": "agir-l8y551ksw2-8rwu4k-OPTIONS-200",
            "region": "us-east-1",
            "resource_id": "8rwu4k",
            "response_parameters": {
              "method.response.header.Access-Control-Allow-Headers": "'Content-Type,X-Amz-Date,Authorization,X-Api-Key,X-Amz-Security-Token'",
              "method.response.header.Access-Control-Allow-Methods": "'GET,POST,DELETE,OPTIONS'",
              "method.response.header.Access-Control-Allow-Origin": "'*'"
            },
            "response_templates": {},
            "rest_api_id": "l8y551ksw2",
            "selection_pattern": "",
            "status_code": "200"
          },
          "sensitive_attributes": [],
          "identity_schema_version": 0,
          "private": "bnVsbA==",
          "dependencies": [
            "aws_api_gateway_integration.bookings_options",
            "aws_api_gateway_method.bookings_options",
            "aws_api_gateway_method_response.bookings_options",
            "aws_api_gateway_resource.bookings",
            "aws_api_gateway_rest_api.api"
          ],
          "create_before_destroy": true
        }
      ]
    },
    {
      "mode": "managed",
      "type": "aws_api_gateway_integration_response",
      "name": "embed_url_options",
      "provider": "provider[\"registry.terraform.io/hashicorp/aws\"]",
      "instances": [
        {
          "schema_version": 0,
          "attributes": {
            "content_handling": "",
            "http_method": "OPTIONS",
            "id": "agir-l8y551ksw2-wmi4ej-OPTIONS-200",
            "region": "us-east-1",
            "resource_id": "wmi4ej",
            "response_parameters": {
              "method.response.header.Access-Control-Allow-Headers": "'Content-Type,X-Amz-Date,Authorization,X-Api-Key,X-Amz-Security-Token'",
              "method.response.header.Access-Control-Allow-Methods": "'GET,OPTIONS'",
              "method.response.header.Access-Control-Allow-Origin": "'*'"
            },
            "response_templates": {},
            "rest_api_id": "l8y551ksw2",
            "selection_pattern": "",
            "status_code": "200"
          },
          "sensitive_attributes": [],
          "identity_schema_version": 0,
          "private": "bnVsbA==",
          "dependencies": [
            "aws_api_gateway_integration.embed_url_options",
            "aws_api_gateway_method.embed_url_options",
            "aws_api_gateway_method_response.embed_url_options",
            "aws_api_gateway_resource.embed_url",
            "aws_api_gateway_rest_api.api"
          ],
          "create_before_destroy": true
        }
      ]
    },
    {
      "mode": "managed",
      "type": "aws_api_gateway_integration_response",
      "name": "get_embed_url_200",
      "provider": "provider[\"registry.terraform.io/hashicorp/aws\"]",
      "instances": [
        {
          "schema_version": 0,
          "attributes": {
            "content_handling": "",
            "http_method": "GET",
            "id": "agir-l8y551ksw2-wmi4ej-GET-200",
            "region": "us-east-1",
            "resource_id": "wmi4ej",
            "response_parameters": {
              "method.response.header.Access-Control-Allow-Headers": "'Content-Type,X-Amz-Date,Authorization,X-Api-Key,X-Amz-Security-Token'",
              "method.response.header.Access-Control-Allow-Methods": "'GET,OPTIONS'",
              "method.response.header.Access-Control-Allow-Origin": "'*'"
            },
            "response_templates": {},
            "rest_api_id": "l8y551ksw2",
            "selection_pattern": "",
            "status_code": "200"
          },
          "sensitive_attributes": [],
          "identity_schema_version": 0,
          "private": "bnVsbA==",
          "dependencies": [
            "aws_api_gateway_authorizer.cognito_authorizer",
            "aws_api_gateway_integration.get_embed_url_lambda",
            "aws_api_gateway_method.get_embed_url",
            "aws_api_gateway_method_response.get_embed_url_200",
            "aws_api_gateway_resource.embed_url",
            "aws_api_gateway_rest_api.api",
            "aws_iam_role.lambda_quicksight_role",
            "aws_iam_role.lambda_role",
            "aws_lambda_function.lambda",
            "aws_s3_bucket.analytics_bucket",
            "data.archive_file.lambda_zips",
            "data.aws_caller_identity.current",
            "data.aws_cognito_user_pool.main",
            "random_id.bucket_suffix"
          ],
          "create_before_destroy": true
        }
      ]
    },
    {
      "mode": "managed",
      "type": "aws_api_gateway_integration_response",
      "name": "get_embed_url_400",
      "provider": "provider[\"registry.terraform.io/hashicorp/aws\"]",
      "instances": [
        {
          "schema_version": 0,
          "attributes": {
            "content_handling": "",
            "http_method": "GET",
            "id": "agir-l8y551ksw2-wmi4ej-GET-400",
            "region": "us-east-1",
            "resource_id": "wmi4ej",
            "response_parameters": {
              "method.response.header.Access-Control-Allow-Headers": "'Content-Type,X-Amz-Date,Authorization,X-Api-Key,X-Amz-Security-Token'",
              "method.response.header.Access-Control-Allow-Methods": "'GET,OPTIONS'",
              "method.response.header.Access-Control-Allow-Origin": "'*'"
            },
            "response_templates": {},
            "rest_api_id": "l8y551ksw2",
            "selection_pattern": ".*(Missing|Invalid).*",
            "status_code": "400"
          },
          "sensitive_attributes": [],
          "identity_schema_version": 0,
          "private": "bnVsbA==",
          "dependencies": [
            "aws_api_gateway_authorizer.cognito_authorizer",
            "aws_api_gateway_integration.get_embed_url_lambda",
            "aws_api_gateway_method.get_embed_url",
            "aws_api_gateway_method_response.get_embed_url_400",
            "aws_api_gateway_resource.embed_url",
            "aws_api_gateway_rest_api.api",
            "aws_iam_role.lambda_quicksight_role",
            "aws_iam_role.lambda_role",
            "aws_lambda_function.lambda",
            "aws_s3_bucket.analytics_bucket",
            "data.archive_file.lambda_zips",
            "data.aws_caller_identity.current",
            "data.aws_cognito_user_pool.main",
            "random_id.bucket_suffix"
          ],
          "create_before_destroy": true
        }
      ]
    },
    {
      "mode": "managed",
      "type": "aws_api_gateway_integration_response",
      "name": "get_embed_url_401",
      "provider": "provider[\"registry.terraform.io/hashicorp/aws\"]",
      "instances": [
        {
          "schema_version": 0,
          "attributes": {
            "content_handling": "",
            "http_method": "GET",
            "id": "agir-l8y551ksw2-wmi4ej-GET-401",
            "region": "us-east-1",
            "resource_id": "wmi4ej",
            "response_parameters": {
              "method.response.header.Access-Control-Allow-Headers": "'Content-Type,X-Amz-Date,Authorization,X-Api-Key,X-Amz-Security-Token'",
              "method.response.header.Access-Control-Allow-Methods": "'GET,OPTIONS'",
              "method.response.header.Access-Control-Allow-Origin": "'*'"
            },
            "response_templates": {},
            "rest_api_id": "l8y551ksw2",
            "selection_pattern": ".*Unauthorized.*",
            "status_code": "401"
          },
          "sensitive_attributes": [],
          "identity_schema_version": 0,
          "private": "bnVsbA==",
          "dependencies": [
            "aws_api_gateway_authorizer.cognito_authorizer",
            "aws_api_gateway_integration.get_embed_url_lambda",
            "aws_api_gateway_method.get_embed_url",
            "aws_api_gateway_method_response.get_embed_url_401",
            "aws_api_gateway_resource.embed_url",
            "aws_api_gateway_rest_api.api",
            "aws_iam_role.lambda_quicksight_role",
            "aws_iam_role.lambda_role",
            "aws_lambda_function.lambda",
            "aws_s3_bucket.analytics_bucket",
            "data.archive_file.lambda_zips",
            "data.aws_caller_identity.current",
            "data.aws_cognito_user_pool.main",
            "random_id.bucket_suffix"
          ],
          "create_before_destroy": true
        }
      ]
    },
    {
      "mode": "managed",
      "type": "aws_api_gateway_integration_response",
      "name": "get_embed_url_403",
      "provider": "provider[\"registry.terraform.io/hashicorp/aws\"]",
      "instances": [
        {
          "schema_version": 0,
          "attributes": {
            "content_handling": "",
            "http_method": "GET",
            "id": "agir-l8y551ksw2-wmi4ej-GET-403",
            "region": "us-east-1",
            "resource_id": "wmi4ej",
            "response_parameters": {
              "method.response.header.Access-Control-Allow-Headers": "'Content-Type,X-Amz-Date,Authorization,X-Api-Key,X-Amz-Security-Token'",
              "method.response.header.Access-Control-Allow-Methods": "'GET,OPTIONS'",
              "method.response.header.Access-Control-Allow-Origin": "'*'"
            },
            "response_templates": {},
            "rest_api_id": "l8y551ksw2",
            "selection_pattern": ".*Forbidden.*",
            "status_code": "403"
          },
          "sensitive_attributes": [],
          "identity_schema_version": 0,
          "private": "bnVsbA==",
          "dependencies": [
            "aws_api_gateway_authorizer.cognito_authorizer",
            "aws_api_gateway_integration.get_embed_url_lambda",
            "aws_api_gateway_method.get_embed_url",
            "aws_api_gateway_method_response.get_embed_url_403",
            "aws_api_gateway_resource.embed_url",
            "aws_api_gateway_rest_api.api",
            "aws_iam_role.lambda_quicksight_role",
            "aws_iam_role.lambda_role",
            "aws_lambda_function.lambda",
            "aws_s3_bucket.analytics_bucket",
            "data.archive_file.lambda_zips",
            "data.aws_caller_identity.current",
            "data.aws_cognito_user_pool.main",
            "random_id.bucket_suffix"
          ],
          "create_before_destroy": true
        }
      ]
    },
    {
      "mode": "managed",
      "type": "aws_api_gateway_integration_response",
      "name": "get_embed_url_500",
      "provider": "provider[\"registry.terraform.io/hashicorp/aws\"]",
      "instances": [
        {
          "schema_version": 0,
          "attributes": {
            "content_handling": "",
            "http_method": "GET",
            "id": "agir-l8y551ksw2-wmi4ej-GET-500",
            "region": "us-east-1",
            "resource_id": "wmi4ej",
            "response_parameters": {
              "method.response.header.Access-Control-Allow-Headers": "'Content-Type,X-Amz-Date,Authorization,X-Api-Key,X-Amz-Security-Token'",
              "method.response.header.Access-Control-Allow-Methods": "'GET,OPTIONS'",
              "method.response.header.Access-Control-Allow-Origin": "'*'"
            },
            "response_templates": {},
            "rest_api_id": "l8y551ksw2",
            "selection_pattern": ".*Error.*",
            "status_code": "500"
          },
          "sensitive_attributes": [],
          "identity_schema_version": 0,
          "private": "bnVsbA==",
          "dependencies": [
            "aws_api_gateway_authorizer.cognito_authorizer",
            "aws_api_gateway_integration.get_embed_url_lambda",
            "aws_api_gateway_method.get_embed_url",
            "aws_api_gateway_method_response.get_embed_url_500",
            "aws_api_gateway_resource.embed_url",
            "aws_api_gateway_rest_api.api",
            "aws_iam_role.lambda_quicksight_role",
            "aws_iam_role.lambda_role",
            "aws_lambda_function.lambda",
            "aws_s3_bucket.analytics_bucket",
            "data.archive_file.lambda_zips",
            "data.aws_caller_identity.current",
            "data.aws_cognito_user_pool.main",
            "random_id.bucket_suffix"
          ],
          "create_before_destroy": true
        }
      ]
    },
    {
      "mode": "managed",
      "type": "aws_api_gateway_method",
      "name": "add_availability",
      "provider": "provider[\"registry.terraform.io/hashicorp/aws\"]",
      "instances": [
        {
          "schema_version": 0,
          "attributes": {
            "api_key_required": false,
            "authorization": "COGNITO_USER_POOLS",
            "authorization_scopes": [],
            "authorizer_id": "hk38o2",
            "http_method": "POST",
            "id": "agm-l8y551ksw2-m8d5ag-POST",
            "operation_name": "",
            "region": "us-east-1",
            "request_models": {},
            "request_parameters": {},
            "request_validator_id": "",
            "resource_id": "m8d5ag",
            "rest_api_id": "l8y551ksw2"
          },
          "sensitive_attributes": [],
          "identity_schema_version": 0,
          "private": "bnVsbA==",
          "dependencies": [
            "aws_api_gateway_authorizer.cognito_authorizer",
            "aws_api_gateway_resource.availability",
            "aws_api_gateway_rest_api.api",
            "data.aws_cognito_user_pool.main"
          ],
          "create_before_destroy": true
        }
      ]
    },
    {
      "mode": "managed",
      "type": "aws_api_gateway_method",
      "name": "availability_options",
      "provider": "provider[\"registry.terraform.io/hashicorp/aws\"]",
      "instances": [
        {
          "schema_version": 0,
          "attributes": {
            "api_key_required": false,
            "authorization": "NONE",
            "authorization_scopes": [],
            "authorizer_id": "",
            "http_method": "OPTIONS",
            "id": "agm-l8y551ksw2-m8d5ag-OPTIONS",
            "operation_name": "",
            "region": "us-east-1",
            "request_models": {},
            "request_parameters": {},
            "request_validator_id": "",
            "resource_id": "m8d5ag",
            "rest_api_id": "l8y551ksw2"
          },
          "sensitive_attributes": [],
          "identity_schema_version": 0,
          "private": "bnVsbA==",
          "dependencies": [
            "aws_api_gateway_resource.availability",
            "aws_api_gateway_rest_api.api"
          ],
          "create_before_destroy": true
        }
      ]
    },
    {
      "mode": "managed",
      "type": "aws_api_gateway_method",
      "name": "book_slot",
      "provider": "provider[\"registry.terraform.io/hashicorp/aws\"]",
      "instances": [
        {
          "schema_version": 0,
          "attributes": {
            "api_key_required": false,
            "authorization": "COGNITO_USER_POOLS",
            "authorization_scopes": [],
            "authorizer_id": "hk38o2",
            "http_method": "POST",
            "id": "agm-l8y551ksw2-8rwu4k-POST",
            "operation_name": "",
            "region": "us-east-1",
            "request_models": {},
            "request_parameters": {},
            "request_validator_id": "",
            "resource_id": "8rwu4k",
            "rest_api_id": "l8y551ksw2"
          },
          "sensitive_attributes": [],
          "identity_schema_version": 0,
          "private": "bnVsbA==",
          "dependencies": [
            "aws_api_gateway_authorizer.cognito_authorizer",
            "aws_api_gateway_resource.bookings",
            "aws_api_gateway_rest_api.api",
            "data.aws_cognito_user_pool.main"
          ],
          "create_before_destroy": true
        }
      ]
    },
    {
      "mode": "managed",
      "type": "aws_api_gateway_method",
      "name": "bookings_options",
      "provider": "provider[\"registry.terraform.io/hashicorp/aws\"]",
      "instances": [
        {
          "schema_version": 0,
          "attributes": {
            "api_key_required": false,
            "authorization": "NONE",
            "authorization_scopes": [],
            "authorizer_id": "",
            "http_method": "OPTIONS",
            "id": "agm-l8y551ksw2-8rwu4k-OPTIONS",
            "operation_name": "",
            "region": "us-east-1",
            "request_models": {},
            "request_parameters": {},
            "request_validator_id": "",
            "resource_id": "8rwu4k",
            "rest_api_id": "l8y551ksw2"
          },
          "sensitive_attributes": [],
          "identity_schema_version": 0,
          "private": "bnVsbA==",
          "dependencies": [
            "aws_api_gateway_resource.bookings",
            "aws_api_gateway_rest_api.api"
          ],
          "create_before_destroy": true
        }
      ]
    },
    {
      "mode": "managed",
      "type": "aws_api_gateway_method",
      "name": "cancel_booking",
      "provider": "provider[\"registry.terraform.io/hashicorp/aws\"]",
      "instances": [
        {
          "schema_version": 0,
          "attributes": {
            "api_key_required": false,
            "authorization": "COGNITO_USER_POOLS",
            "authorization_scopes": [],
            "authorizer_id": "hk38o2",
            "http_method": "DELETE",
            "id": "agm-l8y551ksw2-8rwu4k-DELETE",
            "operation_name": "",
            "region": "us-east-1",
            "request_models": {},
            "request_parameters": {},
            "request_validator_id": "",
            "resource_id": "8rwu4k",
            "rest_api_id": "l8y551ksw2"
          },
          "sensitive_attributes": [],
          "identity_schema_version": 0,
          "private": "bnVsbA==",
          "dependencies": [
            "aws_api_gateway_authorizer.cognito_authorizer",
            "aws_api_gateway_resource.bookings",
            "aws_api_gateway_rest_api.api",
            "data.aws_cognito_user_pool.main"
          ],
          "create_before_destroy": true
        }
      ]
    },
    {
      "mode": "managed",
      "type": "aws_api_gateway_method",
      "name": "embed_url_options",
      "provider": "provider[\"registry.terraform.io/hashicorp/aws\"]",
      "instances": [
        {
          "schema_version": 0,
          "attributes": {
            "api_key_required": false,
            "authorization": "NONE",
            "authorization_scopes": [],
            "authorizer_id": "",
            "http_method": "OPTIONS",
            "id": "agm-l8y551ksw2-wmi4ej-OPTIONS",
            "operation_name": "",
            "region": "us-east-1",
            "request_models": {},
            "request_parameters": {},
            "request_validator_id": "",
            "resource_id": "wmi4ej",
            "rest_api_id": "l8y551ksw2"
          },
          "sensitive_attributes": [],
          "identity_schema_version": 0,
          "private": "bnVsbA==",
          "dependencies": [
            "aws_api_gateway_resource.embed_url",
            "aws_api_gateway_rest_api.api"
          ],
          "create_before_destroy": true
        }
      ]
    },
    {
      "mode": "managed",
      "type": "aws_api_gateway_method",
      "name": "get_availability",
      "provider": "provider[\"registry.terraform.io/hashicorp/aws\"]",
      "instances": [
        {
          "schema_version": 0,
          "attributes": {
            "api_key_required": false,
            "authorization": "COGNITO_USER_POOLS",
            "authorization_scopes": [],
            "authorizer_id": "hk38o2",
            "http_method": "GET",
            "id": "agm-l8y551ksw2-m8d5ag-GET",
            "operation_name": "",
            "region": "us-east-1",
            "request_models": {},
            "request_parameters": {},
            "request_validator_id": "",
            "resource_id": "m8d5ag",
            "rest_api_id": "l8y551ksw2"
          },
          "sensitive_attributes": [],
          "identity_schema_version": 0,
          "private": "bnVsbA==",
          "dependencies": [
            "aws_api_gateway_authorizer.cognito_authorizer",
            "aws_api_gateway_resource.availability",
            "aws_api_gateway_rest_api.api",
            "data.aws_cognito_user_pool.main"
          ],
          "create_before_destroy": true
        }
      ]
    },
    {
      "mode": "managed",
      "type": "aws_api_gateway_method",
      "name": "get_bookings",
      "provider": "provider[\"registry.terraform.io/hashicorp/aws\"]",
      "instances": [
        {
          "schema_version": 0,
          "attributes": {
            "api_key_required": false,
            "authorization": "COGNITO_USER_POOLS",
            "authorization_scopes": [],
            "authorizer_id": "hk38o2",
            "http_method": "GET",
            "id": "agm-l8y551ksw2-8rwu4k-GET",
            "operation_name": "",
            "region": "us-east-1",
            "request_models": {},
            "request_parameters": {},
            "request_validator_id": "",
            "resource_id": "8rwu4k",
            "rest_api_id": "l8y551ksw2"
          },
          "sensitive_attributes": [],
          "identity_schema_version": 0,
          "private": "bnVsbA==",
          "dependencies": [
            "aws_api_gateway_authorizer.cognito_authorizer",
            "aws_api_gateway_resource.bookings",
            "aws_api_gateway_rest_api.api",
            "data.aws_cognito_user_pool.main"
          ],
          "create_before_destroy": true
        }
      ]
    },
    {
      "mode": "managed",
      "type": "aws_api_gateway_method",
      "name": "get_embed_url",
      "provider": "provider[\"registry.terraform.io/hashicorp/aws\"]",
      "instances": [
        {
          "schema_version": 0,
          "attributes": {
            "api_key_required": false,
            "authorization": "COGNITO_USER_POOLS",
            "authorization_scopes": [],
            "authorizer_id": "hk38o2",
            "http_method": "GET",
            "id": "agm-l8y551ksw2-wmi4ej-GET",
            "operation_name": "",
            "region": "us-east-1",
            "request_models": {},
            "request_parameters": {},
            "request_validator_id": "",
            "resource_id": "wmi4ej",
            "rest_api_id": "l8y551ksw2"
          },
          "sensitive_attributes": [],
          "identity_schema_version": 0,
          "private": "bnVsbA==",
          "dependencies": [
            "aws_api_gateway_authorizer.cognito_authorizer",
            "aws_api_gateway_resource.embed_url",
            "aws_api_gateway_rest_api.api",
            "data.aws_cognito_user_pool.main"
          ],
          "create_before_destroy": true
        }
      ]
    },
    {
      "mode": "managed",
      "type": "aws_api_gateway_method",
      "name": "update_availability",
      "provider": "provider[\"registry.terraform.io/hashicorp/aws\"]",
      "instances": [
        {
          "schema_version": 0,
          "attributes": {
            "api_key_required": false,
            "authorization": "COGNITO_USER_POOLS",
            "authorization_scopes": [],
            "authorizer_id": "hk38o2",
            "http_method": "PUT",
            "id": "agm-l8y551ksw2-m8d5ag-PUT",
            "operation_name": "",
            "region": "us-east-1",
            "request_models": {},
            "request_parameters": {},
            "request_validator_id": "",
            "resource_id": "m8d5ag",
            "rest_api_id": "l8y551ksw2"
          },
          "sensitive_attributes": [],
          "identity_schema_version": 0,
          "private": "bnVsbA==",
          "dependencies": [
            "aws_api_gateway_authorizer.cognito_authorizer",
            "aws_api_gateway_resource.availability",
            "aws_api_gateway_rest_api.api",
            "data.aws_cognito_user_pool.main"
          ],
          "create_before_destroy": true
        }
      ]
    },
    {
      "mode": "managed",
      "type": "aws_api_gateway_method_response",
      "name": "availability_options",
      "provider": "provider[\"registry.terraform.io/hashicorp/aws\"]",
      "instances": [
        {
          "schema_version": 0,
          "attributes": {
            "http_method": "OPTIONS",
            "id": "agmr-l8y551ksw2-m8d5ag-OPTIONS-200",
            "region": "us-east-1",
            "resource_id": "m8d5ag",
            "response_models": {},
            "response_parameters": {
              "method.response.header.Access-Control-Allow-Headers": true,
              "method.response.header.Access-Control-Allow-Methods": true,
              "method.response.header.Access-Control-Allow-Origin": true
            },
            "rest_api_id": "l8y551ksw2",
            "status_code": "200"
          },
          "sensitive_attributes": [],
          "identity_schema_version": 0,
          "private": "bnVsbA==",
          "dependencies": [
            "aws_api_gateway_method.availability_options",
            "aws_api_gateway_resource.availability",
            "aws_api_gateway_rest_api.api"
          ],
          "create_before_destroy": true
        }
      ]
    },
    {
      "mode": "managed",
      "type": "aws_api_gateway_method_response",
      "name": "bookings_options",
      "provider": "provider[\"registry.terraform.io/hashicorp/aws\"]",
      "instances": [
        {
          "schema_version": 0,
          "attributes": {
            "http_method": "OPTIONS",
            "id": "agmr-l8y551ksw2-8rwu4k-OPTIONS-200",
            "region": "us-east-1",
            "resource_id": "8rwu4k",
            "response_models": {},
            "response_parameters": {
              "method.response.header.Access-Control-Allow-Headers": true,
              "method.response.header.Access-Control-Allow-Methods": true,
              "method.response.header.Access-Control-Allow-Origin": true
            },
            "rest_api_id": "l8y551ksw2",
            "status_code": "200"
          },
          "sensitive_attributes": [],
          "identity_schema_version": 0,
          "private": "bnVsbA==",
          "dependencies": [
            "aws_api_gateway_method.bookings_options",
            "aws_api_gateway_resource.bookings",
            "aws_api_gateway_rest_api.api"
          ],
          "create_before_destroy": true
        }
      ]
    },
    {
      "mode": "managed",
      "type": "aws_api_gateway_method_response",
      "name": "embed_url_options",
      "provider": "provider[\"registry.terraform.io/hashicorp/aws\"]",
      "instances": [
        {
          "schema_version": 0,
          "attributes": {
            "http_method": "OPTIONS",
            "id": "agmr-l8y551ksw2-wmi4ej-OPTIONS-200",
            "region": "us-east-1",
            "resource_id": "wmi4ej",
            "response_models": {},
            "response_parameters": {
              "method.response.header.Access-Control-Allow-Headers": true,
              "method.response.header.Access-Control-Allow-Methods": true,
              "method.response.header.Access-Control-Allow-Origin": true
            },
            "rest_api_id": "l8y551ksw2",
            "status_code": "200"
          },
          "sensitive_attributes": [],
          "identity_schema_version": 0,
          "private": "bnVsbA==",
          "dependencies": [
            "aws_api_gateway_method.embed_url_options",
            "aws_api_gateway_resource.embed_url",
            "aws_api_gateway_rest_api.api"
          ],
          "create_before_destroy": true
        }
      ]
    },
    {
      "mode": "managed",
      "type": "aws_api_gateway_method_response",
      "name": "get_embed_url_200",
      "provider": "provider[\"registry.terraform.io/hashicorp/aws\"]",
      "instances": [
        {
          "schema_version": 0,
          "attributes": {
            "http_method": "GET",
            "id": "agmr-l8y551ksw2-wmi4ej-GET-200",
            "region": "us-east-1",
            "resource_id": "wmi4ej",
            "response_models": {},
            "response_parameters": {
              "method.response.header.Access-Control-Allow-Headers": true,
              "method.response.header.Access-Control-Allow-Methods": true,
              "method.response.header.Access-Control-Allow-Origin": true
            },
            "rest_api_id": "l8y551ksw2",
            "status_code": "200"
          },
          "sensitive_attributes": [],
          "identity_schema_version": 0,
          "private": "bnVsbA==",
          "dependencies": [
            "aws_api_gateway_authorizer.cognito_authorizer",
            "aws_api_gateway_method.get_embed_url",
            "aws_api_gateway_resource.embed_url",
            "aws_api_gateway_rest_api.api",
            "data.aws_cognito_user_pool.main"
          ],
          "create_before_destroy": true
        }
      ]
    },
    {
      "mode": "managed",
      "type": "aws_api_gateway_method_response",
      "name": "get_embed_url_400",
      "provider": "provider[\"registry.terraform.io/hashicorp/aws\"]",
      "instances": [
        {
          "schema_version": 0,
          "attributes": {
            "http_method": "GET",
            "id": "agmr-l8y551ksw2-wmi4ej-GET-400",
            "region": "us-east-1",
            "resource_id": "wmi4ej",
            "response_models": {},
            "response_parameters": {
              "method.response.header.Access-Control-Allow-Headers": true,
              "method.response.header.Access-Control-Allow-Methods": true,
              "method.response.header.Access-Control-Allow-Origin": true
            },
            "rest_api_id": "l8y551ksw2",
            "status_code": "400"
          },
          "sensitive_attributes": [],
          "identity_schema_version": 0,
          "private": "bnVsbA==",
          "dependencies": [
            "aws_api_gateway_authorizer.cognito_authorizer",
            "aws_api_gateway_method.get_embed_url",
            "aws_api_gateway_resource.embed_url",
            "aws_api_gateway_rest_api.api",
            "data.aws_cognito_user_pool.main"
          ],
          "create_before_destroy": true
        }
      ]
    },
    {
      "mode": "managed",
      "type": "aws_api_gateway_method_response",
      "name": "get_embed_url_401",
      "provider": "provider[\"registry.terraform.io/hashicorp/aws\"]",
      "instances": [
        {
          "schema_version": 0,
          "attributes": {
            "http_method": "GET",
            "id": "agmr-l8y551ksw2-wmi4ej-GET-401",
            "region": "us-east-1",
            "resource_id": "wmi4ej",
            "response_models": {},
            "response_parameters": {
              "method.response.header.Access-Control-Allow-Headers": true,
              "method.response.header.Access-Control-Allow-Methods": true,
              "method.response.header.Access-Control-Allow-Origin": true
            },
            "rest_api_id": "l8y551ksw2",
            "status_code": "401"
          },
          "sensitive_attributes": [],
          "identity_schema_version": 0,
          "private": "bnVsbA==",
          "dependencies": [
            "aws_api_gateway_authorizer.cognito_authorizer",
            "aws_api_gateway_method.get_embed_url",
            "aws_api_gateway_resource.embed_url",
            "aws_api_gateway_rest_api.api",
            "data.aws_cognito_user_pool.main"
          ],
          "create_before_destroy": true
        }
      ]
    },
    {
      "mode": "managed",
      "type": "aws_api_gateway_method_response",
      "name": "get_embed_url_403",
      "provider": "provider[\"registry.terraform.io/hashicorp/aws\"]",
      "instances": [
        {
          "schema_version": 0,
          "attributes": {
            "http_method": "GET",
            "id": "agmr-l8y551ksw2-wmi4ej-GET-403",
            "region": "us-east-1",
            "resource_id": "wmi4ej",
            "response_models": {},
            "response_parameters": {
              "method.response.header.Access-Control-Allow-Headers": true,
              "method.response.header.Access-Control-Allow-Methods": true,
              "method.response.header.Access-Control-Allow-Origin": true
            },
            "rest_api_id": "l8y551ksw2",
            "status_code": "403"
          },
          "sensitive_attributes": [],
          "identity_schema_version": 0,
          "private": "bnVsbA==",
          "dependencies": [
            "aws_api_gateway_authorizer.cognito_authorizer",
            "aws_api_gateway_method.get_embed_url",
            "aws_api_gateway_resource.embed_url",
            "aws_api_gateway_rest_api.api",
            "data.aws_cognito_user_pool.main"
          ],
          "create_before_destroy": true
        }
      ]
    },
    {
      "mode": "managed",
      "type": "aws_api_gateway_method_response",
      "name": "get_embed_url_500",
      "provider": "provider[\"registry.terraform.io/hashicorp/aws\"]",
      "instances": [
        {
          "schema_version": 0,
          "attributes": {
            "http_method": "GET",
            "id": "agmr-l8y551ksw2-wmi4ej-GET-500",
            "region": "us-east-1",
            "resource_id": "wmi4ej",
            "response_models": {},
            "response_parameters": {
              "method.response.header.Access-Control-Allow-Headers": true,
              "method.response.header.Access-Control-Allow-Methods": true,
              "method.response.header.Access-Control-Allow-Origin": true
            },
            "rest_api_id": "l8y551ksw2",
            "status_code": "500"
          },
          "sensitive_attributes": [],
          "identity_schema_version": 0,
          "private": "bnVsbA==",
          "dependencies": [
            "aws_api_gateway_authorizer.cognito_authorizer",
            "aws_api_gateway_method.get_embed_url",
            "aws_api_gateway_resource.embed_url",
            "aws_api_gateway_rest_api.api",
            "data.aws_cognito_user_pool.main"
          ],
          "create_before_destroy": true
        }
      ]
    },
    {
      "mode": "managed",
      "type": "aws_api_gateway_resource",
      "name": "availability",
      "provider": "provider[\"registry.terraform.io/hashicorp/aws\"]",
      "instances": [
        {
          "schema_version": 0,
          "attributes": {
            "id": "m8d5ag",
            "parent_id": "lh3azd6x30",
            "path": "/availability",
            "path_part": "availability",
            "region": "us-east-1",
            "rest_api_id": "l8y551ksw2"
          },
          "sensitive_attributes": [],
          "identity_schema_version": 0,
          "private": "bnVsbA==",
          "dependencies": [
            "aws_api_gateway_rest_api.api"
          ],
          "create_before_destroy": true
        }
      ]
    },
    {
      "mode": "managed",
      "type": "aws_api_gateway_resource",
      "name": "bookings",
      "provider": "provider[\"registry.terraform.io/hashicorp/aws\"]",
      "instances": [
        {
          "schema_version": 0,
          "attributes": {
            "id": "8rwu4k",
            "parent_id": "lh3azd6x30",
            "path": "/bookings",
            "path_part": "bookings",
            "region": "us-east-1",
            "rest_api_id": "l8y551ksw2"
          },
          "sensitive_attributes": [],
          "identity_schema_version": 0,
          "private": "bnVsbA==",
          "dependencies": [
            "aws_api_gateway_rest_api.api"
          ],
          "create_before_destroy": true
        }
      ]
    },
    {
      "mode": "managed",
      "type": "aws_api_gateway_resource",
      "name": "embed_url",
      "provider": "provider[\"registry.terraform.io/hashicorp/aws\"]",
      "instances": [
        {
          "schema_version": 0,
          "attributes": {
            "id": "wmi4ej",
            "parent_id": "lh3azd6x30",
            "path": "/embed-url",
            "path_part": "embed-url",
            "region": "us-east-1",
            "rest_api_id": "l8y551ksw2"
          },
          "sensitive_attributes": [],
          "identity_schema_version": 0,
          "private": "bnVsbA==",
          "dependencies": [
            "aws_api_gateway_rest_api.api"
          ],
          "create_before_destroy": true
        }
      ]
    },
    {
      "mode": "managed",
      "type": "aws_api_gateway_rest_api",
      "name": "api",
      "provider": "provider[\"registry.terraform.io/hashicorp/aws\"]",
      "instances": [
        {
          "schema_version": 0,
          "attributes": {
            "api_key_source": "HEADER",
            "arn": "arn:aws:apigateway:us-east-1::/restapis/l8y551ksw2",
            "binary_media_types": [],
            "body": null,
            "created_date": "2025-07-31T05:00:32Z",
            "description": "API for DALSScooter application",
            "disable_execute_api_endpoint": false,
            "endpoint_configuration": [
              {
                "ip_address_type": "ipv4",
                "types": [
                  "EDGE"
                ],
                "vpc_endpoint_ids": []
              }
            ],
            "execution_arn": "arn:aws:execute-api:us-east-1:370161336954:l8y551ksw2",
            "fail_on_warnings": null,
            "id": "l8y551ksw2",
            "minimum_compression_size": "",
            "name": "DALSScooterAPI",
            "parameters": null,
            "policy": "",
            "put_rest_api_mode": null,
            "region": "us-east-1",
            "root_resource_id": "lh3azd6x30",
            "tags": {},
            "tags_all": {}
          },
          "sensitive_attributes": [],
          "identity_schema_version": 0,
          "private": "bnVsbA==",
          "create_before_destroy": true
        }
      ]
    },
    {
      "mode": "managed",
      "type": "aws_api_gateway_stage",
      "name": "prod",
      "provider": "provider[\"registry.terraform.io/hashicorp/aws\"]",
      "instances": [
        {
          "schema_version": 0,
          "attributes": {
            "access_log_settings": [],
            "arn": "arn:aws:apigateway:us-east-1::/restapis/l8y551ksw2/stages/prod",
            "cache_cluster_enabled": false,
            "cache_cluster_size": "",
            "canary_settings": [],
            "client_certificate_id": "",
            "deployment_id": "8k309q",
            "description": "",
            "documentation_version": "",
            "execution_arn": "arn:aws:execute-api:us-east-1:370161336954:l8y551ksw2/prod",
            "id": "ags-l8y551ksw2-prod",
            "invoke_url": "https://l8y551ksw2.execute-api.us-east-1.amazonaws.com/prod",
            "region": "us-east-1",
            "rest_api_id": "l8y551ksw2",
            "stage_name": "prod",
            "tags": {},
            "tags_all": {},
            "variables": {},
            "web_acl_arn": "",
            "xray_tracing_enabled": false
          },
          "sensitive_attributes": [],
          "identity_schema_version": 0,
          "private": "bnVsbA==",
          "dependencies": [
            "aws_api_gateway_authorizer.cognito_authorizer",
            "aws_api_gateway_deployment.api_deployment",
            "aws_api_gateway_integration.add_availability_lambda",
            "aws_api_gateway_integration.availability_options",
            "aws_api_gateway_integration.book_slot_lambda",
            "aws_api_gateway_integration.bookings_options",
            "aws_api_gateway_integration.cancel_booking_lambda",
            "aws_api_gateway_integration.embed_url_options",
            "aws_api_gateway_integration.get_availability_lambda",
            "aws_api_gateway_integration.get_bookings_lambda",
            "aws_api_gateway_integration.get_embed_url_lambda",
            "aws_api_gateway_integration.update_availability_lambda",
            "aws_api_gateway_integration_response.availability_options",
            "aws_api_gateway_integration_response.bookings_options",
            "aws_api_gateway_integration_response.embed_url_options",
            "aws_api_gateway_integration_response.get_embed_url_200",
            "aws_api_gateway_integration_response.get_embed_url_400",
            "aws_api_gateway_integration_response.get_embed_url_401",
            "aws_api_gateway_integration_response.get_embed_url_403",
            "aws_api_gateway_integration_response.get_embed_url_500",
            "aws_api_gateway_method.add_availability",
            "aws_api_gateway_method.availability_options",
            "aws_api_gateway_method.book_slot",
            "aws_api_gateway_method.bookings_options",
            "aws_api_gateway_method.cancel_booking",
            "aws_api_gateway_method.embed_url_options",
            "aws_api_gateway_method.get_availability",
            "aws_api_gateway_method.get_bookings",
            "aws_api_gateway_method.get_embed_url",
            "aws_api_gateway_method.update_availability",
            "aws_api_gateway_method_response.availability_options",
            "aws_api_gateway_method_response.bookings_options",
            "aws_api_gateway_method_response.embed_url_options",
            "aws_api_gateway_method_response.get_embed_url_200",
            "aws_api_gateway_method_response.get_embed_url_400",
            "aws_api_gateway_method_response.get_embed_url_401",
            "aws_api_gateway_method_response.get_embed_url_403",
            "aws_api_gateway_method_response.get_embed_url_500",
            "aws_api_gateway_resource.availability",
            "aws_api_gateway_resource.bookings",
            "aws_api_gateway_resource.embed_url",
            "aws_api_gateway_rest_api.api",
            "aws_iam_role.lambda_quicksight_role",
            "aws_iam_role.lambda_role",
            "aws_lambda_function.lambda",
            "aws_s3_bucket.analytics_bucket",
            "data.archive_file.lambda_zips",
            "data.aws_caller_identity.current",
            "data.aws_cognito_user_pool.main",
            "random_id.bucket_suffix"
          ]
        }
      ]
    },
    {
      "mode": "managed",
      "type": "aws_cloudwatch_event_rule",
      "name": "cognito_group_change",
      "provider": "provider[\"registry.terraform.io/hashicorp/aws\"]",
      "instances": [
        {
          "schema_version": 1,
          "attributes": {
            "arn": "arn:aws:events:us-east-1:370161336954:rule/CognitoGroupChange",
            "description": "Capture Cognito group membership changes",
            "event_bus_name": "default",
            "event_pattern": "{\"detail\":{\"eventName\":[\"AdminAddUserToGroup\",\"AdminRemoveUserFromGroup\"],\"eventSource\":[\"cognito-idp.amazonaws.com\"]},\"detail-type\":[\"AWS API Call via CloudTrail\"],\"source\":[\"aws.cognito-idp\"]}",
            "force_destroy": false,
            "id": "CognitoGroupChange",
            "is_enabled": true,
            "name": "CognitoGroupChange",
            "name_prefix": "",
            "region": "us-east-1",
            "role_arn": "",
            "schedule_expression": "",
            "state": "ENABLED",
            "tags": {},
            "tags_all": {}
          },
          "sensitive_attributes": [],
          "identity_schema_version": 0,
          "private": "eyJzY2hlbWFfdmVyc2lvbiI6IjEifQ=="
        }
      ]
    },
    {
      "mode": "managed",
      "type": "aws_cloudwatch_event_rule",
      "name": "export_dynamodb_schedule",
      "provider": "provider[\"registry.terraform.io/hashicorp/aws\"]",
      "instances": [
        {
          "schema_version": 1,
          "attributes": {
            "arn": "arn:aws:events:us-east-1:370161336954:rule/ExportDynamoDBToS3",
            "description": "Trigger DynamoDB export to S3 daily",
            "event_bus_name": "default",
            "event_pattern": null,
            "force_destroy": false,
            "id": "ExportDynamoDBToS3",
            "is_enabled": true,
            "name": "ExportDynamoDBToS3",
            "name_prefix": "",
            "region": "us-east-1",
            "role_arn": "",
            "schedule_expression": "cron(0 0,6,12,18 * * ? *)",
            "state": "ENABLED",
            "tags": {},
            "tags_all": {}
          },
          "sensitive_attributes": [],
          "identity_schema_version": 0,
          "private": "eyJzY2hlbWFfdmVyc2lvbiI6IjEifQ=="
        }
      ]
    },
    {
      "mode": "managed",
      "type": "aws_cloudwatch_event_target",
      "name": "export_dynamodb_to_s3",
      "provider": "provider[\"registry.terraform.io/hashicorp/aws\"]",
      "instances": [
        {
          "schema_version": 1,
          "attributes": {
            "appsync_target": [],
            "arn": "arn:aws:lambda:us-east-1:370161336954:function:exportdynamodbtos3",
            "batch_target": [],
            "dead_letter_config": [],
            "ecs_target": [],
            "event_bus_name": "default",
            "force_destroy": false,
            "http_target": [],
            "id": "ExportDynamoDBToS3-ExportDynamoDBToS3",
            "input": "",
            "input_path": "",
            "input_transformer": [],
            "kinesis_target": [],
            "redshift_target": [],
            "region": "us-east-1",
            "retry_policy": [],
            "role_arn": "",
            "rule": "ExportDynamoDBToS3",
            "run_command_targets": [],
            "sagemaker_pipeline_target": [],
            "sqs_target": [],
            "target_id": "ExportDynamoDBToS3"
          },
          "sensitive_attributes": [],
          "identity_schema_version": 0,
          "private": "eyJzY2hlbWFfdmVyc2lvbiI6IjEifQ==",
          "dependencies": [
            "aws_cloudwatch_event_rule.export_dynamodb_schedule",
            "aws_iam_role.lambda_quicksight_role",
            "aws_iam_role.lambda_role",
            "aws_lambda_function.lambda",
            "aws_s3_bucket.analytics_bucket",
            "data.archive_file.lambda_zips",
            "data.aws_caller_identity.current",
            "data.aws_cognito_user_pool.main",
            "random_id.bucket_suffix"
          ]
        }
      ]
    },
    {
      "mode": "managed",
      "type": "aws_cloudwatch_event_target",
      "name": "sync_quicksight_users",
      "provider": "provider[\"registry.terraform.io/hashicorp/aws\"]",
      "instances": [
        {
          "schema_version": 1,
          "attributes": {
            "appsync_target": [],
            "arn": "arn:aws:lambda:us-east-1:370161336954:function:syncquicksightusers",
            "batch_target": [],
            "dead_letter_config": [],
            "ecs_target": [],
            "event_bus_name": "default",
            "force_destroy": false,
            "http_target": [],
            "id": "CognitoGroupChange-SyncQuickSightUsers",
            "input": "",
            "input_path": "",
            "input_transformer": [],
            "kinesis_target": [],
            "redshift_target": [],
            "region": "us-east-1",
            "retry_policy": [],
            "role_arn": "",
            "rule": "CognitoGroupChange",
            "run_command_targets": [],
            "sagemaker_pipeline_target": [],
            "sqs_target": [],
            "target_id": "SyncQuickSightUsers"
          },
          "sensitive_attributes": [],
          "identity_schema_version": 0,
          "private": "eyJzY2hlbWFfdmVyc2lvbiI6IjEifQ==",
          "dependencies": [
            "aws_cloudwatch_event_rule.cognito_group_change",
            "aws_iam_role.lambda_quicksight_role",
            "aws_iam_role.lambda_role",
            "aws_lambda_function.lambda",
            "aws_s3_bucket.analytics_bucket",
            "data.archive_file.lambda_zips",
            "data.aws_caller_identity.current",
            "data.aws_cognito_user_pool.main",
            "random_id.bucket_suffix"
          ]
        }
      ]
    },
    {
      "mode": "managed",
      "type": "aws_dynamodb_table",
      "name": "availability",
      "provider": "provider[\"registry.terraform.io/hashicorp/aws\"]",
      "instances": [
        {
          "schema_version": 1,
          "attributes": {
            "arn": "arn:aws:dynamodb:us-east-1:370161336954:table/Availability",
            "attribute": [
              {
                "name": "bike_id",
                "type": "S"
              },
              {
                "name": "slot_id",
                "type": "S"
              }
            ],
            "billing_mode": "PAY_PER_REQUEST",
            "deletion_protection_enabled": false,
            "global_secondary_index": [],
            "hash_key": "bike_id",
            "id": "Availability",
            "import_table": [],
            "local_secondary_index": [],
            "name": "Availability",
            "on_demand_throughput": [],
            "point_in_time_recovery": [
              {
                "enabled": false,
                "recovery_period_in_days": 0
              }
            ],
            "range_key": "slot_id",
            "read_capacity": 0,
            "region": "us-east-1",
            "replica": [],
            "restore_date_time": null,
            "restore_source_name": null,
            "restore_source_table_arn": null,
            "restore_to_latest_time": null,
            "server_side_encryption": [],
            "stream_arn": "",
            "stream_enabled": false,
            "stream_label": "",
            "stream_view_type": "",
            "table_class": "STANDARD",
            "tags": {},
            "tags_all": {},
            "timeouts": null,
            "ttl": [
              {
                "attribute_name": "",
                "enabled": false
              }
            ],
            "write_capacity": 0
          },
          "sensitive_attributes": [],
          "identity_schema_version": 0,
          "private": "eyJlMmJmYjczMC1lY2FhLTExZTYtOGY4OC0zNDM2M2JjN2M0YzAiOnsiY3JlYXRlIjoxODAwMDAwMDAwMDAwLCJkZWxldGUiOjYwMDAwMDAwMDAwMCwidXBkYXRlIjozNjAwMDAwMDAwMDAwfSwic2NoZW1hX3ZlcnNpb24iOiIxIn0="
        }
      ]
    },
    {
      "mode": "managed",
      "type": "aws_dynamodb_table",
      "name": "bookings",
      "provider": "provider[\"registry.terraform.io/hashicorp/aws\"]",
      "instances": [
        {
          "schema_version": 1,
          "attributes": {
            "arn": "arn:aws:dynamodb:us-east-1:370161336954:table/Bookings",
            "attribute": [
              {
                "name": "booking_reference",
                "type": "S"
              },
              {
                "name": "user_id",
                "type": "S"
              }
            ],
            "billing_mode": "PAY_PER_REQUEST",
            "deletion_protection_enabled": false,
            "global_secondary_index": [
              {
                "hash_key": "user_id",
                "name": "UserIdIndex",
                "non_key_attributes": [],
                "on_demand_throughput": [],
                "projection_type": "ALL",
                "range_key": "",
                "read_capacity": 0,
                "write_capacity": 0
              }
            ],
            "hash_key": "booking_reference",
            "id": "Bookings",
            "import_table": [],
            "local_secondary_index": [],
            "name": "Bookings",
            "on_demand_throughput": [],
            "point_in_time_recovery": [
              {
                "enabled": false,
                "recovery_period_in_days": 0
              }
            ],
            "range_key": null,
            "read_capacity": 0,
            "region": "us-east-1",
            "replica": [],
            "restore_date_time": null,
            "restore_source_name": null,
            "restore_source_table_arn": null,
            "restore_to_latest_time": null,
            "server_side_encryption": [],
            "stream_arn": "",
            "stream_enabled": false,
            "stream_label": "",
            "stream_view_type": "",
            "table_class": "STANDARD",
            "tags": {},
            "tags_all": {},
            "timeouts": null,
            "ttl": [
              {
                "attribute_name": "",
                "enabled": false
              }
            ],
            "write_capacity": 0
          },
          "sensitive_attributes": [],
          "identity_schema_version": 0,
          "private": "eyJlMmJmYjczMC1lY2FhLTExZTYtOGY4OC0zNDM2M2JjN2M0YzAiOnsiY3JlYXRlIjoxODAwMDAwMDAwMDAwLCJkZWxldGUiOjYwMDAwMDAwMDAwMCwidXBkYXRlIjozNjAwMDAwMDAwMDAwfSwic2NoZW1hX3ZlcnNpb24iOiIxIn0="
        }
      ]
    },
    {
      "mode": "managed",
      "type": "aws_glue_catalog_database",
      "name": "analytics_db",
      "provider": "provider[\"registry.terraform.io/hashicorp/aws\"]",
      "instances": [
        {
          "schema_version": 0,
          "attributes": {
            "arn": "arn:aws:glue:us-east-1:370161336954:database/dalscooter_analytics",
            "catalog_id": "370161336954",
            "create_table_default_permission": [
              {
                "permissions": [
                  "ALL"
                ],
                "principal": [
                  {
                    "data_lake_principal_identifier": "IAM_ALLOWED_PRINCIPALS"
                  }
                ]
              }
            ],
            "description": "",
            "federated_database": [],
            "id": "370161336954:dalscooter_analytics",
            "location_uri": "",
            "name": "dalscooter_analytics",
            "parameters": {},
            "region": "us-east-1",
            "tags": {},
            "tags_all": {},
            "target_database": []
          },
          "sensitive_attributes": [],
          "identity_schema_version": 0,
          "private": "bnVsbA=="
        }
      ]
    },
    {
      "mode": "managed",
      "type": "aws_glue_crawler",
      "name": "logins_crawler",
      "provider": "provider[\"registry.terraform.io/hashicorp/aws\"]",
      "instances": [
        {
          "schema_version": 0,
          "attributes": {
            "arn": "arn:aws:glue:us-east-1:370161336954:crawler/logins-crawler",
            "catalog_target": [],
            "classifiers": [],
            "configuration": "{\"Version\":1.0,\"CrawlerOutput\":{\"Tables\":{\"AddOrUpdateBehavior\":\"MergeNewColumns\"}},\"Grouping\":{\"TableGroupingPolicy\":\"CombineCompatibleSchemas\"}}",
            "database_name": "dalscooter_analytics",
            "delta_target": [],
            "description": "",
            "dynamodb_target": [],
            "hudi_target": [],
            "iceberg_target": [],
            "id": "logins-crawler",
            "jdbc_target": [],
            "lake_formation_configuration": [
              {
                "account_id": "",
                "use_lake_formation_credentials": false
              }
            ],
            "lineage_configuration": [
              {
                "crawler_lineage_settings": "DISABLE"
              }
            ],
            "mongodb_target": [],
            "name": "logins-crawler",
            "recrawl_policy": [
              {
                "recrawl_behavior": "CRAWL_EVERYTHING"
              }
            ],
            "region": "us-east-1",
            "role": "glue-crawler-role",
            "s3_target": [
              {
                "connection_name": "",
                "dlq_event_queue_arn": "",
                "event_queue_arn": "",
                "exclusions": [
                  "**/manifest-files*",
                  "**/manifest-summary*",
                  "**/*.md5"
                ],
                "path": "s3://dalscooter-dynamodb-exports-370161336954-19eaa5dd/logins/AWSDynamoDB/data/",
                "sample_size": 0
              }
            ],
            "schedule": "cron(10 0,6,12,18 * * ? *)",
            "schema_change_policy": [
              {
                "delete_behavior": "DEPRECATE_IN_DATABASE",
                "update_behavior": "UPDATE_IN_DATABASE"
              }
            ],
            "security_configuration": "",
            "table_prefix": "logins_data_",
            "tags": {},
            "tags_all": {}
          },
          "sensitive_attributes": [],
          "identity_schema_version": 0,
          "private": "bnVsbA==",
          "dependencies": [
            "aws_glue_catalog_database.analytics_db",
            "aws_iam_role.glue_crawler_role",
            "aws_s3_bucket.analytics_bucket",
            "random_id.bucket_suffix"
          ]
        }
      ]
    },
    {
      "mode": "managed",
      "type": "aws_glue_crawler",
      "name": "logins_processed_crawler",
      "provider": "provider[\"registry.terraform.io/hashicorp/aws\"]",
      "instances": [
        {
          "schema_version": 0,
          "attributes": {
            "arn": "arn:aws:glue:us-east-1:370161336954:crawler/logins-processed-crawler",
            "catalog_target": [],
            "classifiers": null,
            "configuration": "{\"Version\":1.0,\"CrawlerOutput\":{\"Tables\":{\"AddOrUpdateBehavior\":\"MergeNewColumns\"}},\"Grouping\":{\"TableGroupingPolicy\":\"CombineCompatibleSchemas\"}}",
            "database_name": "dalscooter_analytics",
            "delta_target": [],
            "description": "",
            "dynamodb_target": [],
            "hudi_target": [],
            "iceberg_target": [],
            "id": "logins-processed-crawler",
            "jdbc_target": [],
            "lake_formation_configuration": [
              {
                "account_id": "",
                "use_lake_formation_credentials": false
              }
            ],
            "lineage_configuration": [
              {
                "crawler_lineage_settings": "DISABLE"
              }
            ],
            "mongodb_target": [],
            "name": "logins-processed-crawler",
            "recrawl_policy": [
              {
                "recrawl_behavior": "CRAWL_EVERYTHING"
              }
            ],
            "region": "us-east-1",
            "role": "glue-crawler-role",
            "s3_target": [
              {
                "connection_name": "",
                "dlq_event_queue_arn": "",
                "event_queue_arn": "",
                "exclusions": null,
                "path": "s3://dalscooter-dynamodb-exports-370161336954-19eaa5dd/logins/processed/",
                "sample_size": 0
              }
            ],
            "schedule": "cron(15 0,6,12,18 * * ? *)",
            "schema_change_policy": [
              {
                "delete_behavior": "DEPRECATE_IN_DATABASE",
                "update_behavior": "UPDATE_IN_DATABASE"
              }
            ],
            "security_configuration": "",
            "table_prefix": "logins_data_",
            "tags": null,
            "tags_all": {}
          },
          "sensitive_attributes": [],
          "identity_schema_version": 0,
          "private": "bnVsbA==",
          "dependencies": [
            "aws_glue_catalog_database.analytics_db",
            "aws_iam_role.glue_crawler_role",
            "aws_s3_bucket.analytics_bucket",
            "random_id.bucket_suffix"
          ]
        }
      ]
    },
    {
      "mode": "managed",
      "type": "aws_glue_crawler",
      "name": "users_crawler",
      "provider": "provider[\"registry.terraform.io/hashicorp/aws\"]",
      "instances": [
        {
          "schema_version": 0,
          "attributes": {
            "arn": "arn:aws:glue:us-east-1:370161336954:crawler/users-crawler",
            "catalog_target": [],
            "classifiers": [],
            "configuration": "{\"Version\":1.0,\"CrawlerOutput\":{\"Tables\":{\"AddOrUpdateBehavior\":\"MergeNewColumns\"}},\"Grouping\":{\"TableGroupingPolicy\":\"CombineCompatibleSchemas\"}}",
            "database_name": "dalscooter_analytics",
            "delta_target": [],
            "description": "",
            "dynamodb_target": [],
            "hudi_target": [],
            "iceberg_target": [],
            "id": "users-crawler",
            "jdbc_target": [],
            "lake_formation_configuration": [
              {
                "account_id": "",
                "use_lake_formation_credentials": false
              }
            ],
            "lineage_configuration": [
              {
                "crawler_lineage_settings": "DISABLE"
              }
            ],
            "mongodb_target": [],
            "name": "users-crawler",
            "recrawl_policy": [
              {
                "recrawl_behavior": "CRAWL_EVERYTHING"
              }
            ],
            "region": "us-east-1",
            "role": "glue-crawler-role",
            "s3_target": [
              {
                "connection_name": "",
                "dlq_event_queue_arn": "",
                "event_queue_arn": "",
                "exclusions": [
                  "**/manifest-files*",
                  "**/manifest-summary*",
                  "**/*.md5"
                ],
                "path": "s3://dalscooter-dynamodb-exports-370161336954-19eaa5dd/users/AWSDynamoDB/data/",
                "sample_size": 0
              }
            ],
            "schedule": "cron(10 0,6,12,18 * * ? *)",
            "schema_change_policy": [
              {
                "delete_behavior": "DEPRECATE_IN_DATABASE",
                "update_behavior": "UPDATE_IN_DATABASE"
              }
            ],
            "security_configuration": "",
            "table_prefix": "users_data_",
            "tags": {},
            "tags_all": {}
          },
          "sensitive_attributes": [],
          "identity_schema_version": 0,
          "private": "bnVsbA==",
          "dependencies": [
            "aws_glue_catalog_database.analytics_db",
            "aws_iam_role.glue_crawler_role",
            "aws_s3_bucket.analytics_bucket",
            "random_id.bucket_suffix"
          ]
        }
      ]
    },
    {
      "mode": "managed",
      "type": "aws_glue_job",
      "name": "merge_logins_data",
      "provider": "provider[\"registry.terraform.io/hashicorp/aws\"]",
      "instances": [
        {
          "schema_version": 0,
          "attributes": {
            "arn": "arn:aws:glue:us-east-1:370161336954:job/merge-logins-data",
            "command": [
              {
                "name": "glueetl",
                "python_version": "3",
                "runtime": "",
                "script_location": "s3://dalscooter-dynamodb-exports-370161336954-19eaa5dd/scripts/merge_logins_data.py"
              }
            ],
            "connections": null,
            "default_arguments": {
              "--JOB_NAME": "merge-logins-data",
              "--S3_BUCKET": "dalscooter-dynamodb-exports-370161336954-19eaa5dd"
            },
            "description": "",
            "execution_class": "",
            "execution_property": [
              {
                "max_concurrent_runs": 1
              }
            ],
            "glue_version": "4.0",
            "id": "merge-logins-data",
            "job_mode": "SCRIPT",
            "job_run_queuing_enabled": false,
            "maintenance_window": "",
            "max_capacity": 10,
            "max_retries": 0,
            "name": "merge-logins-data",
            "non_overridable_arguments": null,
            "notification_property": [],
            "number_of_workers": 0,
            "region": "us-east-1",
            "role_arn": "arn:aws:iam::370161336954:role/glue-crawler-role",
            "security_configuration": "",
            "source_control_details": [],
            "tags": null,
            "tags_all": {},
            "timeout": 60,
            "worker_type": ""
          },
          "sensitive_attributes": [],
          "identity_schema_version": 0,
          "private": "bnVsbA==",
          "dependencies": [
            "aws_iam_role.glue_crawler_role",
            "aws_s3_bucket.analytics_bucket",
            "random_id.bucket_suffix"
          ]
        }
      ]
    },
    {
      "mode": "managed",
      "type": "aws_iam_role",
      "name": "glue_crawler_role",
      "provider": "provider[\"registry.terraform.io/hashicorp/aws\"]",
      "instances": [
        {
          "schema_version": 0,
          "attributes": {
            "arn": "arn:aws:iam::370161336954:role/glue-crawler-role",
            "assume_role_policy": "{\"Statement\":[{\"Action\":\"sts:AssumeRole\",\"Effect\":\"Allow\",\"Principal\":{\"Service\":\"glue.amazonaws.com\"}}],\"Version\":\"2012-10-17\"}",
            "create_date": "2025-07-31T05:00:31Z",
            "description": "",
            "force_detach_policies": false,
            "id": "glue-crawler-role",
            "inline_policy": [
              {
                "name": "GlueCrawlerPolicy",
                "policy": "{\"Version\":\"2012-10-17\",\"Statement\":[{\"Action\":[\"s3:GetObject\",\"s3:PutObject\",\"s3:DeleteObject\",\"s3:ListBucket\"],\"Effect\":\"Allow\",\"Resource\":[\"arn:aws:s3:::dalscooter-dynamodb-exports-370161336954-19eaa5dd\",\"arn:aws:s3:::dalscooter-dynamodb-exports-370161336954-19eaa5dd/*\"]},{\"Action\":[\"glue:*\"],\"Effect\":\"Allow\",\"Resource\":\"*\"},{\"Action\":[\"logs:CreateLogGroup\",\"logs:CreateLogStream\",\"logs:PutLogEvents\"],\"Effect\":\"Allow\",\"Resource\":[\"arn:aws:logs:us-east-1:370161336954:log-group:/aws-glue/crawlers:*\"]}]}"
              }
            ],
            "managed_policy_arns": [],
            "max_session_duration": 3600,
            "name": "glue-crawler-role",
            "name_prefix": "",
            "path": "/",
            "permissions_boundary": "",
            "tags": {},
            "tags_all": {},
            "unique_id": "AROAVML2VYJ5EZCOQ2NJD"
          },
          "sensitive_attributes": [],
          "identity_schema_version": 0,
          "identity": {
            "account_id": "370161336954",
            "name": "glue-crawler-role"
          },
          "private": "bnVsbA=="
        }
      ]
    },
    {
      "mode": "managed",
      "type": "aws_iam_role",
      "name": "lambda_quicksight_role",
      "provider": "provider[\"registry.terraform.io/hashicorp/aws\"]",
      "instances": [
        {
          "schema_version": 0,
          "attributes": {
            "arn": "arn:aws:iam::370161336954:role/LambdaQuickSightRole",
            "assume_role_policy": "{\"Statement\":[{\"Action\":\"sts:AssumeRole\",\"Effect\":\"Allow\",\"Principal\":{\"Service\":\"lambda.amazonaws.com\"}}],\"Version\":\"2012-10-17\"}",
            "create_date": "2025-07-31T05:00:31Z",
            "description": "",
            "force_detach_policies": false,
            "id": "LambdaQuickSightRole",
            "inline_policy": [
              {
                "name": "LambdaQuickSightPolicy",
                "policy": "{\"Version\":\"2012-10-17\",\"Statement\":[{\"Action\":[\"quicksight:GenerateEmbedUrlForRegisteredUser\",\"quicksight:RegisterUser\",\"quicksight:DeleteUser\",\"quicksight:Describe*\"],\"Effect\":\"Allow\",\"Resource\":\"*\"},{\"Action\":[\"cognito-idp:AdminGetUser\"],\"Effect\":\"Allow\",\"Resource\":\"arn:aws:cognito-idp:us-east-1:370161336954:userpool/us-east-1_YN7a2ntIh\"},{\"Action\":[\"logs:CreateLogGroup\",\"logs:CreateLogStream\",\"logs:PutLogEvents\"],\"Effect\":\"Allow\",\"Resource\":\"*\"},{\"Action\":[\"dynamodb:ExportTableToPointInTime\",\"dynamodb:DescribeExport\"],\"Effect\":\"Allow\",\"Resource\":[\"arn:aws:dynamodb:us-east-1:370161336954:table/Logins\",\"arn:aws:dynamodb:us-east-1:370161336954:table/Users\",\"arn:aws:dynamodb:us-east-1:370161336954:table/Logins/export/*\",\"arn:aws:dynamodb:us-east-1:370161336954:table/Users/export/*\"]},{\"Action\":[\"s3:PutObject\",\"s3:GetObject\",\"s3:ListBucket\"],\"Effect\":\"Allow\",\"Resource\":[\"arn:aws:s3:::dalscooter-dynamodb-exports-370161336954-19eaa5dd\",\"arn:aws:s3:::dalscooter-dynamodb-exports-370161336954-19eaa5dd/*\"]},{\"Action\":[\"dynamodb:UpdateTable\"],\"Effect\":\"Allow\",\"Resource\":[\"arn:aws:dynamodb:us-east-1:370161336954:table/Logins\",\"arn:aws:dynamodb:us-east-1:370161336954:table/Users\"]}]}"
              }
            ],
            "managed_policy_arns": [],
            "max_session_duration": 3600,
            "name": "LambdaQuickSightRole",
            "name_prefix": "",
            "path": "/",
            "permissions_boundary": "",
            "tags": {},
            "tags_all": {},
            "unique_id": "AROAVML2VYJ5DDJLC5P35"
          },
          "sensitive_attributes": [],
          "identity_schema_version": 0,
          "identity": {
            "account_id": "370161336954",
            "name": "LambdaQuickSightRole"
          },
          "private": "bnVsbA==",
          "create_before_destroy": true
        }
      ]
    },
    {
      "mode": "managed",
      "type": "aws_iam_role",
      "name": "lambda_role",
      "provider": "provider[\"registry.terraform.io/hashicorp/aws\"]",
      "instances": [
        {
          "schema_version": 0,
          "attributes": {
            "arn": "arn:aws:iam::370161336954:role/DALSScooterLambdaRole",
            "assume_role_policy": "{\"Statement\":[{\"Action\":\"sts:AssumeRole\",\"Effect\":\"Allow\",\"Principal\":{\"Service\":\"lambda.amazonaws.com\"}}],\"Version\":\"2012-10-17\"}",
            "create_date": "2025-07-31T05:00:31Z",
            "description": "",
            "force_detach_policies": false,
            "id": "DALSScooterLambdaRole",
            "inline_policy": [
              {
                "name": "DALSScooterLambdaPolicy",
                "policy": "{\"Version\":\"2012-10-17\",\"Statement\":[{\"Action\":[\"dynamodb:PutItem\",\"dynamodb:GetItem\",\"dynamodb:UpdateItem\",\"dynamodb:DeleteItem\",\"dynamodb:Query\",\"dynamodb:Scan\"],\"Effect\":\"Allow\",\"Resource\":[\"arn:aws:dynamodb:us-east-1:370161336954:table/Availability\",\"arn:aws:dynamodb:us-east-1:370161336954:table/Bookings\",\"arn:aws:dynamodb:us-east-1:370161336954:table/Bookings/index/*\",\"arn:aws:dynamodb:us-east-1:370161336954:table/Logins\",\"arn:aws:dynamodb:us-east-1:370161336954:table/Logins/index/*\",\"arn:aws:dynamodb:*:*:table/Bikes\"]},{\"Action\":[\"logs:CreateLogGroup\",\"logs:CreateLogStream\",\"logs:PutLogEvents\"],\"Effect\":\"Allow\",\"Resource\":\"*\"},{\"Action\":[\"sns:Publish\"],\"Effect\":\"Allow\",\"Resource\":\"*\"},{\"Action\":[\"s3:PutObject\"],\"Effect\":\"Allow\",\"Resource\":[\"arn:aws:s3:::dalscooter-dynamodb-exports-370161336954-19eaa5dd\",\"arn:aws:s3:::dalscooter-dynamodb-exports-370161336954-19eaa5dd/*\"]},{\"Action\":[\"dynamodb:GetRecords\",\"dynamodb:GetShardIterator\",\"dynamodb:DescribeStream\",\"dynamodb:ListStreams\"],\"Effect\":\"Allow\",\"Resource\":\"*\"}]}"
              }
            ],
            "managed_policy_arns": [],
            "max_session_duration": 3600,
            "name": "DALSScooterLambdaRole",
            "name_prefix": "",
            "path": "/",
            "permissions_boundary": "",
            "tags": {},
            "tags_all": {},
            "unique_id": "AROAVML2VYJ5G4QK2ZSJ7"
          },
          "sensitive_attributes": [],
          "identity_schema_version": 0,
          "identity": {
            "account_id": "370161336954",
            "name": "DALSScooterLambdaRole"
          },
          "private": "bnVsbA==",
          "create_before_destroy": true
        }
      ]
    },
    {
      "mode": "managed",
      "type": "aws_iam_role_policy",
      "name": "glue_crawler_policy",
      "provider": "provider[\"registry.terraform.io/hashicorp/aws\"]",
      "instances": [
        {
          "schema_version": 0,
          "attributes": {
            "id": "glue-crawler-role:GlueCrawlerPolicy",
            "name": "GlueCrawlerPolicy",
            "name_prefix": "",
            "policy": "{\"Version\":\"2012-10-17\",\"Statement\":[{\"Action\":[\"s3:GetObject\",\"s3:PutObject\",\"s3:DeleteObject\",\"s3:ListBucket\"],\"Effect\":\"Allow\",\"Resource\":[\"arn:aws:s3:::dalscooter-dynamodb-exports-370161336954-19eaa5dd\",\"arn:aws:s3:::dalscooter-dynamodb-exports-370161336954-19eaa5dd/*\"]},{\"Action\":[\"glue:*\"],\"Effect\":\"Allow\",\"Resource\":\"*\"},{\"Action\":[\"logs:CreateLogGroup\",\"logs:CreateLogStream\",\"logs:PutLogEvents\"],\"Effect\":\"Allow\",\"Resource\":[\"arn:aws:logs:us-east-1:370161336954:log-group:/aws-glue/*\"]}]}",
            "role": "glue-crawler-role"
          },
          "sensitive_attributes": [],
          "identity_schema_version": 0,
          "identity": {
            "account_id": "370161336954",
            "name": "GlueCrawlerPolicy",
            "role": "glue-crawler-role"
          },
          "private": "bnVsbA==",
          "dependencies": [
            "aws_iam_role.glue_crawler_role",
            "aws_s3_bucket.analytics_bucket",
            "random_id.bucket_suffix"
          ]
        }
      ]
    },
    {
      "mode": "managed",
      "type": "aws_iam_role_policy",
      "name": "lambda_policy",
      "provider": "provider[\"registry.terraform.io/hashicorp/aws\"]",
      "instances": [
        {
          "schema_version": 0,
          "attributes": {
            "id": "DALSScooterLambdaRole:DALSScooterLambdaPolicy",
            "name": "DALSScooterLambdaPolicy",
            "name_prefix": "",
            "policy": "{\"Version\":\"2012-10-17\",\"Statement\":[{\"Action\":[\"dynamodb:PutItem\",\"dynamodb:GetItem\",\"dynamodb:UpdateItem\",\"dynamodb:DeleteItem\",\"dynamodb:Query\",\"dynamodb:Scan\"],\"Effect\":\"Allow\",\"Resource\":[\"arn:aws:dynamodb:us-east-1:370161336954:table/Availability\",\"arn:aws:dynamodb:us-east-1:370161336954:table/Bookings\",\"arn:aws:dynamodb:us-east-1:370161336954:table/Bookings/index/*\",\"arn:aws:dynamodb:us-east-1:370161336954:table/Logins\",\"arn:aws:dynamodb:us-east-1:370161336954:table/Logins/index/*\",\"arn:aws:dynamodb:*:*:table/Bikes\"]},{\"Action\":[\"logs:CreateLogGroup\",\"logs:CreateLogStream\",\"logs:PutLogEvents\"],\"Effect\":\"Allow\",\"Resource\":\"*\"},{\"Action\":[\"sns:Publish\"],\"Effect\":\"Allow\",\"Resource\":\"*\"},{\"Action\":[\"s3:PutObject\"],\"Effect\":\"Allow\",\"Resource\":[\"arn:aws:s3:::dalscooter-dynamodb-exports-370161336954-19eaa5dd\",\"arn:aws:s3:::dalscooter-dynamodb-exports-370161336954-19eaa5dd/*\"]},{\"Action\":[\"dynamodb:GetRecords\",\"dynamodb:GetShardIterator\",\"dynamodb:DescribeStream\",\"dynamodb:ListStreams\"],\"Effect\":\"Allow\",\"Resource\":\"*\"}]}",
            "role": "DALSScooterLambdaRole"
          },
          "sensitive_attributes": [],
          "identity_schema_version": 0,
          "identity": {
            "account_id": "370161336954",
            "name": "DALSScooterLambdaPolicy",
            "role": "DALSScooterLambdaRole"
          },
          "private": "bnVsbA==",
          "dependencies": [
            "aws_dynamodb_table.availability",
            "aws_dynamodb_table.bookings",
            "aws_iam_role.lambda_role",
            "aws_s3_bucket.analytics_bucket",
            "data.aws_dynamodb_table.logins",
            "random_id.bucket_suffix"
          ]
        }
      ]
    },
    {
      "mode": "managed",
      "type": "aws_iam_role_policy",
      "name": "lambda_quicksight_policy",
      "provider": "provider[\"registry.terraform.io/hashicorp/aws\"]",
      "instances": [
        {
          "schema_version": 0,
          "attributes": {
            "id": "LambdaQuickSightRole:LambdaQuickSightPolicy",
            "name": "LambdaQuickSightPolicy",
            "name_prefix": "",
            "policy": "{\"Version\":\"2012-10-17\",\"Statement\":[{\"Action\":[\"quicksight:GenerateEmbedUrlForRegisteredUser\",\"quicksight:RegisterUser\",\"quicksight:DeleteUser\",\"quicksight:Describe*\"],\"Effect\":\"Allow\",\"Resource\":\"*\"},{\"Action\":[\"cognito-idp:AdminGetUser\"],\"Effect\":\"Allow\",\"Resource\":\"arn:aws:cognito-idp:us-east-1:370161336954:userpool/us-east-1_YN7a2ntIh\"},{\"Action\":[\"logs:CreateLogGroup\",\"logs:CreateLogStream\",\"logs:PutLogEvents\"],\"Effect\":\"Allow\",\"Resource\":\"*\"},{\"Action\":[\"dynamodb:ExportTableToPointInTime\",\"dynamodb:DescribeExport\"],\"Effect\":\"Allow\",\"Resource\":[\"arn:aws:dynamodb:us-east-1:370161336954:table/Logins\",\"arn:aws:dynamodb:us-east-1:370161336954:table/Users\",\"arn:aws:dynamodb:us-east-1:370161336954:table/Logins/export/*\",\"arn:aws:dynamodb:us-east-1:370161336954:table/Users/export/*\"]},{\"Action\":[\"s3:PutObject\",\"s3:GetObject\",\"s3:ListBucket\"],\"Effect\":\"Allow\",\"Resource\":[\"arn:aws:s3:::dalscooter-dynamodb-exports-370161336954-19eaa5dd\",\"arn:aws:s3:::dalscooter-dynamodb-exports-370161336954-19eaa5dd/*\"]},{\"Action\":[\"dynamodb:UpdateTable\"],\"Effect\":\"Allow\",\"Resource\":[\"arn:aws:dynamodb:us-east-1:370161336954:table/Logins\",\"arn:aws:dynamodb:us-east-1:370161336954:table/Users\"]}]}",
            "role": "LambdaQuickSightRole"
          },
          "sensitive_attributes": [],
          "identity_schema_version": 0,
          "identity": {
            "account_id": "370161336954",
            "name": "LambdaQuickSightPolicy",
            "role": "LambdaQuickSightRole"
          },
          "private": "bnVsbA==",
          "dependencies": [
            "aws_iam_role.lambda_quicksight_role",
            "aws_s3_bucket.analytics_bucket",
            "data.aws_cognito_user_pool.main",
            "data.aws_dynamodb_table.logins",
            "data.aws_dynamodb_table.users",
            "random_id.bucket_suffix"
          ]
        }
      ]
    },
    {
      "mode": "managed",
      "type": "aws_lambda_function",
      "name": "lambda",
      "provider": "provider[\"registry.terraform.io/hashicorp/aws\"]",
      "instances": [
        {
          "index_key": "add_availability",
          "schema_version": 0,
          "attributes": {
            "architectures": [
              "x86_64"
            ],
            "arn": "arn:aws:lambda:us-east-1:370161336954:function:addavailability",
            "code_sha256": "S04uje3d68v16tXZhH0V+0gWpXWjKMYY0oEY+wbwUys=",
            "code_signing_config_arn": "",
            "dead_letter_config": [],
            "description": "",
            "environment": [],
            "ephemeral_storage": [
              {
                "size": 512
              }
            ],
            "file_system_config": [],
            "filename": "./add_availability.zip",
            "function_name": "addavailability",
            "handler": "add_availability.lambda_handler",
            "id": "addavailability",
            "image_config": [],
            "image_uri": "",
            "invoke_arn": "arn:aws:apigateway:us-east-1:lambda:path/2015-03-31/functions/arn:aws:lambda:us-east-1:370161336954:function:addavailability/invocations",
            "kms_key_arn": "",
            "last_modified": "2025-07-31T05:01:20.962+0000",
            "layers": [],
            "logging_config": [
              {
                "application_log_level": "",
                "log_format": "Text",
                "log_group": "/aws/lambda/addavailability",
                "system_log_level": ""
              }
            ],
            "memory_size": 128,
            "package_type": "Zip",
            "publish": false,
            "qualified_arn": "arn:aws:lambda:us-east-1:370161336954:function:addavailability:$LATEST",
            "qualified_invoke_arn": "arn:aws:apigateway:us-east-1:lambda:path/2015-03-31/functions/arn:aws:lambda:us-east-1:370161336954:function:addavailability:$LATEST/invocations",
            "region": "us-east-1",
            "replace_security_groups_on_destroy": null,
            "replacement_security_group_ids": null,
            "reserved_concurrent_executions": -1,
            "role": "arn:aws:iam::370161336954:role/DALSScooterLambdaRole",
            "runtime": "python3.9",
            "s3_bucket": null,
            "s3_key": null,
            "s3_object_version": null,
            "signing_job_arn": "",
            "signing_profile_version_arn": "",
            "skip_destroy": false,
            "snap_start": [],
            "source_code_hash": "S04uje3d68v16tXZhH0V+0gWpXWjKMYY0oEY+wbwUys=",
            "source_code_size": 974,
            "tags": {},
            "tags_all": {},
            "timeout": 30,
            "timeouts": null,
            "tracing_config": [
              {
                "mode": "PassThrough"
              }
            ],
            "version": "$LATEST",
            "vpc_config": []
          },
          "sensitive_attributes": [],
          "identity_schema_version": 0,
          "private": "eyJlMmJmYjczMC1lY2FhLTExZTYtOGY4OC0zNDM2M2JjN2M0YzAiOnsiY3JlYXRlIjo2MDAwMDAwMDAwMDAsImRlbGV0ZSI6NjAwMDAwMDAwMDAwLCJ1cGRhdGUiOjYwMDAwMDAwMDAwMH19",
          "dependencies": [
            "aws_iam_role.lambda_quicksight_role",
            "aws_iam_role.lambda_role",
            "aws_s3_bucket.analytics_bucket",
            "data.archive_file.lambda_zips",
            "data.aws_caller_identity.current",
            "data.aws_cognito_user_pool.main",
            "random_id.bucket_suffix"
          ],
          "create_before_destroy": true
        },
        {
          "index_key": "book_slot",
          "schema_version": 0,
          "attributes": {
            "architectures": [
              "x86_64"
            ],
            "arn": "arn:aws:lambda:us-east-1:370161336954:function:bookslot",
            "code_sha256": "H7tkc77kbCdl29bDwd4Nd8GjDCD0MpgVjD0fKNFE4/o=",
            "code_signing_config_arn": "",
            "dead_letter_config": [],
            "description": "",
            "environment": [],
            "ephemeral_storage": [
              {
                "size": 512
              }
            ],
            "file_system_config": [],
            "filename": "./book_slot.zip",
            "function_name": "bookslot",
            "handler": "book_slot.lambda_handler",
            "id": "bookslot",
            "image_config": [],
            "image_uri": "",
            "invoke_arn": "arn:aws:apigateway:us-east-1:lambda:path/2015-03-31/functions/arn:aws:lambda:us-east-1:370161336954:function:bookslot/invocations",
            "kms_key_arn": "",
            "last_modified": "2025-07-31T05:00:40.798+0000",
            "layers": [],
            "logging_config": [
              {
                "application_log_level": "",
                "log_format": "Text",
                "log_group": "/aws/lambda/bookslot",
                "system_log_level": ""
              }
            ],
            "memory_size": 128,
            "package_type": "Zip",
            "publish": false,
            "qualified_arn": "arn:aws:lambda:us-east-1:370161336954:function:bookslot:$LATEST",
            "qualified_invoke_arn": "arn:aws:apigateway:us-east-1:lambda:path/2015-03-31/functions/arn:aws:lambda:us-east-1:370161336954:function:bookslot:$LATEST/invocations",
            "region": "us-east-1",
            "replace_security_groups_on_destroy": null,
            "replacement_security_group_ids": null,
            "reserved_concurrent_executions": -1,
            "role": "arn:aws:iam::370161336954:role/DALSScooterLambdaRole",
            "runtime": "python3.9",
            "s3_bucket": null,
            "s3_key": null,
            "s3_object_version": null,
            "signing_job_arn": "",
            "signing_profile_version_arn": "",
            "skip_destroy": false,
            "snap_start": [],
            "source_code_hash": "H7tkc77kbCdl29bDwd4Nd8GjDCD0MpgVjD0fKNFE4/o=",
            "source_code_size": 1120,
            "tags": {},
            "tags_all": {},
            "timeout": 30,
            "timeouts": null,
            "tracing_config": [
              {
                "mode": "PassThrough"
              }
            ],
            "version": "$LATEST",
            "vpc_config": []
          },
          "sensitive_attributes": [],
          "identity_schema_version": 0,
          "private": "eyJlMmJmYjczMC1lY2FhLTExZTYtOGY4OC0zNDM2M2JjN2M0YzAiOnsiY3JlYXRlIjo2MDAwMDAwMDAwMDAsImRlbGV0ZSI6NjAwMDAwMDAwMDAwLCJ1cGRhdGUiOjYwMDAwMDAwMDAwMH19",
          "dependencies": [
            "aws_iam_role.lambda_quicksight_role",
            "aws_iam_role.lambda_role",
            "aws_s3_bucket.analytics_bucket",
            "data.archive_file.lambda_zips",
            "data.aws_caller_identity.current",
            "data.aws_cognito_user_pool.main",
            "random_id.bucket_suffix"
          ],
          "create_before_destroy": true
        },
        {
          "index_key": "cancel_booking",
          "schema_version": 0,
          "attributes": {
            "architectures": [
              "x86_64"
            ],
            "arn": "arn:aws:lambda:us-east-1:370161336954:function:cancelbooking",
            "code_sha256": "OogVggGlcJx/7Iz6+MILho8RCWReZ0VAd4n3yWYOuEY=",
            "code_signing_config_arn": "",
            "dead_letter_config": [],
            "description": "",
            "environment": [],
            "ephemeral_storage": [
              {
                "size": 512
              }
            ],
            "file_system_config": [],
            "filename": "./cancel_booking.zip",
            "function_name": "cancelbooking",
            "handler": "cancel_booking.lambda_handler",
            "id": "cancelbooking",
            "image_config": [],
            "image_uri": "",
            "invoke_arn": "arn:aws:apigateway:us-east-1:lambda:path/2015-03-31/functions/arn:aws:lambda:us-east-1:370161336954:function:cancelbooking/invocations",
            "kms_key_arn": "",
            "last_modified": "2025-07-31T05:00:58.034+0000",
            "layers": [],
            "logging_config": [
              {
                "application_log_level": "",
                "log_format": "Text",
                "log_group": "/aws/lambda/cancelbooking",
                "system_log_level": ""
              }
            ],
            "memory_size": 128,
            "package_type": "Zip",
            "publish": false,
            "qualified_arn": "arn:aws:lambda:us-east-1:370161336954:function:cancelbooking:$LATEST",
            "qualified_invoke_arn": "arn:aws:apigateway:us-east-1:lambda:path/2015-03-31/functions/arn:aws:lambda:us-east-1:370161336954:function:cancelbooking:$LATEST/invocations",
            "region": "us-east-1",
            "replace_security_groups_on_destroy": null,
            "replacement_security_group_ids": null,
            "reserved_concurrent_executions": -1,
            "role": "arn:aws:iam::370161336954:role/DALSScooterLambdaRole",
            "runtime": "python3.9",
            "s3_bucket": null,
            "s3_key": null,
            "s3_object_version": null,
            "signing_job_arn": "",
            "signing_profile_version_arn": "",
            "skip_destroy": false,
            "snap_start": [],
            "source_code_hash": "OogVggGlcJx/7Iz6+MILho8RCWReZ0VAd4n3yWYOuEY=",
            "source_code_size": 1055,
            "tags": {},
            "tags_all": {},
            "timeout": 30,
            "timeouts": null,
            "tracing_config": [
              {
                "mode": "PassThrough"
              }
            ],
            "version": "$LATEST",
            "vpc_config": []
          },
          "sensitive_attributes": [],
          "identity_schema_version": 0,
          "private": "eyJlMmJmYjczMC1lY2FhLTExZTYtOGY4OC0zNDM2M2JjN2M0YzAiOnsiY3JlYXRlIjo2MDAwMDAwMDAwMDAsImRlbGV0ZSI6NjAwMDAwMDAwMDAwLCJ1cGRhdGUiOjYwMDAwMDAwMDAwMH19",
          "dependencies": [
            "aws_iam_role.lambda_quicksight_role",
            "aws_iam_role.lambda_role",
            "aws_s3_bucket.analytics_bucket",
            "data.archive_file.lambda_zips",
            "data.aws_caller_identity.current",
            "data.aws_cognito_user_pool.main",
            "random_id.bucket_suffix"
          ],
          "create_before_destroy": true
        },
        {
          "index_key": "export_dynamodb_to_s3",
          "schema_version": 0,
          "attributes": {
            "architectures": [
              "x86_64"
            ],
            "arn": "arn:aws:lambda:us-east-1:370161336954:function:exportdynamodbtos3",
            "code_sha256": "asFM6ca3f+cgcNTWVWDmMwvhm+ADYn7aIaft+zK7R/4=",
            "code_signing_config_arn": "",
            "dead_letter_config": [],
            "description": "",
            "environment": [
              {
                "variables": {
                  "ANALYTICS_BUCKET": "dalscooter-dynamodb-exports-370161336954-19eaa5dd",
                  "AWS_ACCOUNT_ID": "370161336954",
                  "USER_POOL_ID": "us-east-1_YN7a2ntIh"
                }
              }
            ],
            "ephemeral_storage": [
              {
                "size": 512
              }
            ],
            "file_system_config": [],
            "filename": "./export_dynamodb_to_s3.zip",
            "function_name": "exportdynamodbtos3",
            "handler": "export_dynamodb_to_s3.lambda_handler",
            "id": "exportdynamodbtos3",
            "image_config": [],
            "image_uri": "",
            "invoke_arn": "arn:aws:apigateway:us-east-1:lambda:path/2015-03-31/functions/arn:aws:lambda:us-east-1:370161336954:function:exportdynamodbtos3/invocations",
            "kms_key_arn": "",
            "last_modified": "2025-08-01T14:09:06.000+0000",
            "layers": [],
            "logging_config": [
              {
                "application_log_level": "",
                "log_format": "Text",
                "log_group": "/aws/lambda/exportdynamodbtos3",
                "system_log_level": ""
              }
            ],
            "memory_size": 128,
            "package_type": "Zip",
            "publish": false,
            "qualified_arn": "arn:aws:lambda:us-east-1:370161336954:function:exportdynamodbtos3:$LATEST",
            "qualified_invoke_arn": "arn:aws:apigateway:us-east-1:lambda:path/2015-03-31/functions/arn:aws:lambda:us-east-1:370161336954:function:exportdynamodbtos3:$LATEST/invocations",
            "region": "us-east-1",
            "replace_security_groups_on_destroy": null,
            "replacement_security_group_ids": null,
            "reserved_concurrent_executions": -1,
            "role": "arn:aws:iam::370161336954:role/LambdaQuickSightRole",
            "runtime": "python3.9",
            "s3_bucket": null,
            "s3_key": null,
            "s3_object_version": null,
            "signing_job_arn": "",
            "signing_profile_version_arn": "",
            "skip_destroy": false,
            "snap_start": [],
            "source_code_hash": "asFM6ca3f+cgcNTWVWDmMwvhm+ADYn7aIaft+zK7R/4=",
            "source_code_size": 810,
            "tags": {},
            "tags_all": {},
            "timeout": 30,
            "timeouts": null,
            "tracing_config": [
              {
                "mode": "PassThrough"
              }
            ],
            "version": "$LATEST",
            "vpc_config": []
          },
          "sensitive_attributes": [],
          "identity_schema_version": 0,
          "private": "eyJlMmJmYjczMC1lY2FhLTExZTYtOGY4OC0zNDM2M2JjN2M0YzAiOnsiY3JlYXRlIjo2MDAwMDAwMDAwMDAsImRlbGV0ZSI6NjAwMDAwMDAwMDAwLCJ1cGRhdGUiOjYwMDAwMDAwMDAwMH19",
          "dependencies": [
            "aws_iam_role.lambda_quicksight_role",
            "aws_iam_role.lambda_role",
            "aws_s3_bucket.analytics_bucket",
            "data.archive_file.lambda_zips",
            "data.aws_caller_identity.current",
            "data.aws_cognito_user_pool.main",
            "random_id.bucket_suffix"
          ],
          "create_before_destroy": true
        },
        {
          "index_key": "get_availability",
          "schema_version": 0,
          "attributes": {
            "architectures": [
              "x86_64"
            ],
            "arn": "arn:aws:lambda:us-east-1:370161336954:function:getavailability",
            "code_sha256": "nzGn0V/tAys7kcNQBV/bGLTaOu5L2NGVvavf4Pv4JjM=",
            "code_signing_config_arn": "",
            "dead_letter_config": [],
            "description": "",
            "environment": [],
            "ephemeral_storage": [
              {
                "size": 512
              }
            ],
            "file_system_config": [],
            "filename": "./get_availability.zip",
            "function_name": "getavailability",
            "handler": "get_availability.lambda_handler",
            "id": "getavailability",
            "image_config": [],
            "image_uri": "",
            "invoke_arn": "arn:aws:apigateway:us-east-1:lambda:path/2015-03-31/functions/arn:aws:lambda:us-east-1:370161336954:function:getavailability/invocations",
            "kms_key_arn": "",
            "last_modified": "2025-07-31T05:01:09.591+0000",
            "layers": [],
            "logging_config": [
              {
                "application_log_level": "",
                "log_format": "Text",
                "log_group": "/aws/lambda/getavailability",
                "system_log_level": ""
              }
            ],
            "memory_size": 128,
            "package_type": "Zip",
            "publish": false,
            "qualified_arn": "arn:aws:lambda:us-east-1:370161336954:function:getavailability:$LATEST",
            "qualified_invoke_arn": "arn:aws:apigateway:us-east-1:lambda:path/2015-03-31/functions/arn:aws:lambda:us-east-1:370161336954:function:getavailability:$LATEST/invocations",
            "region": "us-east-1",
            "replace_security_groups_on_destroy": null,
            "replacement_security_group_ids": null,
            "reserved_concurrent_executions": -1,
            "role": "arn:aws:iam::370161336954:role/DALSScooterLambdaRole",
            "runtime": "python3.9",
            "s3_bucket": null,
            "s3_key": null,
            "s3_object_version": null,
            "signing_job_arn": "",
            "signing_profile_version_arn": "",
            "skip_destroy": false,
            "snap_start": [],
            "source_code_hash": "nzGn0V/tAys7kcNQBV/bGLTaOu5L2NGVvavf4Pv4JjM=",
            "source_code_size": 1145,
            "tags": {},
            "tags_all": {},
            "timeout": 30,
            "timeouts": null,
            "tracing_config": [
              {
                "mode": "PassThrough"
              }
            ],
            "version": "$LATEST",
            "vpc_config": []
          },
          "sensitive_attributes": [],
          "identity_schema_version": 0,
          "private": "eyJlMmJmYjczMC1lY2FhLTExZTYtOGY4OC0zNDM2M2JjN2M0YzAiOnsiY3JlYXRlIjo2MDAwMDAwMDAwMDAsImRlbGV0ZSI6NjAwMDAwMDAwMDAwLCJ1cGRhdGUiOjYwMDAwMDAwMDAwMH19",
          "dependencies": [
            "aws_iam_role.lambda_quicksight_role",
            "aws_iam_role.lambda_role",
            "aws_s3_bucket.analytics_bucket",
            "data.archive_file.lambda_zips",
            "data.aws_caller_identity.current",
            "data.aws_cognito_user_pool.main",
            "random_id.bucket_suffix"
          ],
          "create_before_destroy": true
        },
        {
          "index_key": "get_bookings",
          "schema_version": 0,
          "attributes": {
            "architectures": [
              "x86_64"
            ],
            "arn": "arn:aws:lambda:us-east-1:370161336954:function:getbookings",
            "code_sha256": "8E8mXnGxpzZCVIMVzTp/bQ+MN+G1Uw+8Fn5FivO+ot4=",
            "code_signing_config_arn": "",
            "dead_letter_config": [],
            "description": "",
            "environment": [],
            "ephemeral_storage": [
              {
                "size": 512
              }
            ],
            "file_system_config": [],
            "filename": "./get_bookings.zip",
            "function_name": "getbookings",
            "handler": "get_bookings.lambda_handler",
            "id": "getbookings",
            "image_config": [],
            "image_uri": "",
            "invoke_arn": "arn:aws:apigateway:us-east-1:lambda:path/2015-03-31/functions/arn:aws:lambda:us-east-1:370161336954:function:getbookings/invocations",
            "kms_key_arn": "",
            "last_modified": "2025-07-31T05:00:46.482+0000",
            "layers": [],
            "logging_config": [
              {
                "application_log_level": "",
                "log_format": "Text",
                "log_group": "/aws/lambda/getbookings",
                "system_log_level": ""
              }
            ],
            "memory_size": 128,
            "package_type": "Zip",
            "publish": false,
            "qualified_arn": "arn:aws:lambda:us-east-1:370161336954:function:getbookings:$LATEST",
            "qualified_invoke_arn": "arn:aws:apigateway:us-east-1:lambda:path/2015-03-31/functions/arn:aws:lambda:us-east-1:370161336954:function:getbookings:$LATEST/invocations",
            "region": "us-east-1",
            "replace_security_groups_on_destroy": null,
            "replacement_security_group_ids": null,
            "reserved_concurrent_executions": -1,
            "role": "arn:aws:iam::370161336954:role/DALSScooterLambdaRole",
            "runtime": "python3.9",
            "s3_bucket": null,
            "s3_key": null,
            "s3_object_version": null,
            "signing_job_arn": "",
            "signing_profile_version_arn": "",
            "skip_destroy": false,
            "snap_start": [],
            "source_code_hash": "8E8mXnGxpzZCVIMVzTp/bQ+MN+G1Uw+8Fn5FivO+ot4=",
            "source_code_size": 1365,
            "tags": {},
            "tags_all": {},
            "timeout": 30,
            "timeouts": null,
            "tracing_config": [
              {
                "mode": "PassThrough"
              }
            ],
            "version": "$LATEST",
            "vpc_config": []
          },
          "sensitive_attributes": [],
          "identity_schema_version": 0,
          "private": "eyJlMmJmYjczMC1lY2FhLTExZTYtOGY4OC0zNDM2M2JjN2M0YzAiOnsiY3JlYXRlIjo2MDAwMDAwMDAwMDAsImRlbGV0ZSI6NjAwMDAwMDAwMDAwLCJ1cGRhdGUiOjYwMDAwMDAwMDAwMH19",
          "dependencies": [
            "aws_iam_role.lambda_quicksight_role",
            "aws_iam_role.lambda_role",
            "aws_s3_bucket.analytics_bucket",
            "data.archive_file.lambda_zips",
            "data.aws_caller_identity.current",
            "data.aws_cognito_user_pool.main",
            "random_id.bucket_suffix"
          ],
          "create_before_destroy": true
        },
        {
          "index_key": "get_embed_url",
          "schema_version": 0,
          "attributes": {
            "architectures": [
              "x86_64"
            ],
            "arn": "arn:aws:lambda:us-east-1:370161336954:function:getembedurl",
            "code_sha256": "A05N5PKNvGHAQASbNfKQokxwz0XyjyjZiHKT8wsUE0s=",
            "code_signing_config_arn": "",
            "dead_letter_config": [],
            "description": "",
            "environment": [
              {
                "variables": {
                  "ANALYTICS_BUCKET": "dalscooter-dynamodb-exports-370161336954-19eaa5dd",
                  "AWS_ACCOUNT_ID": "370161336954",
                  "USER_POOL_ID": "us-east-1_YN7a2ntIh"
                }
              }
            ],
            "ephemeral_storage": [
              {
                "size": 512
              }
            ],
            "file_system_config": [],
            "filename": "./get_embed_url.zip",
            "function_name": "getembedurl",
            "handler": "get_embed_url.lambda_handler",
            "id": "getembedurl",
            "image_config": [],
            "image_uri": "",
            "invoke_arn": "arn:aws:apigateway:us-east-1:lambda:path/2015-03-31/functions/arn:aws:lambda:us-east-1:370161336954:function:getembedurl/invocations",
            "kms_key_arn": "",
            "last_modified": "2025-08-01T01:26:15.000+0000",
            "layers": [],
            "logging_config": [
              {
                "application_log_level": "",
                "log_format": "Text",
                "log_group": "/aws/lambda/getembedurl",
                "system_log_level": ""
              }
            ],
            "memory_size": 128,
            "package_type": "Zip",
            "publish": false,
            "qualified_arn": "arn:aws:lambda:us-east-1:370161336954:function:getembedurl:$LATEST",
            "qualified_invoke_arn": "arn:aws:apigateway:us-east-1:lambda:path/2015-03-31/functions/arn:aws:lambda:us-east-1:370161336954:function:getembedurl:$LATEST/invocations",
            "region": "us-east-1",
            "replace_security_groups_on_destroy": null,
            "replacement_security_group_ids": null,
            "reserved_concurrent_executions": -1,
            "role": "arn:aws:iam::370161336954:role/LambdaQuickSightRole",
            "runtime": "python3.9",
            "s3_bucket": null,
            "s3_key": null,
            "s3_object_version": null,
            "signing_job_arn": "",
            "signing_profile_version_arn": "",
            "skip_destroy": false,
            "snap_start": [],
            "source_code_hash": "A05N5PKNvGHAQASbNfKQokxwz0XyjyjZiHKT8wsUE0s=",
            "source_code_size": 970,
            "tags": {},
            "tags_all": {},
            "timeout": 30,
            "timeouts": null,
            "tracing_config": [
              {
                "mode": "PassThrough"
              }
            ],
            "version": "$LATEST",
            "vpc_config": []
          },
          "sensitive_attributes": [],
          "identity_schema_version": 0,
          "private": "eyJlMmJmYjczMC1lY2FhLTExZTYtOGY4OC0zNDM2M2JjN2M0YzAiOnsiY3JlYXRlIjo2MDAwMDAwMDAwMDAsImRlbGV0ZSI6NjAwMDAwMDAwMDAwLCJ1cGRhdGUiOjYwMDAwMDAwMDAwMH19",
          "dependencies": [
            "aws_iam_role.lambda_quicksight_role",
            "aws_iam_role.lambda_role",
            "aws_s3_bucket.analytics_bucket",
            "data.archive_file.lambda_zips",
            "data.aws_caller_identity.current",
            "data.aws_cognito_user_pool.main",
            "random_id.bucket_suffix"
          ],
          "create_before_destroy": true
        },
        {
          "index_key": "sync_quicksight_users",
          "schema_version": 0,
          "attributes": {
            "architectures": [
              "x86_64"
            ],
            "arn": "arn:aws:lambda:us-east-1:370161336954:function:syncquicksightusers",
            "code_sha256": "8oZSfbRm0vTlQ/oLB3kBwuwOkRgGJVvnsJifgX6ycIg=",
            "code_signing_config_arn": "",
            "dead_letter_config": [],
            "description": "",
            "environment": [
              {
                "variables": {
                  "ANALYTICS_BUCKET": "dalscooter-dynamodb-exports-370161336954-19eaa5dd",
                  "AWS_ACCOUNT_ID": "370161336954",
                  "USER_POOL_ID": "us-east-1_YN7a2ntIh"
                }
              }
            ],
            "ephemeral_storage": [
              {
                "size": 512
              }
            ],
            "file_system_config": [],
            "filename": "./sync_quicksight_users.zip",
            "function_name": "syncquicksightusers",
            "handler": "sync_quicksight_users.lambda_handler",
            "id": "syncquicksightusers",
            "image_config": [],
            "image_uri": "",
            "invoke_arn": "arn:aws:apigateway:us-east-1:lambda:path/2015-03-31/functions/arn:aws:lambda:us-east-1:370161336954:function:syncquicksightusers/invocations",
            "kms_key_arn": "",
            "last_modified": "2025-08-01T01:26:15.000+0000",
            "layers": [],
            "logging_config": [
              {
                "application_log_level": "",
                "log_format": "Text",
                "log_group": "/aws/lambda/syncquicksightusers",
                "system_log_level": ""
              }
            ],
            "memory_size": 128,
            "package_type": "Zip",
            "publish": false,
            "qualified_arn": "arn:aws:lambda:us-east-1:370161336954:function:syncquicksightusers:$LATEST",
            "qualified_invoke_arn": "arn:aws:apigateway:us-east-1:lambda:path/2015-03-31/functions/arn:aws:lambda:us-east-1:370161336954:function:syncquicksightusers:$LATEST/invocations",
            "region": "us-east-1",
            "replace_security_groups_on_destroy": null,
            "replacement_security_group_ids": null,
            "reserved_concurrent_executions": -1,
            "role": "arn:aws:iam::370161336954:role/LambdaQuickSightRole",
            "runtime": "python3.9",
            "s3_bucket": null,
            "s3_key": null,
            "s3_object_version": null,
            "signing_job_arn": "",
            "signing_profile_version_arn": "",
            "skip_destroy": false,
            "snap_start": [],
            "source_code_hash": "8oZSfbRm0vTlQ/oLB3kBwuwOkRgGJVvnsJifgX6ycIg=",
            "source_code_size": 1009,
            "tags": {},
            "tags_all": {},
            "timeout": 30,
            "timeouts": null,
            "tracing_config": [
              {
                "mode": "PassThrough"
              }
            ],
            "version": "$LATEST",
            "vpc_config": []
          },
          "sensitive_attributes": [],
          "identity_schema_version": 0,
          "private": "eyJlMmJmYjczMC1lY2FhLTExZTYtOGY4OC0zNDM2M2JjN2M0YzAiOnsiY3JlYXRlIjo2MDAwMDAwMDAwMDAsImRlbGV0ZSI6NjAwMDAwMDAwMDAwLCJ1cGRhdGUiOjYwMDAwMDAwMDAwMH19",
          "dependencies": [
            "aws_iam_role.lambda_quicksight_role",
            "aws_iam_role.lambda_role",
            "aws_s3_bucket.analytics_bucket",
            "data.archive_file.lambda_zips",
            "data.aws_caller_identity.current",
            "data.aws_cognito_user_pool.main",
            "random_id.bucket_suffix"
          ],
          "create_before_destroy": true
        },
        {
          "index_key": "update_availability",
          "schema_version": 0,
          "attributes": {
            "architectures": [
              "x86_64"
            ],
            "arn": "arn:aws:lambda:us-east-1:370161336954:function:updateavailability",
            "code_sha256": "S4C+Cbvhqk0OnTkTnYITWd3zudFaL0+kXdm5VMMcpdw=",
            "code_signing_config_arn": "",
            "dead_letter_config": [],
            "description": "",
            "environment": [],
            "ephemeral_storage": [
              {
                "size": 512
              }
            ],
            "file_system_config": [],
            "filename": "./update_availability.zip",
            "function_name": "updateavailability",
            "handler": "update_availability.lambda_handler",
            "id": "updateavailability",
            "image_config": [],
            "image_uri": "",
            "invoke_arn": "arn:aws:apigateway:us-east-1:lambda:path/2015-03-31/functions/arn:aws:lambda:us-east-1:370161336954:function:updateavailability/invocations",
            "kms_key_arn": "",
            "last_modified": "2025-07-31T05:01:15.275+0000",
            "layers": [],
            "logging_config": [
              {
                "application_log_level": "",
                "log_format": "Text",
                "log_group": "/aws/lambda/updateavailability",
                "system_log_level": ""
              }
            ],
            "memory_size": 128,
            "package_type": "Zip",
            "publish": false,
            "qualified_arn": "arn:aws:lambda:us-east-1:370161336954:function:updateavailability:$LATEST",
            "qualified_invoke_arn": "arn:aws:apigateway:us-east-1:lambda:path/2015-03-31/functions/arn:aws:lambda:us-east-1:370161336954:function:updateavailability:$LATEST/invocations",
            "region": "us-east-1",
            "replace_security_groups_on_destroy": null,
            "replacement_security_group_ids": null,
            "reserved_concurrent_executions": -1,
            "role": "arn:aws:iam::370161336954:role/DALSScooterLambdaRole",
            "runtime": "python3.9",
            "s3_bucket": null,
            "s3_key": null,
            "s3_object_version": null,
            "signing_job_arn": "",
            "signing_profile_version_arn": "",
            "skip_destroy": false,
            "snap_start": [],
            "source_code_hash": "S4C+Cbvhqk0OnTkTnYITWd3zudFaL0+kXdm5VMMcpdw=",
            "source_code_size": 1090,
            "tags": {},
            "tags_all": {},
            "timeout": 30,
            "timeouts": null,
            "tracing_config": [
              {
                "mode": "PassThrough"
              }
            ],
            "version": "$LATEST",
            "vpc_config": []
          },
          "sensitive_attributes": [],
          "identity_schema_version": 0,
          "private": "eyJlMmJmYjczMC1lY2FhLTExZTYtOGY4OC0zNDM2M2JjN2M0YzAiOnsiY3JlYXRlIjo2MDAwMDAwMDAwMDAsImRlbGV0ZSI6NjAwMDAwMDAwMDAwLCJ1cGRhdGUiOjYwMDAwMDAwMDAwMH19",
          "dependencies": [
            "aws_iam_role.lambda_quicksight_role",
            "aws_iam_role.lambda_role",
            "aws_s3_bucket.analytics_bucket",
            "data.archive_file.lambda_zips",
            "data.aws_caller_identity.current",
            "data.aws_cognito_user_pool.main",
            "random_id.bucket_suffix"
          ],
          "create_before_destroy": true
        }
      ]
    },
    {
      "mode": "managed",
      "type": "aws_lambda_permission",
      "name": "add_availability_permission",
      "provider": "provider[\"registry.terraform.io/hashicorp/aws\"]",
      "instances": [
        {
          "schema_version": 0,
          "attributes": {
            "action": "lambda:InvokeFunction",
            "event_source_token": null,
            "function_name": "addavailability",
            "function_url_auth_type": null,
            "id": "AllowAPIGatewayInvoke",
            "principal": "apigateway.amazonaws.com",
            "principal_org_id": null,
            "qualifier": "",
            "region": "us-east-1",
            "source_account": null,
            "source_arn": "arn:aws:execute-api:us-east-1:370161336954:l8y551ksw2/*/POST/availability",
            "statement_id": "AllowAPIGatewayInvoke",
            "statement_id_prefix": ""
          },
          "sensitive_attributes": [],
          "identity_schema_version": 0,
          "private": "bnVsbA==",
          "dependencies": [
            "aws_api_gateway_rest_api.api",
            "aws_iam_role.lambda_quicksight_role",
            "aws_iam_role.lambda_role",
            "aws_lambda_function.lambda",
            "aws_s3_bucket.analytics_bucket",
            "data.archive_file.lambda_zips",
            "data.aws_caller_identity.current",
            "data.aws_cognito_user_pool.main",
            "random_id.bucket_suffix"
          ]
        }
      ]
    },
    {
      "mode": "managed",
      "type": "aws_lambda_permission",
      "name": "allow_cloudwatch_export_dynamodb",
      "provider": "provider[\"registry.terraform.io/hashicorp/aws\"]",
      "instances": [
        {
          "schema_version": 0,
          "attributes": {
            "action": "lambda:InvokeFunction",
            "event_source_token": null,
            "function_name": "exportdynamodbtos3",
            "function_url_auth_type": null,
            "id": "AllowExecutionFromCloudWatchExport",
            "principal": "events.amazonaws.com",
            "principal_org_id": null,
            "qualifier": "",
            "region": "us-east-1",
            "source_account": null,
            "source_arn": "arn:aws:events:us-east-1:370161336954:rule/ExportDynamoDBToS3",
            "statement_id": "AllowExecutionFromCloudWatchExport",
            "statement_id_prefix": ""
          },
          "sensitive_attributes": [],
          "identity_schema_version": 0,
          "private": "bnVsbA==",
          "dependencies": [
            "aws_cloudwatch_event_rule.export_dynamodb_schedule",
            "aws_iam_role.lambda_quicksight_role",
            "aws_iam_role.lambda_role",
            "aws_lambda_function.lambda",
            "aws_s3_bucket.analytics_bucket",
            "data.archive_file.lambda_zips",
            "data.aws_caller_identity.current",
            "data.aws_cognito_user_pool.main",
            "random_id.bucket_suffix"
          ]
        }
      ]
    },
    {
      "mode": "managed",
      "type": "aws_lambda_permission",
      "name": "allow_cloudwatch_sync_quicksight",
      "provider": "provider[\"registry.terraform.io/hashicorp/aws\"]",
      "instances": [
        {
          "schema_version": 0,
          "attributes": {
            "action": "lambda:InvokeFunction",
            "event_source_token": null,
            "function_name": "syncquicksightusers",
            "function_url_auth_type": null,
            "id": "AllowExecutionFromCloudWatch",
            "principal": "events.amazonaws.com",
            "principal_org_id": null,
            "qualifier": "",
            "region": "us-east-1",
            "source_account": null,
            "source_arn": "arn:aws:events:us-east-1:370161336954:rule/CognitoGroupChange",
            "statement_id": "AllowExecutionFromCloudWatch",
            "statement_id_prefix": ""
          },
          "sensitive_attributes": [],
          "identity_schema_version": 0,
          "private": "bnVsbA==",
          "dependencies": [
            "aws_cloudwatch_event_rule.cognito_group_change",
            "aws_iam_role.lambda_quicksight_role",
            "aws_iam_role.lambda_role",
            "aws_lambda_function.lambda",
            "aws_s3_bucket.analytics_bucket",
            "data.archive_file.lambda_zips",
            "data.aws_caller_identity.current",
            "data.aws_cognito_user_pool.main",
            "random_id.bucket_suffix"
          ]
        }
      ]
    },
    {
      "mode": "managed",
      "type": "aws_lambda_permission",
      "name": "book_slot_permission",
      "provider": "provider[\"registry.terraform.io/hashicorp/aws\"]",
      "instances": [
        {
          "schema_version": 0,
          "attributes": {
            "action": "lambda:InvokeFunction",
            "event_source_token": null,
            "function_name": "bookslot",
            "function_url_auth_type": null,
            "id": "AllowAPIGatewayInvoke",
            "principal": "apigateway.amazonaws.com",
            "principal_org_id": null,
            "qualifier": "",
            "region": "us-east-1",
            "source_account": null,
            "source_arn": "arn:aws:execute-api:us-east-1:370161336954:l8y551ksw2/*/POST/bookings",
            "statement_id": "AllowAPIGatewayInvoke",
            "statement_id_prefix": ""
          },
          "sensitive_attributes": [],
          "identity_schema_version": 0,
          "private": "bnVsbA==",
          "dependencies": [
            "aws_api_gateway_rest_api.api",
            "aws_iam_role.lambda_quicksight_role",
            "aws_iam_role.lambda_role",
            "aws_lambda_function.lambda",
            "aws_s3_bucket.analytics_bucket",
            "data.archive_file.lambda_zips",
            "data.aws_caller_identity.current",
            "data.aws_cognito_user_pool.main",
            "random_id.bucket_suffix"
          ]
        }
      ]
    },
    {
      "mode": "managed",
      "type": "aws_lambda_permission",
      "name": "cancel_booking_permission",
      "provider": "provider[\"registry.terraform.io/hashicorp/aws\"]",
      "instances": [
        {
          "schema_version": 0,
          "attributes": {
            "action": "lambda:InvokeFunction",
            "event_source_token": null,
            "function_name": "cancelbooking",
            "function_url_auth_type": null,
            "id": "AllowAPIGatewayInvoke",
            "principal": "apigateway.amazonaws.com",
            "principal_org_id": null,
            "qualifier": "",
            "region": "us-east-1",
            "source_account": null,
            "source_arn": "arn:aws:execute-api:us-east-1:370161336954:l8y551ksw2/*/DELETE/bookings",
            "statement_id": "AllowAPIGatewayInvoke",
            "statement_id_prefix": ""
          },
          "sensitive_attributes": [],
          "identity_schema_version": 0,
          "private": "bnVsbA==",
          "dependencies": [
            "aws_api_gateway_rest_api.api",
            "aws_iam_role.lambda_quicksight_role",
            "aws_iam_role.lambda_role",
            "aws_lambda_function.lambda",
            "aws_s3_bucket.analytics_bucket",
            "data.archive_file.lambda_zips",
            "data.aws_caller_identity.current",
            "data.aws_cognito_user_pool.main",
            "random_id.bucket_suffix"
          ]
        }
      ]
    },
    {
      "mode": "managed",
      "type": "aws_lambda_permission",
      "name": "get_availability_permission",
      "provider": "provider[\"registry.terraform.io/hashicorp/aws\"]",
      "instances": [
        {
          "schema_version": 0,
          "attributes": {
            "action": "lambda:InvokeFunction",
            "event_source_token": null,
            "function_name": "getavailability",
            "function_url_auth_type": null,
            "id": "AllowAPIGatewayInvoke",
            "principal": "apigateway.amazonaws.com",
            "principal_org_id": null,
            "qualifier": "",
            "region": "us-east-1",
            "source_account": null,
            "source_arn": "arn:aws:execute-api:us-east-1:370161336954:l8y551ksw2/*/GET/availability",
            "statement_id": "AllowAPIGatewayInvoke",
            "statement_id_prefix": ""
          },
          "sensitive_attributes": [],
          "identity_schema_version": 0,
          "private": "bnVsbA==",
          "dependencies": [
            "aws_api_gateway_rest_api.api",
            "aws_iam_role.lambda_quicksight_role",
            "aws_iam_role.lambda_role",
            "aws_lambda_function.lambda",
            "aws_s3_bucket.analytics_bucket",
            "data.archive_file.lambda_zips",
            "data.aws_caller_identity.current",
            "data.aws_cognito_user_pool.main",
            "random_id.bucket_suffix"
          ]
        }
      ]
    },
    {
      "mode": "managed",
      "type": "aws_lambda_permission",
      "name": "get_bookings_permission",
      "provider": "provider[\"registry.terraform.io/hashicorp/aws\"]",
      "instances": [
        {
          "schema_version": 0,
          "attributes": {
            "action": "lambda:InvokeFunction",
            "event_source_token": null,
            "function_name": "getbookings",
            "function_url_auth_type": null,
            "id": "AllowAPIGatewayInvoke",
            "principal": "apigateway.amazonaws.com",
            "principal_org_id": null,
            "qualifier": "",
            "region": "us-east-1",
            "source_account": null,
            "source_arn": "arn:aws:execute-api:us-east-1:370161336954:l8y551ksw2/*/GET/bookings",
            "statement_id": "AllowAPIGatewayInvoke",
            "statement_id_prefix": ""
          },
          "sensitive_attributes": [],
          "identity_schema_version": 0,
          "private": "bnVsbA==",
          "dependencies": [
            "aws_api_gateway_rest_api.api",
            "aws_iam_role.lambda_quicksight_role",
            "aws_iam_role.lambda_role",
            "aws_lambda_function.lambda",
            "aws_s3_bucket.analytics_bucket",
            "data.archive_file.lambda_zips",
            "data.aws_caller_identity.current",
            "data.aws_cognito_user_pool.main",
            "random_id.bucket_suffix"
          ]
        }
      ]
    },
    {
      "mode": "managed",
      "type": "aws_lambda_permission",
      "name": "get_embed_url_permission",
      "provider": "provider[\"registry.terraform.io/hashicorp/aws\"]",
      "instances": [
        {
          "schema_version": 0,
          "attributes": {
            "action": "lambda:InvokeFunction",
            "event_source_token": null,
            "function_name": "getembedurl",
            "function_url_auth_type": null,
            "id": "AllowAPIGatewayInvoke",
            "principal": "apigateway.amazonaws.com",
            "principal_org_id": null,
            "qualifier": "",
            "region": "us-east-1",
            "source_account": null,
            "source_arn": "arn:aws:execute-api:us-east-1:370161336954:l8y551ksw2/*/GET/embed-url",
            "statement_id": "AllowAPIGatewayInvoke",
            "statement_id_prefix": ""
          },
          "sensitive_attributes": [],
          "identity_schema_version": 0,
          "private": "bnVsbA==",
          "dependencies": [
            "aws_api_gateway_rest_api.api",
            "aws_iam_role.lambda_quicksight_role",
            "aws_iam_role.lambda_role",
            "aws_lambda_function.lambda",
            "aws_s3_bucket.analytics_bucket",
            "data.archive_file.lambda_zips",
            "data.aws_caller_identity.current",
            "data.aws_cognito_user_pool.main",
            "random_id.bucket_suffix"
          ]
        }
      ]
    },
    {
      "mode": "managed",
      "type": "aws_lambda_permission",
      "name": "update_availability_permission",
      "provider": "provider[\"registry.terraform.io/hashicorp/aws\"]",
      "instances": [
        {
          "schema_version": 0,
          "attributes": {
            "action": "lambda:InvokeFunction",
            "event_source_token": null,
            "function_name": "updateavailability",
            "function_url_auth_type": null,
            "id": "AllowAPIGatewayInvoke",
            "principal": "apigateway.amazonaws.com",
            "principal_org_id": null,
            "qualifier": "",
            "region": "us-east-1",
            "source_account": null,
            "source_arn": "arn:aws:execute-api:us-east-1:370161336954:l8y551ksw2/*/PUT/availability",
            "statement_id": "AllowAPIGatewayInvoke",
            "statement_id_prefix": ""
          },
          "sensitive_attributes": [],
          "identity_schema_version": 0,
          "private": "bnVsbA==",
          "dependencies": [
            "aws_api_gateway_rest_api.api",
            "aws_iam_role.lambda_quicksight_role",
            "aws_iam_role.lambda_role",
            "aws_lambda_function.lambda",
            "aws_s3_bucket.analytics_bucket",
            "data.archive_file.lambda_zips",
            "data.aws_caller_identity.current",
            "data.aws_cognito_user_pool.main",
            "random_id.bucket_suffix"
          ]
        }
      ]
    },
    {
      "mode": "managed",
      "type": "aws_s3_bucket",
      "name": "analytics_bucket",
      "provider": "provider[\"registry.terraform.io/hashicorp/aws\"]",
      "instances": [
        {
          "schema_version": 0,
          "attributes": {
            "acceleration_status": "",
            "acl": null,
            "arn": "arn:aws:s3:::dalscooter-dynamodb-exports-370161336954-19eaa5dd",
            "bucket": "dalscooter-dynamodb-exports-370161336954-19eaa5dd",
            "bucket_domain_name": "dalscooter-dynamodb-exports-370161336954-19eaa5dd.s3.amazonaws.com",
            "bucket_prefix": "",
            "bucket_region": "us-east-1",
            "bucket_regional_domain_name": "dalscooter-dynamodb-exports-370161336954-19eaa5dd.s3.us-east-1.amazonaws.com",
            "cors_rule": [],
            "force_destroy": false,
            "grant": [
              {
                "id": "4c58b61ac583f1d6cb7d97afa03547b6639453215be447e57c2ca112ca59e3c2",
                "permissions": [
                  "FULL_CONTROL"
                ],
                "type": "CanonicalUser",
                "uri": ""
              }
            ],
            "hosted_zone_id": "Z3AQBSTGFYJSTF",
            "id": "dalscooter-dynamodb-exports-370161336954-19eaa5dd",
            "lifecycle_rule": [],
            "logging": [],
            "object_lock_configuration": [],
            "object_lock_enabled": false,
            "policy": "",
            "region": "us-east-1",
            "replication_configuration": [],
            "request_payer": "BucketOwner",
            "server_side_encryption_configuration": [
              {
                "rule": [
                  {
                    "apply_server_side_encryption_by_default": [
                      {
                        "kms_master_key_id": "",
                        "sse_algorithm": "AES256"
                      }
                    ],
                    "bucket_key_enabled": false
                  }
                ]
              }
            ],
            "tags": {},
            "tags_all": {},
            "timeouts": null,
            "versioning": [
              {
                "enabled": false,
                "mfa_delete": false
              }
            ],
            "website": [],
            "website_domain": null,
            "website_endpoint": null
          },
          "sensitive_attributes": [],
          "identity_schema_version": 0,
          "identity": {
            "account_id": "370161336954",
            "bucket": "dalscooter-dynamodb-exports-370161336954-19eaa5dd",
            "region": "us-east-1"
          },
          "private": "eyJlMmJmYjczMC1lY2FhLTExZTYtOGY4OC0zNDM2M2JjN2M0YzAiOnsiY3JlYXRlIjoxMjAwMDAwMDAwMDAwLCJkZWxldGUiOjM2MDAwMDAwMDAwMDAsInJlYWQiOjEyMDAwMDAwMDAwMDAsInVwZGF0ZSI6MTIwMDAwMDAwMDAwMH19",
          "dependencies": [
            "random_id.bucket_suffix"
          ],
          "create_before_destroy": true
        }
      ]
    },
    {
      "mode": "managed",
      "type": "random_id",
      "name": "bucket_suffix",
      "provider": "provider[\"registry.terraform.io/hashicorp/random\"]",
      "instances": [
        {
          "schema_version": 0,
          "attributes": {
            "b64_std": "Geql3Q==",
            "b64_url": "Geql3Q",
            "byte_length": 4,
            "dec": "434808285",
            "hex": "19eaa5dd",
            "id": "Geql3Q",
            "keepers": null,
            "prefix": null
          },
          "sensitive_attributes": [],
          "identity_schema_version": 0,
          "create_before_destroy": true
        }
      ]
    }
  ],
  "check_results": null
}
